// !$*UTF8*$!
{
	archiveVersion = 1;
	classes = {
	};
	objectVersion = 56;
	objects = {

/* Begin PBXBuildFile section */
		BC0932702C1A8F5200D3F8CB /* BasicButtonTheme.swift in Sources */ = {isa = PBXBuildFile; fileRef = BC09324E2C1A8F5200D3F8CB /* BasicButtonTheme.swift */; };
		BC0932712C1A8F5200D3F8CB /* ButtonTheme.swift in Sources */ = {isa = PBXBuildFile; fileRef = BC0932502C1A8F5200D3F8CB /* ButtonTheme.swift */; };
		BC0932722C1A8F5200D3F8CB /* ButtonThemeType.swift in Sources */ = {isa = PBXBuildFile; fileRef = BC0932512C1A8F5200D3F8CB /* ButtonThemeType.swift */; };
		BC0932732C1A8F5200D3F8CB /* ButtonColor.swift in Sources */ = {isa = PBXBuildFile; fileRef = BC0932532C1A8F5200D3F8CB /* ButtonColor.swift */; };
		BC0932742C1A8F5200D3F8CB /* ButtonState.swift in Sources */ = {isa = PBXBuildFile; fileRef = BC0932542C1A8F5200D3F8CB /* ButtonState.swift */; };
		BC0932752C1A8F5200D3F8CB /* ButtonVariant.swift in Sources */ = {isa = PBXBuildFile; fileRef = BC0932552C1A8F5200D3F8CB /* ButtonVariant.swift */; };
		BC0932762C1A8F5200D3F8CB /* ButtonShape.swift in Sources */ = {isa = PBXBuildFile; fileRef = BC0932572C1A8F5200D3F8CB /* ButtonShape.swift */; };
		BC0932772C1A8F5200D3F8CB /* ButtonSize.swift in Sources */ = {isa = PBXBuildFile; fileRef = BC0932582C1A8F5200D3F8CB /* ButtonSize.swift */; };
		BC0932782C1A8F5200D3F8CB /* ButtonStyleMaker.swift in Sources */ = {isa = PBXBuildFile; fileRef = BC09325A2C1A8F5200D3F8CB /* ButtonStyleMaker.swift */; };
		BC0932792C1A8F5200D3F8CB /* Button+Extension.swift in Sources */ = {isa = PBXBuildFile; fileRef = BC09325B2C1A8F5200D3F8CB /* Button+Extension.swift */; };
		BC09327A2C1A8F5200D3F8CB /* BackButton+Extension.swift in Sources */ = {isa = PBXBuildFile; fileRef = BC09325D2C1A8F5200D3F8CB /* BackButton+Extension.swift */; };
		BC09327B2C1A8F5200D3F8CB /* Frame+Extension.swift in Sources */ = {isa = PBXBuildFile; fileRef = BC09325E2C1A8F5200D3F8CB /* Frame+Extension.swift */; };
		BC09327C2C1A8F5200D3F8CB /* Keyboard+Extension.swift in Sources */ = {isa = PBXBuildFile; fileRef = BC09325F2C1A8F5200D3F8CB /* Keyboard+Extension.swift */; };
		BC09327F2C1A8F5200D3F8CB /* Preview Assets.xcassets in Resources */ = {isa = PBXBuildFile; fileRef = BC0932642C1A8F5200D3F8CB /* Preview Assets.xcassets */; };
		BC0932832C1A8F5200D3F8CB /* ContentView.swift in Sources */ = {isa = PBXBuildFile; fileRef = BC09326A2C1A8F5200D3F8CB /* ContentView.swift */; };
		BC0932852C1A8F5200D3F8CB /* DesignSystemApp.swift in Sources */ = {isa = PBXBuildFile; fileRef = BC09326D2C1A8F5200D3F8CB /* DesignSystemApp.swift */; };
		BC0932862C1A8F5200D3F8CB /* PrimitiveType+Extension.swift in Sources */ = {isa = PBXBuildFile; fileRef = BC09326E2C1A8F5200D3F8CB /* PrimitiveType+Extension.swift */; };
		BC0932882C1A8F7900D3F8CB /* Assets.xcassets in Resources */ = {isa = PBXBuildFile; fileRef = BC0932872C1A8F7900D3F8CB /* Assets.xcassets */; };
		BC09328A2C1A907B00D3F8CB /* ButtonBookView.swift in Sources */ = {isa = PBXBuildFile; fileRef = BC0932892C1A907B00D3F8CB /* ButtonBookView.swift */; };
		BC09328C2C1A9C1A00D3F8CB /* .swiftlint.yml in Resources */ = {isa = PBXBuildFile; fileRef = BC09328B2C1A9C1A00D3F8CB /* .swiftlint.yml */; };
		BC09328F2C1AA13D00D3F8CB /* .gitignore in Resources */ = {isa = PBXBuildFile; fileRef = BC09328E2C1AA13D00D3F8CB /* .gitignore */; };
		BC0932912C1AA4B300D3F8CB /* AnyShape.swift in Sources */ = {isa = PBXBuildFile; fileRef = BC0932902C1AA4B300D3F8CB /* AnyShape.swift */; };
		BC0932942C1AB2BB00D3F8CB /* CheckboxStyleMaker.swift in Sources */ = {isa = PBXBuildFile; fileRef = BC0932932C1AB2BB00D3F8CB /* CheckboxStyleMaker.swift */; };
		BC0932962C1ABF7000D3F8CB /* CheckboxBookView.swift in Sources */ = {isa = PBXBuildFile; fileRef = BC0932952C1ABF7000D3F8CB /* CheckboxBookView.swift */; };
		BC0932992C1AC14000D3F8CB /* Checkbox+Extension.swift in Sources */ = {isa = PBXBuildFile; fileRef = BC0932982C1AC14000D3F8CB /* Checkbox+Extension.swift */; };
		BC09329B2C1AC8E200D3F8CB /* CheckboxTheme.swift in Sources */ = {isa = PBXBuildFile; fileRef = BC09329A2C1AC8E200D3F8CB /* CheckboxTheme.swift */; };
		BC09329F2C1ACA1200D3F8CB /* CheckboxThemeType.swift in Sources */ = {isa = PBXBuildFile; fileRef = BC09329E2C1ACA1200D3F8CB /* CheckboxThemeType.swift */; };
		BC0932A12C1ACCA100D3F8CB /* CheckboxShape.swift in Sources */ = {isa = PBXBuildFile; fileRef = BC0932A02C1ACCA100D3F8CB /* CheckboxShape.swift */; };
		BC0932A32C1ACCAC00D3F8CB /* CheckboxColor.swift in Sources */ = {isa = PBXBuildFile; fileRef = BC0932A22C1ACCAC00D3F8CB /* CheckboxColor.swift */; };
		BC0932A82C1AD3F500D3F8CB /* BasicCheckboxTheme.swift in Sources */ = {isa = PBXBuildFile; fileRef = BC0932A72C1AD3F400D3F8CB /* BasicCheckboxTheme.swift */; };
		BC0932AA2C1AD4DC00D3F8CB /* CheckboxState.swift in Sources */ = {isa = PBXBuildFile; fileRef = BC0932A92C1AD4DC00D3F8CB /* CheckboxState.swift */; };
/* End PBXBuildFile section */

/* Begin PBXFileReference section */
		BC09324E2C1A8F5200D3F8CB /* BasicButtonTheme.swift */ = {isa = PBXFileReference; fileEncoding = 4; lastKnownFileType = sourcecode.swift; path = BasicButtonTheme.swift; sourceTree = "<group>"; };
		BC0932502C1A8F5200D3F8CB /* ButtonTheme.swift */ = {isa = PBXFileReference; fileEncoding = 4; lastKnownFileType = sourcecode.swift; path = ButtonTheme.swift; sourceTree = "<group>"; };
		BC0932512C1A8F5200D3F8CB /* ButtonThemeType.swift */ = {isa = PBXFileReference; fileEncoding = 4; lastKnownFileType = sourcecode.swift; path = ButtonThemeType.swift; sourceTree = "<group>"; };
		BC0932532C1A8F5200D3F8CB /* ButtonColor.swift */ = {isa = PBXFileReference; fileEncoding = 4; lastKnownFileType = sourcecode.swift; path = ButtonColor.swift; sourceTree = "<group>"; };
		BC0932542C1A8F5200D3F8CB /* ButtonState.swift */ = {isa = PBXFileReference; fileEncoding = 4; lastKnownFileType = sourcecode.swift; path = ButtonState.swift; sourceTree = "<group>"; };
		BC0932552C1A8F5200D3F8CB /* ButtonVariant.swift */ = {isa = PBXFileReference; fileEncoding = 4; lastKnownFileType = sourcecode.swift; path = ButtonVariant.swift; sourceTree = "<group>"; };
		BC0932572C1A8F5200D3F8CB /* ButtonShape.swift */ = {isa = PBXFileReference; fileEncoding = 4; lastKnownFileType = sourcecode.swift; path = ButtonShape.swift; sourceTree = "<group>"; };
		BC0932582C1A8F5200D3F8CB /* ButtonSize.swift */ = {isa = PBXFileReference; fileEncoding = 4; lastKnownFileType = sourcecode.swift; path = ButtonSize.swift; sourceTree = "<group>"; };
		BC09325A2C1A8F5200D3F8CB /* ButtonStyleMaker.swift */ = {isa = PBXFileReference; fileEncoding = 4; lastKnownFileType = sourcecode.swift; path = ButtonStyleMaker.swift; sourceTree = "<group>"; };
		BC09325B2C1A8F5200D3F8CB /* Button+Extension.swift */ = {isa = PBXFileReference; fileEncoding = 4; lastKnownFileType = sourcecode.swift; path = "Button+Extension.swift"; sourceTree = "<group>"; };
		BC09325D2C1A8F5200D3F8CB /* BackButton+Extension.swift */ = {isa = PBXFileReference; fileEncoding = 4; lastKnownFileType = sourcecode.swift; path = "BackButton+Extension.swift"; sourceTree = "<group>"; };
		BC09325E2C1A8F5200D3F8CB /* Frame+Extension.swift */ = {isa = PBXFileReference; fileEncoding = 4; lastKnownFileType = sourcecode.swift; path = "Frame+Extension.swift"; sourceTree = "<group>"; };
		BC09325F2C1A8F5200D3F8CB /* Keyboard+Extension.swift */ = {isa = PBXFileReference; fileEncoding = 4; lastKnownFileType = sourcecode.swift; path = "Keyboard+Extension.swift"; sourceTree = "<group>"; };
		BC0932642C1A8F5200D3F8CB /* Preview Assets.xcassets */ = {isa = PBXFileReference; lastKnownFileType = folder.assetcatalog; path = "Preview Assets.xcassets"; sourceTree = "<group>"; };
		BC09326A2C1A8F5200D3F8CB /* ContentView.swift */ = {isa = PBXFileReference; fileEncoding = 4; lastKnownFileType = sourcecode.swift; path = ContentView.swift; sourceTree = "<group>"; };
		BC09326D2C1A8F5200D3F8CB /* DesignSystemApp.swift */ = {isa = PBXFileReference; fileEncoding = 4; lastKnownFileType = sourcecode.swift; path = DesignSystemApp.swift; sourceTree = "<group>"; };
		BC09326E2C1A8F5200D3F8CB /* PrimitiveType+Extension.swift */ = {isa = PBXFileReference; fileEncoding = 4; lastKnownFileType = sourcecode.swift; path = "PrimitiveType+Extension.swift"; sourceTree = "<group>"; };
		BC0932872C1A8F7900D3F8CB /* Assets.xcassets */ = {isa = PBXFileReference; lastKnownFileType = folder.assetcatalog; path = Assets.xcassets; sourceTree = "<group>"; };
		BC0932892C1A907B00D3F8CB /* ButtonBookView.swift */ = {isa = PBXFileReference; lastKnownFileType = sourcecode.swift; path = ButtonBookView.swift; sourceTree = "<group>"; };
		BC09328B2C1A9C1A00D3F8CB /* .swiftlint.yml */ = {isa = PBXFileReference; fileEncoding = 4; lastKnownFileType = text.yaml; path = .swiftlint.yml; sourceTree = "<group>"; };
		BC09328E2C1AA13D00D3F8CB /* .gitignore */ = {isa = PBXFileReference; fileEncoding = 4; lastKnownFileType = text; path = .gitignore; sourceTree = "<group>"; };
		BC0932902C1AA4B300D3F8CB /* AnyShape.swift */ = {isa = PBXFileReference; lastKnownFileType = sourcecode.swift; path = AnyShape.swift; sourceTree = "<group>"; };
		BC0932932C1AB2BB00D3F8CB /* CheckboxStyleMaker.swift */ = {isa = PBXFileReference; lastKnownFileType = sourcecode.swift; path = CheckboxStyleMaker.swift; sourceTree = "<group>"; };
		BC0932952C1ABF7000D3F8CB /* CheckboxBookView.swift */ = {isa = PBXFileReference; lastKnownFileType = sourcecode.swift; path = CheckboxBookView.swift; sourceTree = "<group>"; };
		BC0932982C1AC14000D3F8CB /* Checkbox+Extension.swift */ = {isa = PBXFileReference; lastKnownFileType = sourcecode.swift; path = "Checkbox+Extension.swift"; sourceTree = "<group>"; };
		BC09329A2C1AC8E200D3F8CB /* CheckboxTheme.swift */ = {isa = PBXFileReference; lastKnownFileType = sourcecode.swift; path = CheckboxTheme.swift; sourceTree = "<group>"; };
		BC09329E2C1ACA1200D3F8CB /* CheckboxThemeType.swift */ = {isa = PBXFileReference; lastKnownFileType = sourcecode.swift; path = CheckboxThemeType.swift; sourceTree = "<group>"; };
		BC0932A02C1ACCA100D3F8CB /* CheckboxShape.swift */ = {isa = PBXFileReference; lastKnownFileType = sourcecode.swift; path = CheckboxShape.swift; sourceTree = "<group>"; };
		BC0932A22C1ACCAC00D3F8CB /* CheckboxColor.swift */ = {isa = PBXFileReference; lastKnownFileType = sourcecode.swift; path = CheckboxColor.swift; sourceTree = "<group>"; };
		BC0932A72C1AD3F400D3F8CB /* BasicCheckboxTheme.swift */ = {isa = PBXFileReference; lastKnownFileType = sourcecode.swift; path = BasicCheckboxTheme.swift; sourceTree = "<group>"; };
		BC0932A92C1AD4DC00D3F8CB /* CheckboxState.swift */ = {isa = PBXFileReference; lastKnownFileType = sourcecode.swift; path = CheckboxState.swift; sourceTree = "<group>"; };
		BC9046B52C1A8EA40038970D /* DesignSystemBookApp.app */ = {isa = PBXFileReference; explicitFileType = wrapper.application; includeInIndex = 0; path = DesignSystemBookApp.app; sourceTree = BUILT_PRODUCTS_DIR; };
/* End PBXFileReference section */

/* Begin PBXFrameworksBuildPhase section */
		BC9046B22C1A8EA40038970D /* Frameworks */ = {
			isa = PBXFrameworksBuildPhase;
			buildActionMask = 2147483647;
			files = (
			);
			runOnlyForDeploymentPostprocessing = 0;
		};
/* End PBXFrameworksBuildPhase section */

/* Begin PBXGroup section */
		BC09324F2C1A8F5200D3F8CB /* Basic */ = {
			isa = PBXGroup;
			children = (
				BC09324E2C1A8F5200D3F8CB /* BasicButtonTheme.swift */,
			);
			path = Basic;
			sourceTree = "<group>";
		};
		BC0932522C1A8F5200D3F8CB /* Theme */ = {
			isa = PBXGroup;
			children = (
				BC09324F2C1A8F5200D3F8CB /* Basic */,
				BC0932502C1A8F5200D3F8CB /* ButtonTheme.swift */,
				BC0932512C1A8F5200D3F8CB /* ButtonThemeType.swift */,
			);
			path = Theme;
			sourceTree = "<group>";
		};
		BC0932592C1A8F5200D3F8CB /* Token */ = {
			isa = PBXGroup;
			children = (
				BC0932532C1A8F5200D3F8CB /* ButtonColor.swift */,
				BC0932542C1A8F5200D3F8CB /* ButtonState.swift */,
				BC0932552C1A8F5200D3F8CB /* ButtonVariant.swift */,
				BC0932572C1A8F5200D3F8CB /* ButtonShape.swift */,
				BC0932582C1A8F5200D3F8CB /* ButtonSize.swift */,
			);
			path = Token;
			sourceTree = "<group>";
		};
		BC09325C2C1A8F5200D3F8CB /* Button */ = {
			isa = PBXGroup;
			children = (
				BC0932592C1A8F5200D3F8CB /* Token */,
				BC0932522C1A8F5200D3F8CB /* Theme */,
				BC09325A2C1A8F5200D3F8CB /* ButtonStyleMaker.swift */,
				BC09325B2C1A8F5200D3F8CB /* Button+Extension.swift */,
			);
			path = Button;
			sourceTree = "<group>";
		};
		BC0932602C1A8F5200D3F8CB /* Util */ = {
			isa = PBXGroup;
			children = (
				BC09325D2C1A8F5200D3F8CB /* BackButton+Extension.swift */,
				BC09325E2C1A8F5200D3F8CB /* Frame+Extension.swift */,
				BC09325F2C1A8F5200D3F8CB /* Keyboard+Extension.swift */,
				BC0932902C1AA4B300D3F8CB /* AnyShape.swift */,
			);
			path = Util;
			sourceTree = "<group>";
		};
		BC0932632C1A8F5200D3F8CB /* SwiftUIFoundation */ = {
			isa = PBXGroup;
			children = (
				BC0932922C1AAF5500D3F8CB /* CheckBox */,
				BC09325C2C1A8F5200D3F8CB /* Button */,
				BC0932602C1A8F5200D3F8CB /* Util */,
			);
			path = SwiftUIFoundation;
			sourceTree = "<group>";
		};
		BC0932652C1A8F5200D3F8CB /* Preview Content */ = {
			isa = PBXGroup;
			children = (
				BC0932642C1A8F5200D3F8CB /* Preview Assets.xcassets */,
			);
			path = "Preview Content";
			sourceTree = "<group>";
		};
		BC09326B2C1A8F5200D3F8CB /* SwiftUIView */ = {
			isa = PBXGroup;
			children = (
				BC09326A2C1A8F5200D3F8CB /* ContentView.swift */,
				BC0932892C1A907B00D3F8CB /* ButtonBookView.swift */,
				BC0932952C1ABF7000D3F8CB /* CheckboxBookView.swift */,
			);
			path = SwiftUIView;
			sourceTree = "<group>";
		};
		BC09326F2C1A8F5200D3F8CB /* DesignSystemBookApp */ = {
			isa = PBXGroup;
			children = (
				BC09326D2C1A8F5200D3F8CB /* DesignSystemApp.swift */,
				BC09326E2C1A8F5200D3F8CB /* PrimitiveType+Extension.swift */,
				BC0932872C1A8F7900D3F8CB /* Assets.xcassets */,
				BC0932632C1A8F5200D3F8CB /* SwiftUIFoundation */,
				BC09326B2C1A8F5200D3F8CB /* SwiftUIView */,
				BC0932652C1A8F5200D3F8CB /* Preview Content */,
			);
			path = DesignSystemBookApp;
			sourceTree = "<group>";
		};
		BC0932922C1AAF5500D3F8CB /* CheckBox */ = {
			isa = PBXGroup;
			children = (
				BC09329C2C1AC8F100D3F8CB /* Token */,
				BC0932972C1AC13400D3F8CB /* Theme */,
				BC0932932C1AB2BB00D3F8CB /* CheckboxStyleMaker.swift */,
				BC0932982C1AC14000D3F8CB /* Checkbox+Extension.swift */,
			);
			path = CheckBox;
			sourceTree = "<group>";
		};
		BC0932972C1AC13400D3F8CB /* Theme */ = {
			isa = PBXGroup;
			children = (
				BC09329D2C1AC94E00D3F8CB /* Basic */,
				BC09329A2C1AC8E200D3F8CB /* CheckboxTheme.swift */,
				BC09329E2C1ACA1200D3F8CB /* CheckboxThemeType.swift */,
			);
			path = Theme;
			sourceTree = "<group>";
		};
		BC09329C2C1AC8F100D3F8CB /* Token */ = {
			isa = PBXGroup;
			children = (
				BC0932A02C1ACCA100D3F8CB /* CheckboxShape.swift */,
				BC0932A22C1ACCAC00D3F8CB /* CheckboxColor.swift */,
				BC0932A92C1AD4DC00D3F8CB /* CheckboxState.swift */,
			);
			path = Token;
			sourceTree = "<group>";
		};
		BC09329D2C1AC94E00D3F8CB /* Basic */ = {
			isa = PBXGroup;
			children = (
				BC0932A72C1AD3F400D3F8CB /* BasicCheckboxTheme.swift */,
			);
			path = Basic;
			sourceTree = "<group>";
		};
		BC9046AC2C1A8EA40038970D = {
			isa = PBXGroup;
			children = (
				BC09328E2C1AA13D00D3F8CB /* .gitignore */,
				BC09328B2C1A9C1A00D3F8CB /* .swiftlint.yml */,
				BC09326F2C1A8F5200D3F8CB /* DesignSystemBookApp */,
				BC9046B62C1A8EA40038970D /* Products */,
			);
			sourceTree = "<group>";
		};
		BC9046B62C1A8EA40038970D /* Products */ = {
			isa = PBXGroup;
			children = (
				BC9046B52C1A8EA40038970D /* DesignSystemBookApp.app */,
			);
			name = Products;
			sourceTree = "<group>";
		};
/* End PBXGroup section */

/* Begin PBXNativeTarget section */
		BC9046B42C1A8EA40038970D /* DesignSystemBookApp */ = {
			isa = PBXNativeTarget;
			buildConfigurationList = BC9046C32C1A8EA50038970D /* Build configuration list for PBXNativeTarget "DesignSystemBookApp" */;
			buildPhases = (
				BC9046B12C1A8EA40038970D /* Sources */,
				BC9046B22C1A8EA40038970D /* Frameworks */,
				BC9046B32C1A8EA40038970D /* Resources */,
				BC09328D2C1A9C2700D3F8CB /* Run Script */,
			);
			buildRules = (
			);
			dependencies = (
			);
			name = DesignSystemBookApp;
			productName = DesignSystem;
			productReference = BC9046B52C1A8EA40038970D /* DesignSystemBookApp.app */;
			productType = "com.apple.product-type.application";
		};
/* End PBXNativeTarget section */

/* Begin PBXProject section */
		BC9046AD2C1A8EA40038970D /* Project object */ = {
			isa = PBXProject;
			attributes = {
				BuildIndependentTargetsInParallel = 1;
				LastSwiftUpdateCheck = 1540;
				LastUpgradeCheck = 1540;
				TargetAttributes = {
					BC9046B42C1A8EA40038970D = {
						CreatedOnToolsVersion = 15.4;
					};
				};
			};
			buildConfigurationList = BC9046B02C1A8EA40038970D /* Build configuration list for PBXProject "DesignSystemBookApp" */;
			compatibilityVersion = "Xcode 14.0";
			developmentRegion = en;
			hasScannedForEncodings = 0;
			knownRegions = (
				en,
				Base,
			);
			mainGroup = BC9046AC2C1A8EA40038970D;
			productRefGroup = BC9046B62C1A8EA40038970D /* Products */;
			projectDirPath = "";
			projectRoot = "";
			targets = (
				BC9046B42C1A8EA40038970D /* DesignSystemBookApp */,
			);
		};
/* End PBXProject section */

/* Begin PBXResourcesBuildPhase section */
		BC9046B32C1A8EA40038970D /* Resources */ = {
			isa = PBXResourcesBuildPhase;
			buildActionMask = 2147483647;
			files = (
				BC09328F2C1AA13D00D3F8CB /* .gitignore in Resources */,
				BC09328C2C1A9C1A00D3F8CB /* .swiftlint.yml in Resources */,
				BC0932882C1A8F7900D3F8CB /* Assets.xcassets in Resources */,
				BC09327F2C1A8F5200D3F8CB /* Preview Assets.xcassets in Resources */,
			);
			runOnlyForDeploymentPostprocessing = 0;
		};
/* End PBXResourcesBuildPhase section */

/* Begin PBXShellScriptBuildPhase section */
		BC09328D2C1A9C2700D3F8CB /* Run Script */ = {
			isa = PBXShellScriptBuildPhase;
			buildActionMask = 2147483647;
			files = (
			);
			inputFileListPaths = (
			);
			inputPaths = (
			);
			name = "Run Script";
			outputFileListPaths = (
			);
			outputPaths = (
			);
			runOnlyForDeploymentPostprocessing = 0;
			shellPath = /bin/sh;
			shellScript = "if which swiftlint >/dev/null; then\n  swiftlint\nelse\n  echo \"warning: SwiftLint not installed, download from https://github.com/realm/SwiftLint\"\nfi\n";
		};
/* End PBXShellScriptBuildPhase section */

/* Begin PBXSourcesBuildPhase section */
		BC9046B12C1A8EA40038970D /* Sources */ = {
			isa = PBXSourcesBuildPhase;
			buildActionMask = 2147483647;
			files = (
				BC0932712C1A8F5200D3F8CB /* ButtonTheme.swift in Sources */,
				BC0932792C1A8F5200D3F8CB /* Button+Extension.swift in Sources */,
				BC09327C2C1A8F5200D3F8CB /* Keyboard+Extension.swift in Sources */,
				BC0932962C1ABF7000D3F8CB /* CheckboxBookView.swift in Sources */,
				BC0932742C1A8F5200D3F8CB /* ButtonState.swift in Sources */,
				BC09327A2C1A8F5200D3F8CB /* BackButton+Extension.swift in Sources */,
				BC0932772C1A8F5200D3F8CB /* ButtonSize.swift in Sources */,
				BC0932722C1A8F5200D3F8CB /* ButtonThemeType.swift in Sources */,
				BC0932852C1A8F5200D3F8CB /* DesignSystemApp.swift in Sources */,
				BC0932AA2C1AD4DC00D3F8CB /* CheckboxState.swift in Sources */,
				BC09328A2C1A907B00D3F8CB /* ButtonBookView.swift in Sources */,
				BC0932832C1A8F5200D3F8CB /* ContentView.swift in Sources */,
				BC0932912C1AA4B300D3F8CB /* AnyShape.swift in Sources */,
				BC0932992C1AC14000D3F8CB /* Checkbox+Extension.swift in Sources */,
				BC0932942C1AB2BB00D3F8CB /* CheckboxStyleMaker.swift in Sources */,
				BC0932A12C1ACCA100D3F8CB /* CheckboxShape.swift in Sources */,
				BC0932702C1A8F5200D3F8CB /* BasicButtonTheme.swift in Sources */,
				BC0932862C1A8F5200D3F8CB /* PrimitiveType+Extension.swift in Sources */,
				BC0932732C1A8F5200D3F8CB /* ButtonColor.swift in Sources */,
				BC09329F2C1ACA1200D3F8CB /* CheckboxThemeType.swift in Sources */,
				BC0932762C1A8F5200D3F8CB /* ButtonShape.swift in Sources */,
				BC0932A82C1AD3F500D3F8CB /* BasicCheckboxTheme.swift in Sources */,
				BC09329B2C1AC8E200D3F8CB /* CheckboxTheme.swift in Sources */,
				BC0932752C1A8F5200D3F8CB /* ButtonVariant.swift in Sources */,
				BC0932A32C1ACCAC00D3F8CB /* CheckboxColor.swift in Sources */,
				BC0932782C1A8F5200D3F8CB /* ButtonStyleMaker.swift in Sources */,
				BC09327B2C1A8F5200D3F8CB /* Frame+Extension.swift in Sources */,
			);
			runOnlyForDeploymentPostprocessing = 0;
		};
/* End PBXSourcesBuildPhase section */

/* Begin XCBuildConfiguration section */
		BC9046C12C1A8EA50038970D /* Debug */ = {
			isa = XCBuildConfiguration;
			buildSettings = {
				ALWAYS_SEARCH_USER_PATHS = NO;
				ASSETCATALOG_COMPILER_GENERATE_SWIFT_ASSET_SYMBOL_EXTENSIONS = YES;
				CLANG_ANALYZER_NONNULL = YES;
				CLANG_ANALYZER_NUMBER_OBJECT_CONVERSION = YES_AGGRESSIVE;
				CLANG_CXX_LANGUAGE_STANDARD = "gnu++20";
				CLANG_ENABLE_MODULES = YES;
				CLANG_ENABLE_OBJC_ARC = YES;
				CLANG_ENABLE_OBJC_WEAK = YES;
				CLANG_WARN_BLOCK_CAPTURE_AUTORELEASING = YES;
				CLANG_WARN_BOOL_CONVERSION = YES;
				CLANG_WARN_COMMA = YES;
				CLANG_WARN_CONSTANT_CONVERSION = YES;
				CLANG_WARN_DEPRECATED_OBJC_IMPLEMENTATIONS = YES;
				CLANG_WARN_DIRECT_OBJC_ISA_USAGE = YES_ERROR;
				CLANG_WARN_DOCUMENTATION_COMMENTS = YES;
				CLANG_WARN_EMPTY_BODY = YES;
				CLANG_WARN_ENUM_CONVERSION = YES;
				CLANG_WARN_INFINITE_RECURSION = YES;
				CLANG_WARN_INT_CONVERSION = YES;
				CLANG_WARN_NON_LITERAL_NULL_CONVERSION = YES;
				CLANG_WARN_OBJC_IMPLICIT_RETAIN_SELF = YES;
				CLANG_WARN_OBJC_LITERAL_CONVERSION = YES;
				CLANG_WARN_OBJC_ROOT_CLASS = YES_ERROR;
				CLANG_WARN_QUOTED_INCLUDE_IN_FRAMEWORK_HEADER = YES;
				CLANG_WARN_RANGE_LOOP_ANALYSIS = YES;
				CLANG_WARN_STRICT_PROTOTYPES = YES;
				CLANG_WARN_SUSPICIOUS_MOVE = YES;
				CLANG_WARN_UNGUARDED_AVAILABILITY = YES_AGGRESSIVE;
				CLANG_WARN_UNREACHABLE_CODE = YES;
				CLANG_WARN__DUPLICATE_METHOD_MATCH = YES;
				COPY_PHASE_STRIP = NO;
				DEBUG_INFORMATION_FORMAT = dwarf;
				ENABLE_STRICT_OBJC_MSGSEND = YES;
				ENABLE_TESTABILITY = YES;
				ENABLE_USER_SCRIPT_SANDBOXING = YES;
				GCC_C_LANGUAGE_STANDARD = gnu17;
				GCC_DYNAMIC_NO_PIC = NO;
				GCC_NO_COMMON_BLOCKS = YES;
				GCC_OPTIMIZATION_LEVEL = 0;
				GCC_PREPROCESSOR_DEFINITIONS = (
					"DEBUG=1",
					"$(inherited)",
				);
				GCC_WARN_64_TO_32_BIT_CONVERSION = YES;
				GCC_WARN_ABOUT_RETURN_TYPE = YES_ERROR;
				GCC_WARN_UNDECLARED_SELECTOR = YES;
				GCC_WARN_UNINITIALIZED_AUTOS = YES_AGGRESSIVE;
				GCC_WARN_UNUSED_FUNCTION = YES;
				GCC_WARN_UNUSED_VARIABLE = YES;
				IPHONEOS_DEPLOYMENT_TARGET = 17.5;
				LOCALIZATION_PREFERS_STRING_CATALOGS = YES;
				MTL_ENABLE_DEBUG_INFO = INCLUDE_SOURCE;
				MTL_FAST_MATH = YES;
				ONLY_ACTIVE_ARCH = YES;
				SDKROOT = iphoneos;
				SWIFT_ACTIVE_COMPILATION_CONDITIONS = "DEBUG $(inherited)";
				SWIFT_OPTIMIZATION_LEVEL = "-Onone";
			};
			name = Debug;
		};
		BC9046C22C1A8EA50038970D /* Release */ = {
			isa = XCBuildConfiguration;
			buildSettings = {
				ALWAYS_SEARCH_USER_PATHS = NO;
				ASSETCATALOG_COMPILER_GENERATE_SWIFT_ASSET_SYMBOL_EXTENSIONS = YES;
				CLANG_ANALYZER_NONNULL = YES;
				CLANG_ANALYZER_NUMBER_OBJECT_CONVERSION = YES_AGGRESSIVE;
				CLANG_CXX_LANGUAGE_STANDARD = "gnu++20";
				CLANG_ENABLE_MODULES = YES;
				CLANG_ENABLE_OBJC_ARC = YES;
				CLANG_ENABLE_OBJC_WEAK = YES;
				CLANG_WARN_BLOCK_CAPTURE_AUTORELEASING = YES;
				CLANG_WARN_BOOL_CONVERSION = YES;
				CLANG_WARN_COMMA = YES;
				CLANG_WARN_CONSTANT_CONVERSION = YES;
				CLANG_WARN_DEPRECATED_OBJC_IMPLEMENTATIONS = YES;
				CLANG_WARN_DIRECT_OBJC_ISA_USAGE = YES_ERROR;
				CLANG_WARN_DOCUMENTATION_COMMENTS = YES;
				CLANG_WARN_EMPTY_BODY = YES;
				CLANG_WARN_ENUM_CONVERSION = YES;
				CLANG_WARN_INFINITE_RECURSION = YES;
				CLANG_WARN_INT_CONVERSION = YES;
				CLANG_WARN_NON_LITERAL_NULL_CONVERSION = YES;
				CLANG_WARN_OBJC_IMPLICIT_RETAIN_SELF = YES;
				CLANG_WARN_OBJC_LITERAL_CONVERSION = YES;
				CLANG_WARN_OBJC_ROOT_CLASS = YES_ERROR;
				CLANG_WARN_QUOTED_INCLUDE_IN_FRAMEWORK_HEADER = YES;
				CLANG_WARN_RANGE_LOOP_ANALYSIS = YES;
				CLANG_WARN_STRICT_PROTOTYPES = YES;
				CLANG_WARN_SUSPICIOUS_MOVE = YES;
				CLANG_WARN_UNGUARDED_AVAILABILITY = YES_AGGRESSIVE;
				CLANG_WARN_UNREACHABLE_CODE = YES;
				CLANG_WARN__DUPLICATE_METHOD_MATCH = YES;
				COPY_PHASE_STRIP = NO;
				DEBUG_INFORMATION_FORMAT = "dwarf-with-dsym";
				ENABLE_NS_ASSERTIONS = NO;
				ENABLE_STRICT_OBJC_MSGSEND = YES;
				ENABLE_USER_SCRIPT_SANDBOXING = YES;
				GCC_C_LANGUAGE_STANDARD = gnu17;
				GCC_NO_COMMON_BLOCKS = YES;
				GCC_WARN_64_TO_32_BIT_CONVERSION = YES;
				GCC_WARN_ABOUT_RETURN_TYPE = YES_ERROR;
				GCC_WARN_UNDECLARED_SELECTOR = YES;
				GCC_WARN_UNINITIALIZED_AUTOS = YES_AGGRESSIVE;
				GCC_WARN_UNUSED_FUNCTION = YES;
				GCC_WARN_UNUSED_VARIABLE = YES;
				IPHONEOS_DEPLOYMENT_TARGET = 17.5;
				LOCALIZATION_PREFERS_STRING_CATALOGS = YES;
				MTL_ENABLE_DEBUG_INFO = NO;
				MTL_FAST_MATH = YES;
				SDKROOT = iphoneos;
				SWIFT_COMPILATION_MODE = wholemodule;
				VALIDATE_PRODUCT = YES;
			};
			name = Release;
		};
		BC9046C42C1A8EA50038970D /* Debug */ = {
			isa = XCBuildConfiguration;
			buildSettings = {
				ASSETCATALOG_COMPILER_APPICON_NAME = AppIcon;
				ASSETCATALOG_COMPILER_GLOBAL_ACCENT_COLOR_NAME = AccentColor;
				CODE_SIGN_STYLE = Automatic;
				CURRENT_PROJECT_VERSION = 1;
				DEVELOPMENT_ASSET_PATHS = "\"DesignSystemBookApp/Preview Content\"";
				DEVELOPMENT_TEAM = N8MX74Y447;
				ENABLE_PREVIEWS = YES;
				ENABLE_USER_SCRIPT_SANDBOXING = NO;
				GENERATE_INFOPLIST_FILE = YES;
				INFOPLIST_KEY_UIApplicationSceneManifest_Generation = YES;
				INFOPLIST_KEY_UIApplicationSupportsIndirectInputEvents = YES;
				INFOPLIST_KEY_UILaunchScreen_Generation = YES;
				INFOPLIST_KEY_UISupportedInterfaceOrientations_iPad = "UIInterfaceOrientationPortrait UIInterfaceOrientationPortraitUpsideDown UIInterfaceOrientationLandscapeLeft UIInterfaceOrientationLandscapeRight";
				INFOPLIST_KEY_UISupportedInterfaceOrientations_iPhone = "UIInterfaceOrientationPortrait UIInterfaceOrientationLandscapeLeft UIInterfaceOrientationLandscapeRight";
				IPHONEOS_DEPLOYMENT_TARGET = 16.0;
				LD_RUNPATH_SEARCH_PATHS = (
					"$(inherited)",
					"@executable_path/Frameworks",
				);
				MARKETING_VERSION = 1.0;
				PRODUCT_BUNDLE_IDENTIFIER = doyeon.DesignSystem;
				PRODUCT_NAME = "$(TARGET_NAME)";
				SUPPORTED_PLATFORMS = "iphoneos iphonesimulator xros xrsimulator";
				SUPPORTS_MACCATALYST = NO;
				SUPPORTS_XR_DESIGNED_FOR_IPHONE_IPAD = NO;
				SWIFT_EMIT_LOC_STRINGS = YES;
				SWIFT_VERSION = 5.0;
				TARGETED_DEVICE_FAMILY = "1,2,7";
			};
			name = Debug;
		};
		BC9046C52C1A8EA50038970D /* Release */ = {
			isa = XCBuildConfiguration;
			buildSettings = {
				ASSETCATALOG_COMPILER_APPICON_NAME = AppIcon;
				ASSETCATALOG_COMPILER_GLOBAL_ACCENT_COLOR_NAME = AccentColor;
				CODE_SIGN_STYLE = Automatic;
				CURRENT_PROJECT_VERSION = 1;
				DEVELOPMENT_ASSET_PATHS = "\"DesignSystemBookApp/Preview Content\"";
				DEVELOPMENT_TEAM = N8MX74Y447;
				ENABLE_PREVIEWS = YES;
				ENABLE_USER_SCRIPT_SANDBOXING = NO;
				GENERATE_INFOPLIST_FILE = YES;
				INFOPLIST_KEY_UIApplicationSceneManifest_Generation = YES;
				INFOPLIST_KEY_UIApplicationSupportsIndirectInputEvents = YES;
				INFOPLIST_KEY_UILaunchScreen_Generation = YES;
				INFOPLIST_KEY_UISupportedInterfaceOrientations_iPad = "UIInterfaceOrientationPortrait UIInterfaceOrientationPortraitUpsideDown UIInterfaceOrientationLandscapeLeft UIInterfaceOrientationLandscapeRight";
				INFOPLIST_KEY_UISupportedInterfaceOrientations_iPhone = "UIInterfaceOrientationPortrait UIInterfaceOrientationLandscapeLeft UIInterfaceOrientationLandscapeRight";
				IPHONEOS_DEPLOYMENT_TARGET = 16.0;
				LD_RUNPATH_SEARCH_PATHS = (
					"$(inherited)",
					"@executable_path/Frameworks",
				);
				MARKETING_VERSION = 1.0;
				PRODUCT_BUNDLE_IDENTIFIER = doyeon.DesignSystem;
				PRODUCT_NAME = "$(TARGET_NAME)";
				SUPPORTED_PLATFORMS = "iphoneos iphonesimulator xros xrsimulator";
				SUPPORTS_MACCATALYST = NO;
				SUPPORTS_XR_DESIGNED_FOR_IPHONE_IPAD = NO;
				SWIFT_EMIT_LOC_STRINGS = YES;
				SWIFT_VERSION = 5.0;
				TARGETED_DEVICE_FAMILY = "1,2,7";
			};
			name = Release;
		};
/* End XCBuildConfiguration section */

/* Begin XCConfigurationList section */
		BC9046B02C1A8EA40038970D /* Build configuration list for PBXProject "DesignSystemBookApp" */ = {
			isa = XCConfigurationList;
			buildConfigurations = (
				BC9046C12C1A8EA50038970D /* Debug */,
				BC9046C22C1A8EA50038970D /* Release */,
			);
			defaultConfigurationIsVisible = 0;
			defaultConfigurationName = Release;
		};
		BC9046C32C1A8EA50038970D /* Build configuration list for PBXNativeTarget "DesignSystemBookApp" */ = {
			isa = XCConfigurationList;
			buildConfigurations = (
				BC9046C42C1A8EA50038970D /* Debug */,
				BC9046C52C1A8EA50038970D /* Release */,
			);
			defaultConfigurationIsVisible = 0;
			defaultConfigurationName = Release;
		};
/* End XCConfigurationList section */
	};
	rootObject = BC9046AD2C1A8EA40038970D /* Project object */;
}
