// !$*UTF8*$!
{
	archiveVersion = 1;
	classes = {
	};
	objectVersion = 56;
	objects = {

/* Begin PBXBuildFile section */
		BC05D3AE2C1DCC67006C599B /* BasicTextFieldVariant.swift in Sources */ = {isa = PBXBuildFile; fileRef = BC05D3AD2C1DCC67006C599B /* BasicTextFieldVariant.swift */; };
		BC05D3B12C1DCCC6006C599B /* TextFieldAllState.swift in Sources */ = {isa = PBXBuildFile; fileRef = BC05D3B02C1DCCC6006C599B /* TextFieldAllState.swift */; };
		BC05D3B32C1DCD37006C599B /* TextFieldColorTheme.swift in Sources */ = {isa = PBXBuildFile; fileRef = BC05D3B22C1DCD37006C599B /* TextFieldColorTheme.swift */; };
		BC05D3B52C1DCD46006C599B /* BasicTextFieldSize.swift in Sources */ = {isa = PBXBuildFile; fileRef = BC05D3B42C1DCD46006C599B /* BasicTextFieldSize.swift */; };
		BC05D3B72C1DCE2F006C599B /* BasicTextFieldShape.swift in Sources */ = {isa = PBXBuildFile; fileRef = BC05D3B62C1DCE2F006C599B /* BasicTextFieldShape.swift */; };
		BC05D3B92C1DCEB1006C599B /* TextFieldFigureTheme.swift in Sources */ = {isa = PBXBuildFile; fileRef = BC05D3B82C1DCEB1006C599B /* TextFieldFigureTheme.swift */; };
		BC05D3BB2C1DCEF9006C599B /* TextFieldThemeType.swift in Sources */ = {isa = PBXBuildFile; fileRef = BC05D3BA2C1DCEF9006C599B /* TextFieldThemeType.swift */; };
		BC05D3BE2C1DCF7B006C599B /* TextField+Extension.swift in Sources */ = {isa = PBXBuildFile; fileRef = BC05D3BD2C1DCF7B006C599B /* TextField+Extension.swift */; };
		BC05D3C22C1DD3FF006C599B /* BasicTextFieldColor.swift in Sources */ = {isa = PBXBuildFile; fileRef = BC05D3C12C1DD3FF006C599B /* BasicTextFieldColor.swift */; };
		BC05D3C42C1DD4D2006C599B /* BasicTextFieldColorTheme.swift in Sources */ = {isa = PBXBuildFile; fileRef = BC05D3C32C1DD4D2006C599B /* BasicTextFieldColorTheme.swift */; };
		BC05D3C62C1DD4DC006C599B /* BasicTextFieldFigureTheme.swift in Sources */ = {isa = PBXBuildFile; fileRef = BC05D3C52C1DD4DC006C599B /* BasicTextFieldFigureTheme.swift */; };
		BC05D3C82C1DD855006C599B /* TextFieldState.swift in Sources */ = {isa = PBXBuildFile; fileRef = BC05D3C72C1DD855006C599B /* TextFieldState.swift */; };
		BC05D3CA2C1DFB15006C599B /* SwiftUIAnimationFactory.swift in Sources */ = {isa = PBXBuildFile; fileRef = BC05D3C92C1DFB15006C599B /* SwiftUIAnimationFactory.swift */; };
		BC05D3D22C1F1BA0006C599B /* BottomBorderShape.swift in Sources */ = {isa = PBXBuildFile; fileRef = BC05D3D12C1F1BA0006C599B /* BottomBorderShape.swift */; };
		BC05D3D42C1F2486006C599B /* IndividualRoundedRectangleCanvas.swift in Sources */ = {isa = PBXBuildFile; fileRef = BC05D3D32C1F2486006C599B /* IndividualRoundedRectangleCanvas.swift */; };
		BC05D3D62C1F3094006C599B /* EmptyShape.swift in Sources */ = {isa = PBXBuildFile; fileRef = BC05D3D52C1F3094006C599B /* EmptyShape.swift */; };
		BC05D3DA2C1F408C006C599B /* TextFieldCaption.swift in Sources */ = {isa = PBXBuildFile; fileRef = BC05D3D92C1F408C006C599B /* TextFieldCaption.swift */; };
		BC05D3DC2C1F41AE006C599B /* TextFieldContainer.swift in Sources */ = {isa = PBXBuildFile; fileRef = BC05D3DB2C1F41AE006C599B /* TextFieldContainer.swift */; };
		BC05D3DE2C1F4D73006C599B /* README_TEXTFIELD.md in Resources */ = {isa = PBXBuildFile; fileRef = BC05D3DD2C1F4D73006C599B /* README_TEXTFIELD.md */; };
		BC05D3E22C1FD83D006C599B /* TextFieldAffixStyleFactory.swift in Sources */ = {isa = PBXBuildFile; fileRef = BC05D3E12C1FD83D006C599B /* TextFieldAffixStyleFactory.swift */; };
		BC05D3E52C1FEB1A006C599B /* Skeleton+Extension.swift in Sources */ = {isa = PBXBuildFile; fileRef = BC05D3E42C1FEB1A006C599B /* Skeleton+Extension.swift */; };
		BC05D3E82C1FEB69006C599B /* SkeletonBook.swift in Sources */ = {isa = PBXBuildFile; fileRef = BC05D3E72C1FEB69006C599B /* SkeletonBook.swift */; };
		BC05D3EB2C200AC6006C599B /* SkeletonShiningStyleFactory.swift in Sources */ = {isa = PBXBuildFile; fileRef = BC05D3EA2C200AC6006C599B /* SkeletonShiningStyleFactory.swift */; };
		BC05D3ED2C200AEC006C599B /* SkeletonBlinkStyleFactory.swift in Sources */ = {isa = PBXBuildFile; fileRef = BC05D3EC2C200AEC006C599B /* SkeletonBlinkStyleFactory.swift */; };
		BC05D3F02C200B0E006C599B /* SkeletonVariant.swift in Sources */ = {isa = PBXBuildFile; fileRef = BC05D3EF2C200B0E006C599B /* SkeletonVariant.swift */; };
		BC05D3F22C200B15006C599B /* SkeletonState.swift in Sources */ = {isa = PBXBuildFile; fileRef = BC05D3F12C200B15006C599B /* SkeletonState.swift */; };
		BC05D3FC2C200E8A006C599B /* SkeletonThemeType.swift in Sources */ = {isa = PBXBuildFile; fileRef = BC05D3FB2C200E8A006C599B /* SkeletonThemeType.swift */; };
		BC05D3FE2C20128D006C599B /* SkeletonShape.swift in Sources */ = {isa = PBXBuildFile; fileRef = BC05D3FD2C20128D006C599B /* SkeletonShape.swift */; };
		BC05D4002C20136D006C599B /* SkeletonFigureTheme.swift in Sources */ = {isa = PBXBuildFile; fileRef = BC05D3FF2C20136D006C599B /* SkeletonFigureTheme.swift */; };
		BC05D4022C2013D2006C599B /* SkeletonColorTheme.swift in Sources */ = {isa = PBXBuildFile; fileRef = BC05D4012C2013D2006C599B /* SkeletonColorTheme.swift */; };
		BC05D4042C2013FC006C599B /* BasicSkeletonColorTheme.swift in Sources */ = {isa = PBXBuildFile; fileRef = BC05D4032C2013FC006C599B /* BasicSkeletonColorTheme.swift */; };
		BC05D4062C201405006C599B /* BasicSkeletonFigureTheme.swift in Sources */ = {isa = PBXBuildFile; fileRef = BC05D4052C201404006C599B /* BasicSkeletonFigureTheme.swift */; };
		BC05D40E2C202C91006C599B /* README_SKELETON_KR.md in Resources */ = {isa = PBXBuildFile; fileRef = BC05D40D2C202C91006C599B /* README_SKELETON_KR.md */; };
		BC05D4142C203ECB006C599B /* README_SKELETON.md in Sources */ = {isa = PBXBuildFile; fileRef = BC05D4132C203ECB006C599B /* README_SKELETON.md */; };
		BC05D4202C204171006C599B /* Typo+Extension.swift in Sources */ = {isa = PBXBuildFile; fileRef = BC05D41F2C204171006C599B /* Typo+Extension.swift */; };
		BC05D4232C20428A006C599B /* Rounded+Extension.swift in Sources */ = {isa = PBXBuildFile; fileRef = BC05D4222C20428A006C599B /* Rounded+Extension.swift */; };
		BC05D4272C204877006C599B /* BaseButton.swift in Sources */ = {isa = PBXBuildFile; fileRef = BC05D4262C204877006C599B /* BaseButton.swift */; };
		BC05D42D2C2049B5006C599B /* ButtonBookRepresentable.swift in Sources */ = {isa = PBXBuildFile; fileRef = BC05D42C2C2049B5006C599B /* ButtonBookRepresentable.swift */; };
		BC05D42F2C204AE4006C599B /* ButtonBookViewController.swift in Sources */ = {isa = PBXBuildFile; fileRef = BC05D42E2C204AE4006C599B /* ButtonBookViewController.swift */; };
		BC05D4372C204CF7006C599B /* Then in Frameworks */ = {isa = PBXBuildFile; productRef = BC05D4362C204CF7006C599B /* Then */; };
		BC05D43F2C204DC0006C599B /* BaseCollectionView.swift in Sources */ = {isa = PBXBuildFile; fileRef = BC05D4392C204DC0006C599B /* BaseCollectionView.swift */; };
		BC05D4402C204DC0006C599B /* BaseCollectionViewCell.swift in Sources */ = {isa = PBXBuildFile; fileRef = BC05D43A2C204DC0006C599B /* BaseCollectionViewCell.swift */; };
		BC05D4412C204DC0006C599B /* BaseTableViewCell.swift in Sources */ = {isa = PBXBuildFile; fileRef = BC05D43B2C204DC0006C599B /* BaseTableViewCell.swift */; };
		BC05D4422C204DC0006C599B /* BaseView.swift in Sources */ = {isa = PBXBuildFile; fileRef = BC05D43C2C204DC0006C599B /* BaseView.swift */; };
		BC05D4432C204DC0006C599B /* BaseViewController.swift in Sources */ = {isa = PBXBuildFile; fileRef = BC05D43D2C204DC0006C599B /* BaseViewController.swift */; };
		BC05D4462C204F10006C599B /* RxCocoa in Frameworks */ = {isa = PBXBuildFile; productRef = BC05D4452C204F10006C599B /* RxCocoa */; };
		BC05D4482C204F10006C599B /* RxRelay in Frameworks */ = {isa = PBXBuildFile; productRef = BC05D4472C204F10006C599B /* RxRelay */; };
		BC05D44A2C204F10006C599B /* RxSwift in Frameworks */ = {isa = PBXBuildFile; productRef = BC05D4492C204F10006C599B /* RxSwift */; };
		BC05D44C2C204F96006C599B /* WebViewController.swift in Sources */ = {isa = PBXBuildFile; fileRef = BC05D44B2C204F96006C599B /* WebViewController.swift */; };
		BC05D44F2C20562F006C599B /* SnapKit in Frameworks */ = {isa = PBXBuildFile; productRef = BC05D44E2C20562F006C599B /* SnapKit */; };
		BC05D4512C205AA2006C599B /* ColorOffset.swift in Sources */ = {isa = PBXBuildFile; fileRef = BC05D4502C205AA2006C599B /* ColorOffset.swift */; };
		BC05D4542C20AE2B006C599B /* Constant.swift in Sources */ = {isa = PBXBuildFile; fileRef = BC05D4532C20AE2B006C599B /* Constant.swift */; };
		BC05D4572C213609006C599B /* DSSapcer.swift in Sources */ = {isa = PBXBuildFile; fileRef = BC05D4562C213609006C599B /* DSSapcer.swift */; };
		BC05D4592C2144F2006C599B /* BaseButton+Extension.swift in Sources */ = {isa = PBXBuildFile; fileRef = BC05D4582C2144F2006C599B /* BaseButton+Extension.swift */; };
		BC05D5002C21B39D006C599B /* ToastBook.swift in Sources */ = {isa = PBXBuildFile; fileRef = BC05D4FF2C21B39D006C599B /* ToastBook.swift */; };
		BC05D5022C21B677006C599B /* ToastFactory.swift in Sources */ = {isa = PBXBuildFile; fileRef = BC05D5012C21B677006C599B /* ToastFactory.swift */; };
		BC05D5052C21B76A006C599B /* Toast.swift in Sources */ = {isa = PBXBuildFile; fileRef = BC05D5042C21B76A006C599B /* Toast.swift */; };
		BC05D5092C21C1CD006C599B /* ToastColorTheme.swift in Sources */ = {isa = PBXBuildFile; fileRef = BC05D5082C21C1CD006C599B /* ToastColorTheme.swift */; };
		BC05D50B2C21C1D4006C599B /* ToastFigureTheme.swift in Sources */ = {isa = PBXBuildFile; fileRef = BC05D50A2C21C1D4006C599B /* ToastFigureTheme.swift */; };
		BC05D50F2C21D822006C599B /* ToastVariant.swift in Sources */ = {isa = PBXBuildFile; fileRef = BC05D50E2C21D822006C599B /* ToastVariant.swift */; };
		BC05D5112C21D849006C599B /* ToastShape.swift in Sources */ = {isa = PBXBuildFile; fileRef = BC05D5102C21D849006C599B /* ToastShape.swift */; };
		BC05D5142C21DCA3006C599B /* BasicToastColorTheme.swift in Sources */ = {isa = PBXBuildFile; fileRef = BC05D5132C21DCA3006C599B /* BasicToastColorTheme.swift */; };
		BC05D5162C21DCB0006C599B /* BasicToastFigureTheme.swift in Sources */ = {isa = PBXBuildFile; fileRef = BC05D5152C21DCB0006C599B /* BasicToastFigureTheme.swift */; };
		BC05D5182C21E119006C599B /* ImageName.swift in Sources */ = {isa = PBXBuildFile; fileRef = BC05D5172C21E119006C599B /* ImageName.swift */; };
		BC05D51E2C21F7B1006C599B /* README_TOAST.md in Resources */ = {isa = PBXBuildFile; fileRef = BC05D51D2C21F7B1006C599B /* README_TOAST.md */; };
		BC05D5202C21F88F006C599B /* README_TOAST_KR.md in Resources */ = {isa = PBXBuildFile; fileRef = BC05D51F2C21F88F006C599B /* README_TOAST_KR.md */; };
		BC05D5222C21FA0A006C599B /* ToastAlignment.swift in Sources */ = {isa = PBXBuildFile; fileRef = BC05D5212C21FA0A006C599B /* ToastAlignment.swift */; };
		BC05D53E2C23159D006C599B /* TabViewBook.swift in Sources */ = {isa = PBXBuildFile; fileRef = BC05D53D2C23159D006C599B /* TabViewBook.swift */; };
		BC05D5492C231B5F006C599B /* Segment.swift in Sources */ = {isa = PBXBuildFile; fileRef = BC05D5482C231B5F006C599B /* Segment.swift */; };
		BC0932702C1A8F5200D3F8CB /* BasicButtonColorTheme.swift in Sources */ = {isa = PBXBuildFile; fileRef = BC09324E2C1A8F5200D3F8CB /* BasicButtonColorTheme.swift */; };
		BC0932712C1A8F5200D3F8CB /* ButtonColorTheme.swift in Sources */ = {isa = PBXBuildFile; fileRef = BC0932502C1A8F5200D3F8CB /* ButtonColorTheme.swift */; };
		BC0932722C1A8F5200D3F8CB /* ButtonThemeType.swift in Sources */ = {isa = PBXBuildFile; fileRef = BC0932512C1A8F5200D3F8CB /* ButtonThemeType.swift */; };
		BC0932732C1A8F5200D3F8CB /* BasicButtonColor.swift in Sources */ = {isa = PBXBuildFile; fileRef = BC0932532C1A8F5200D3F8CB /* BasicButtonColor.swift */; };
		BC0932742C1A8F5200D3F8CB /* ButtonState.swift in Sources */ = {isa = PBXBuildFile; fileRef = BC0932542C1A8F5200D3F8CB /* ButtonState.swift */; };
		BC0932782C1A8F5200D3F8CB /* ButtonStyleFactory.swift in Sources */ = {isa = PBXBuildFile; fileRef = BC09325A2C1A8F5200D3F8CB /* ButtonStyleFactory.swift */; };
		BC0932792C1A8F5200D3F8CB /* Button+Extension.swift in Sources */ = {isa = PBXBuildFile; fileRef = BC09325B2C1A8F5200D3F8CB /* Button+Extension.swift */; };
		BC09327A2C1A8F5200D3F8CB /* BackButton+Extension.swift in Sources */ = {isa = PBXBuildFile; fileRef = BC09325D2C1A8F5200D3F8CB /* BackButton+Extension.swift */; };
		BC09327B2C1A8F5200D3F8CB /* Frame+Extension.swift in Sources */ = {isa = PBXBuildFile; fileRef = BC09325E2C1A8F5200D3F8CB /* Frame+Extension.swift */; };
		BC09327C2C1A8F5200D3F8CB /* Keyboard+Extension.swift in Sources */ = {isa = PBXBuildFile; fileRef = BC09325F2C1A8F5200D3F8CB /* Keyboard+Extension.swift */; };
		BC09327F2C1A8F5200D3F8CB /* Preview Assets.xcassets in Resources */ = {isa = PBXBuildFile; fileRef = BC0932642C1A8F5200D3F8CB /* Preview Assets.xcassets */; };
		BC0932832C1A8F5200D3F8CB /* ContentView.swift in Sources */ = {isa = PBXBuildFile; fileRef = BC09326A2C1A8F5200D3F8CB /* ContentView.swift */; };
		BC0932852C1A8F5200D3F8CB /* DesignSystemApp.swift in Sources */ = {isa = PBXBuildFile; fileRef = BC09326D2C1A8F5200D3F8CB /* DesignSystemApp.swift */; };
		BC0932862C1A8F5200D3F8CB /* Type+Extension.swift in Sources */ = {isa = PBXBuildFile; fileRef = BC09326E2C1A8F5200D3F8CB /* Type+Extension.swift */; };
		BC0932882C1A8F7900D3F8CB /* Assets.xcassets in Resources */ = {isa = PBXBuildFile; fileRef = BC0932872C1A8F7900D3F8CB /* Assets.xcassets */; };
		BC09328C2C1A9C1A00D3F8CB /* .swiftlint.yml in Resources */ = {isa = PBXBuildFile; fileRef = BC09328B2C1A9C1A00D3F8CB /* .swiftlint.yml */; };
		BC09328F2C1AA13D00D3F8CB /* .gitignore in Resources */ = {isa = PBXBuildFile; fileRef = BC09328E2C1AA13D00D3F8CB /* .gitignore */; };
		BC0932912C1AA4B300D3F8CB /* AnyShape.swift in Sources */ = {isa = PBXBuildFile; fileRef = BC0932902C1AA4B300D3F8CB /* AnyShape.swift */; };
		BC0932962C1ABF7000D3F8CB /* CheckboxBookView.swift in Sources */ = {isa = PBXBuildFile; fileRef = BC0932952C1ABF7000D3F8CB /* CheckboxBookView.swift */; };
		BC0932BC2C1AED0600D3F8CB /* AnyView.swift in Sources */ = {isa = PBXBuildFile; fileRef = BC0932BB2C1AED0600D3F8CB /* AnyView.swift */; };
		BC0932BE2C1AF40200D3F8CB /* RadioButtonBook.swift in Sources */ = {isa = PBXBuildFile; fileRef = BC0932BD2C1AF40200D3F8CB /* RadioButtonBook.swift */; };
		BC0933E22C1B2C1A00D3F8CB /* CheckButton.swift in Sources */ = {isa = PBXBuildFile; fileRef = BC0933CC2C1B2C1A00D3F8CB /* CheckButton.swift */; };
		BC0933E32C1B2C1A00D3F8CB /* RadioGroup.swift in Sources */ = {isa = PBXBuildFile; fileRef = BC0933CE2C1B2C1A00D3F8CB /* RadioGroup.swift */; };
		BC0933E42C1B2C1A00D3F8CB /* SingleRadioButton.swift in Sources */ = {isa = PBXBuildFile; fileRef = BC0933D02C1B2C1A00D3F8CB /* SingleRadioButton.swift */; };
		BC0933E52C1B2C1A00D3F8CB /* RadioButton.swift in Sources */ = {isa = PBXBuildFile; fileRef = BC0933D22C1B2C1A00D3F8CB /* RadioButton.swift */; };
		BC0933E62C1B2C1A00D3F8CB /* BasicCheckButtonColorTheme.swift in Sources */ = {isa = PBXBuildFile; fileRef = BC0933D52C1B2C1A00D3F8CB /* BasicCheckButtonColorTheme.swift */; };
		BC0933E72C1B2C1A00D3F8CB /* BasicRadioButtonColorTheme.swift in Sources */ = {isa = PBXBuildFile; fileRef = BC0933D72C1B2C1A00D3F8CB /* BasicRadioButtonColorTheme.swift */; };
		BC0933E82C1B2C1A00D3F8CB /* ToggleButtonColorTheme.swift in Sources */ = {isa = PBXBuildFile; fileRef = BC0933D92C1B2C1A00D3F8CB /* ToggleButtonColorTheme.swift */; };
		BC0933E92C1B2C1A00D3F8CB /* ToggleButtonThemeType.swift in Sources */ = {isa = PBXBuildFile; fileRef = BC0933DA2C1B2C1A00D3F8CB /* ToggleButtonThemeType.swift */; };
		BC0933EA2C1B2C1A00D3F8CB /* BasicToggleButtonColor.swift in Sources */ = {isa = PBXBuildFile; fileRef = BC0933DC2C1B2C1A00D3F8CB /* BasicToggleButtonColor.swift */; };
		BC0933EB2C1B2C1A00D3F8CB /* BasicToggleButtonShape.swift in Sources */ = {isa = PBXBuildFile; fileRef = BC0933DD2C1B2C1A00D3F8CB /* BasicToggleButtonShape.swift */; };
		BC0933EC2C1B2C1A00D3F8CB /* ToggleButtonState.swift in Sources */ = {isa = PBXBuildFile; fileRef = BC0933DE2C1B2C1A00D3F8CB /* ToggleButtonState.swift */; };
		BC0933ED2C1B2C1A00D3F8CB /* ToggleButtonStyleFactory.swift in Sources */ = {isa = PBXBuildFile; fileRef = BC0933E02C1B2C1A00D3F8CB /* ToggleButtonStyleFactory.swift */; };
		BC0934112C1B2E1300D3F8CB /* RadioOption.swift in Sources */ = {isa = PBXBuildFile; fileRef = BC0934102C1B2E1300D3F8CB /* RadioOption.swift */; };
		BC0934132C1B34C500D3F8CB /* ClipboardHelper.swift in Sources */ = {isa = PBXBuildFile; fileRef = BC0934122C1B34C500D3F8CB /* ClipboardHelper.swift */; };
		BC18EC872C1DAFA50061599B /* TextFieldBook.swift in Sources */ = {isa = PBXBuildFile; fileRef = BC18EC862C1DAFA50061599B /* TextFieldBook.swift */; };
		BC18EC8D2C1DB1810061599B /* TextFieldStyleFactory.swift in Sources */ = {isa = PBXBuildFile; fileRef = BC18EC8C2C1DB1810061599B /* TextFieldStyleFactory.swift */; };
		BC18EC912C1DC39B0061599B /* README_BUTTON.md in Resources */ = {isa = PBXBuildFile; fileRef = BC18EC902C1DC39B0061599B /* README_BUTTON.md */; };
		BCFD537A2C1B5DCD00191F34 /* ButtonFigureTheme.swift in Sources */ = {isa = PBXBuildFile; fileRef = BCFD53792C1B5DCD00191F34 /* ButtonFigureTheme.swift */; };
		BCFD537C2C1B5E0A00191F34 /* BasicButtonFigureTheme.swift in Sources */ = {isa = PBXBuildFile; fileRef = BCFD537B2C1B5E0A00191F34 /* BasicButtonFigureTheme.swift */; };
		BCFD537F2C1B5F9D00191F34 /* GapOffset.swift in Sources */ = {isa = PBXBuildFile; fileRef = BCFD537E2C1B5F9D00191F34 /* GapOffset.swift */; };
		BCFD53832C1B628200191F34 /* RoundedOffset.swift in Sources */ = {isa = PBXBuildFile; fileRef = BCFD53822C1B628200191F34 /* RoundedOffset.swift */; };
		BCFD53852C1B656B00191F34 /* IndividualRoundedRectangle.swift in Sources */ = {isa = PBXBuildFile; fileRef = BCFD53842C1B656B00191F34 /* IndividualRoundedRectangle.swift */; };
		BCFD538B2C1B71BF00191F34 /* ToggleButtonFigureTheme.swift in Sources */ = {isa = PBXBuildFile; fileRef = BCFD538A2C1B71BF00191F34 /* ToggleButtonFigureTheme.swift */; };
		BCFD538D2C1B725600191F34 /* FrameOffset.swift in Sources */ = {isa = PBXBuildFile; fileRef = BCFD538C2C1B725600191F34 /* FrameOffset.swift */; };
		BCFD538F2C1B74BE00191F34 /* BasicToggleButtonFigureTheme.swift in Sources */ = {isa = PBXBuildFile; fileRef = BCFD538E2C1B74BE00191F34 /* BasicToggleButtonFigureTheme.swift */; };
		BCFD54582C1BE7E900191F34 /* GrayButtonColorTheme.swift in Sources */ = {isa = PBXBuildFile; fileRef = BCFD54512C1BE7E900191F34 /* GrayButtonColorTheme.swift */; };
		BCFD545B2C1BE7E900191F34 /* BasicButtonShape.swift in Sources */ = {isa = PBXBuildFile; fileRef = BCFD54542C1BE7E900191F34 /* BasicButtonShape.swift */; };
		BCFD545C2C1BE7E900191F34 /* BasicButtonSize.swift in Sources */ = {isa = PBXBuildFile; fileRef = BCFD54552C1BE7E900191F34 /* BasicButtonSize.swift */; };
		BCFD545D2C1BE7E900191F34 /* BasicButtonVariant.swift in Sources */ = {isa = PBXBuildFile; fileRef = BCFD54562C1BE7E900191F34 /* BasicButtonVariant.swift */; };
		BCFD545F2C1BECA900191F34 /* BasicButtonBook.swift in Sources */ = {isa = PBXBuildFile; fileRef = BCFD545E2C1BECA900191F34 /* BasicButtonBook.swift */; };
		BCFD54652C1BEFAC00191F34 /* GrayButtonBook.swift in Sources */ = {isa = PBXBuildFile; fileRef = BCFD54642C1BEFAC00191F34 /* GrayButtonBook.swift */; };
		BCFD54672C1BEFEA00191F34 /* GrayButtonColor.swift in Sources */ = {isa = PBXBuildFile; fileRef = BCFD54662C1BEFEA00191F34 /* GrayButtonColor.swift */; };
/* End PBXBuildFile section */

/* Begin PBXFileReference section */
		BC05D3AD2C1DCC67006C599B /* BasicTextFieldVariant.swift */ = {isa = PBXFileReference; lastKnownFileType = sourcecode.swift; path = BasicTextFieldVariant.swift; sourceTree = "<group>"; };
		BC05D3B02C1DCCC6006C599B /* TextFieldAllState.swift */ = {isa = PBXFileReference; lastKnownFileType = sourcecode.swift; path = TextFieldAllState.swift; sourceTree = "<group>"; };
		BC05D3B22C1DCD37006C599B /* TextFieldColorTheme.swift */ = {isa = PBXFileReference; lastKnownFileType = sourcecode.swift; path = TextFieldColorTheme.swift; sourceTree = "<group>"; };
		BC05D3B42C1DCD46006C599B /* BasicTextFieldSize.swift */ = {isa = PBXFileReference; lastKnownFileType = sourcecode.swift; path = BasicTextFieldSize.swift; sourceTree = "<group>"; };
		BC05D3B62C1DCE2F006C599B /* BasicTextFieldShape.swift */ = {isa = PBXFileReference; lastKnownFileType = sourcecode.swift; path = BasicTextFieldShape.swift; sourceTree = "<group>"; };
		BC05D3B82C1DCEB1006C599B /* TextFieldFigureTheme.swift */ = {isa = PBXFileReference; lastKnownFileType = sourcecode.swift; path = TextFieldFigureTheme.swift; sourceTree = "<group>"; };
		BC05D3BA2C1DCEF9006C599B /* TextFieldThemeType.swift */ = {isa = PBXFileReference; lastKnownFileType = sourcecode.swift; path = TextFieldThemeType.swift; sourceTree = "<group>"; };
		BC05D3BD2C1DCF7B006C599B /* TextField+Extension.swift */ = {isa = PBXFileReference; lastKnownFileType = sourcecode.swift; path = "TextField+Extension.swift"; sourceTree = "<group>"; };
		BC05D3C12C1DD3FF006C599B /* BasicTextFieldColor.swift */ = {isa = PBXFileReference; lastKnownFileType = sourcecode.swift; path = BasicTextFieldColor.swift; sourceTree = "<group>"; };
		BC05D3C32C1DD4D2006C599B /* BasicTextFieldColorTheme.swift */ = {isa = PBXFileReference; lastKnownFileType = sourcecode.swift; path = BasicTextFieldColorTheme.swift; sourceTree = "<group>"; };
		BC05D3C52C1DD4DC006C599B /* BasicTextFieldFigureTheme.swift */ = {isa = PBXFileReference; lastKnownFileType = sourcecode.swift; path = BasicTextFieldFigureTheme.swift; sourceTree = "<group>"; };
		BC05D3C72C1DD855006C599B /* TextFieldState.swift */ = {isa = PBXFileReference; lastKnownFileType = sourcecode.swift; path = TextFieldState.swift; sourceTree = "<group>"; };
		BC05D3C92C1DFB15006C599B /* SwiftUIAnimationFactory.swift */ = {isa = PBXFileReference; lastKnownFileType = sourcecode.swift; path = SwiftUIAnimationFactory.swift; sourceTree = "<group>"; };
		BC05D3D12C1F1BA0006C599B /* BottomBorderShape.swift */ = {isa = PBXFileReference; lastKnownFileType = sourcecode.swift; path = BottomBorderShape.swift; sourceTree = "<group>"; };
		BC05D3D32C1F2486006C599B /* IndividualRoundedRectangleCanvas.swift */ = {isa = PBXFileReference; lastKnownFileType = sourcecode.swift; path = IndividualRoundedRectangleCanvas.swift; sourceTree = "<group>"; };
		BC05D3D52C1F3094006C599B /* EmptyShape.swift */ = {isa = PBXFileReference; lastKnownFileType = sourcecode.swift; path = EmptyShape.swift; sourceTree = "<group>"; };
		BC05D3D92C1F408C006C599B /* TextFieldCaption.swift */ = {isa = PBXFileReference; lastKnownFileType = sourcecode.swift; path = TextFieldCaption.swift; sourceTree = "<group>"; };
		BC05D3DB2C1F41AE006C599B /* TextFieldContainer.swift */ = {isa = PBXFileReference; lastKnownFileType = sourcecode.swift; path = TextFieldContainer.swift; sourceTree = "<group>"; };
		BC05D3DD2C1F4D73006C599B /* README_TEXTFIELD.md */ = {isa = PBXFileReference; lastKnownFileType = net.daringfireball.markdown; path = README_TEXTFIELD.md; sourceTree = "<group>"; };
		BC05D3E12C1FD83D006C599B /* TextFieldAffixStyleFactory.swift */ = {isa = PBXFileReference; lastKnownFileType = sourcecode.swift; path = TextFieldAffixStyleFactory.swift; sourceTree = "<group>"; };
		BC05D3E42C1FEB1A006C599B /* Skeleton+Extension.swift */ = {isa = PBXFileReference; lastKnownFileType = sourcecode.swift; path = "Skeleton+Extension.swift"; sourceTree = "<group>"; };
		BC05D3E72C1FEB69006C599B /* SkeletonBook.swift */ = {isa = PBXFileReference; lastKnownFileType = sourcecode.swift; path = SkeletonBook.swift; sourceTree = "<group>"; };
		BC05D3EA2C200AC6006C599B /* SkeletonShiningStyleFactory.swift */ = {isa = PBXFileReference; lastKnownFileType = sourcecode.swift; path = SkeletonShiningStyleFactory.swift; sourceTree = "<group>"; };
		BC05D3EC2C200AEC006C599B /* SkeletonBlinkStyleFactory.swift */ = {isa = PBXFileReference; lastKnownFileType = sourcecode.swift; path = SkeletonBlinkStyleFactory.swift; sourceTree = "<group>"; };
		BC05D3EF2C200B0E006C599B /* SkeletonVariant.swift */ = {isa = PBXFileReference; lastKnownFileType = sourcecode.swift; path = SkeletonVariant.swift; sourceTree = "<group>"; };
		BC05D3F12C200B15006C599B /* SkeletonState.swift */ = {isa = PBXFileReference; lastKnownFileType = sourcecode.swift; path = SkeletonState.swift; sourceTree = "<group>"; };
		BC05D3FB2C200E8A006C599B /* SkeletonThemeType.swift */ = {isa = PBXFileReference; lastKnownFileType = sourcecode.swift; path = SkeletonThemeType.swift; sourceTree = "<group>"; };
		BC05D3FD2C20128D006C599B /* SkeletonShape.swift */ = {isa = PBXFileReference; lastKnownFileType = sourcecode.swift; path = SkeletonShape.swift; sourceTree = "<group>"; };
		BC05D3FF2C20136D006C599B /* SkeletonFigureTheme.swift */ = {isa = PBXFileReference; lastKnownFileType = sourcecode.swift; path = SkeletonFigureTheme.swift; sourceTree = "<group>"; };
		BC05D4012C2013D2006C599B /* SkeletonColorTheme.swift */ = {isa = PBXFileReference; lastKnownFileType = sourcecode.swift; path = SkeletonColorTheme.swift; sourceTree = "<group>"; };
		BC05D4032C2013FC006C599B /* BasicSkeletonColorTheme.swift */ = {isa = PBXFileReference; lastKnownFileType = sourcecode.swift; path = BasicSkeletonColorTheme.swift; sourceTree = "<group>"; };
		BC05D4052C201404006C599B /* BasicSkeletonFigureTheme.swift */ = {isa = PBXFileReference; lastKnownFileType = sourcecode.swift; path = BasicSkeletonFigureTheme.swift; sourceTree = "<group>"; };
		BC05D40D2C202C91006C599B /* README_SKELETON_KR.md */ = {isa = PBXFileReference; lastKnownFileType = net.daringfireball.markdown; path = README_SKELETON_KR.md; sourceTree = "<group>"; };
		BC05D4132C203ECB006C599B /* README_SKELETON.md */ = {isa = PBXFileReference; lastKnownFileType = net.daringfireball.markdown; path = README_SKELETON.md; sourceTree = "<group>"; };
		BC05D41F2C204171006C599B /* Typo+Extension.swift */ = {isa = PBXFileReference; fileEncoding = 4; lastKnownFileType = sourcecode.swift; path = "Typo+Extension.swift"; sourceTree = "<group>"; };
		BC05D4222C20428A006C599B /* Rounded+Extension.swift */ = {isa = PBXFileReference; lastKnownFileType = sourcecode.swift; path = "Rounded+Extension.swift"; sourceTree = "<group>"; };
		BC05D4262C204877006C599B /* BaseButton.swift */ = {isa = PBXFileReference; lastKnownFileType = sourcecode.swift; path = BaseButton.swift; sourceTree = "<group>"; };
		BC05D42C2C2049B5006C599B /* ButtonBookRepresentable.swift */ = {isa = PBXFileReference; lastKnownFileType = sourcecode.swift; path = ButtonBookRepresentable.swift; sourceTree = "<group>"; };
		BC05D42E2C204AE4006C599B /* ButtonBookViewController.swift */ = {isa = PBXFileReference; lastKnownFileType = sourcecode.swift; path = ButtonBookViewController.swift; sourceTree = "<group>"; };
		BC05D4392C204DC0006C599B /* BaseCollectionView.swift */ = {isa = PBXFileReference; fileEncoding = 4; lastKnownFileType = sourcecode.swift; path = BaseCollectionView.swift; sourceTree = "<group>"; };
		BC05D43A2C204DC0006C599B /* BaseCollectionViewCell.swift */ = {isa = PBXFileReference; fileEncoding = 4; lastKnownFileType = sourcecode.swift; path = BaseCollectionViewCell.swift; sourceTree = "<group>"; };
		BC05D43B2C204DC0006C599B /* BaseTableViewCell.swift */ = {isa = PBXFileReference; fileEncoding = 4; lastKnownFileType = sourcecode.swift; path = BaseTableViewCell.swift; sourceTree = "<group>"; };
		BC05D43C2C204DC0006C599B /* BaseView.swift */ = {isa = PBXFileReference; fileEncoding = 4; lastKnownFileType = sourcecode.swift; path = BaseView.swift; sourceTree = "<group>"; };
		BC05D43D2C204DC0006C599B /* BaseViewController.swift */ = {isa = PBXFileReference; fileEncoding = 4; lastKnownFileType = sourcecode.swift; path = BaseViewController.swift; sourceTree = "<group>"; };
		BC05D44B2C204F96006C599B /* WebViewController.swift */ = {isa = PBXFileReference; fileEncoding = 4; lastKnownFileType = sourcecode.swift; path = WebViewController.swift; sourceTree = "<group>"; };
		BC05D4502C205AA2006C599B /* ColorOffset.swift */ = {isa = PBXFileReference; lastKnownFileType = sourcecode.swift; path = ColorOffset.swift; sourceTree = "<group>"; };
		BC05D4532C20AE2B006C599B /* Constant.swift */ = {isa = PBXFileReference; lastKnownFileType = sourcecode.swift; path = Constant.swift; sourceTree = "<group>"; };
		BC05D4562C213609006C599B /* DSSapcer.swift */ = {isa = PBXFileReference; lastKnownFileType = sourcecode.swift; path = DSSapcer.swift; sourceTree = "<group>"; };
		BC05D4582C2144F2006C599B /* BaseButton+Extension.swift */ = {isa = PBXFileReference; lastKnownFileType = sourcecode.swift; path = "BaseButton+Extension.swift"; sourceTree = "<group>"; };
		BC05D4FF2C21B39D006C599B /* ToastBook.swift */ = {isa = PBXFileReference; lastKnownFileType = sourcecode.swift; path = ToastBook.swift; sourceTree = "<group>"; };
		BC05D5012C21B677006C599B /* ToastFactory.swift */ = {isa = PBXFileReference; lastKnownFileType = sourcecode.swift; path = ToastFactory.swift; sourceTree = "<group>"; };
		BC05D5042C21B76A006C599B /* Toast.swift */ = {isa = PBXFileReference; lastKnownFileType = sourcecode.swift; path = Toast.swift; sourceTree = "<group>"; };
		BC05D5082C21C1CD006C599B /* ToastColorTheme.swift */ = {isa = PBXFileReference; lastKnownFileType = sourcecode.swift; path = ToastColorTheme.swift; sourceTree = "<group>"; };
		BC05D50A2C21C1D4006C599B /* ToastFigureTheme.swift */ = {isa = PBXFileReference; lastKnownFileType = sourcecode.swift; path = ToastFigureTheme.swift; sourceTree = "<group>"; };
		BC05D50E2C21D822006C599B /* ToastVariant.swift */ = {isa = PBXFileReference; lastKnownFileType = sourcecode.swift; path = ToastVariant.swift; sourceTree = "<group>"; };
		BC05D5102C21D849006C599B /* ToastShape.swift */ = {isa = PBXFileReference; lastKnownFileType = sourcecode.swift; path = ToastShape.swift; sourceTree = "<group>"; };
		BC05D5132C21DCA3006C599B /* BasicToastColorTheme.swift */ = {isa = PBXFileReference; lastKnownFileType = sourcecode.swift; path = BasicToastColorTheme.swift; sourceTree = "<group>"; };
		BC05D5152C21DCB0006C599B /* BasicToastFigureTheme.swift */ = {isa = PBXFileReference; lastKnownFileType = sourcecode.swift; path = BasicToastFigureTheme.swift; sourceTree = "<group>"; };
		BC05D5172C21E119006C599B /* ImageName.swift */ = {isa = PBXFileReference; lastKnownFileType = sourcecode.swift; path = ImageName.swift; sourceTree = "<group>"; };
		BC05D51D2C21F7B1006C599B /* README_TOAST.md */ = {isa = PBXFileReference; lastKnownFileType = net.daringfireball.markdown; path = README_TOAST.md; sourceTree = "<group>"; };
		BC05D51F2C21F88F006C599B /* README_TOAST_KR.md */ = {isa = PBXFileReference; lastKnownFileType = net.daringfireball.markdown; path = README_TOAST_KR.md; sourceTree = "<group>"; };
		BC05D5212C21FA0A006C599B /* ToastAlignment.swift */ = {isa = PBXFileReference; lastKnownFileType = sourcecode.swift; path = ToastAlignment.swift; sourceTree = "<group>"; };
		BC05D53D2C23159D006C599B /* TabViewBook.swift */ = {isa = PBXFileReference; lastKnownFileType = sourcecode.swift; path = TabViewBook.swift; sourceTree = "<group>"; };
		BC05D5482C231B5F006C599B /* Segment.swift */ = {isa = PBXFileReference; lastKnownFileType = sourcecode.swift; path = Segment.swift; sourceTree = "<group>"; };
		BC09324E2C1A8F5200D3F8CB /* BasicButtonColorTheme.swift */ = {isa = PBXFileReference; fileEncoding = 4; lastKnownFileType = sourcecode.swift; path = BasicButtonColorTheme.swift; sourceTree = "<group>"; };
		BC0932502C1A8F5200D3F8CB /* ButtonColorTheme.swift */ = {isa = PBXFileReference; fileEncoding = 4; lastKnownFileType = sourcecode.swift; path = ButtonColorTheme.swift; sourceTree = "<group>"; };
		BC0932512C1A8F5200D3F8CB /* ButtonThemeType.swift */ = {isa = PBXFileReference; fileEncoding = 4; lastKnownFileType = sourcecode.swift; path = ButtonThemeType.swift; sourceTree = "<group>"; };
		BC0932532C1A8F5200D3F8CB /* BasicButtonColor.swift */ = {isa = PBXFileReference; fileEncoding = 4; lastKnownFileType = sourcecode.swift; path = BasicButtonColor.swift; sourceTree = "<group>"; };
		BC0932542C1A8F5200D3F8CB /* ButtonState.swift */ = {isa = PBXFileReference; fileEncoding = 4; lastKnownFileType = sourcecode.swift; path = ButtonState.swift; sourceTree = "<group>"; };
		BC09325A2C1A8F5200D3F8CB /* ButtonStyleFactory.swift */ = {isa = PBXFileReference; fileEncoding = 4; lastKnownFileType = sourcecode.swift; path = ButtonStyleFactory.swift; sourceTree = "<group>"; };
		BC09325B2C1A8F5200D3F8CB /* Button+Extension.swift */ = {isa = PBXFileReference; fileEncoding = 4; lastKnownFileType = sourcecode.swift; path = "Button+Extension.swift"; sourceTree = "<group>"; };
		BC09325D2C1A8F5200D3F8CB /* BackButton+Extension.swift */ = {isa = PBXFileReference; fileEncoding = 4; lastKnownFileType = sourcecode.swift; path = "BackButton+Extension.swift"; sourceTree = "<group>"; };
		BC09325E2C1A8F5200D3F8CB /* Frame+Extension.swift */ = {isa = PBXFileReference; fileEncoding = 4; lastKnownFileType = sourcecode.swift; path = "Frame+Extension.swift"; sourceTree = "<group>"; };
		BC09325F2C1A8F5200D3F8CB /* Keyboard+Extension.swift */ = {isa = PBXFileReference; fileEncoding = 4; lastKnownFileType = sourcecode.swift; path = "Keyboard+Extension.swift"; sourceTree = "<group>"; };
		BC0932642C1A8F5200D3F8CB /* Preview Assets.xcassets */ = {isa = PBXFileReference; lastKnownFileType = folder.assetcatalog; path = "Preview Assets.xcassets"; sourceTree = "<group>"; };
		BC09326A2C1A8F5200D3F8CB /* ContentView.swift */ = {isa = PBXFileReference; fileEncoding = 4; lastKnownFileType = sourcecode.swift; path = ContentView.swift; sourceTree = "<group>"; };
		BC09326D2C1A8F5200D3F8CB /* DesignSystemApp.swift */ = {isa = PBXFileReference; fileEncoding = 4; lastKnownFileType = sourcecode.swift; path = DesignSystemApp.swift; sourceTree = "<group>"; };
		BC09326E2C1A8F5200D3F8CB /* Type+Extension.swift */ = {isa = PBXFileReference; fileEncoding = 4; lastKnownFileType = sourcecode.swift; path = "Type+Extension.swift"; sourceTree = "<group>"; };
		BC0932872C1A8F7900D3F8CB /* Assets.xcassets */ = {isa = PBXFileReference; lastKnownFileType = folder.assetcatalog; path = Assets.xcassets; sourceTree = "<group>"; };
		BC09328B2C1A9C1A00D3F8CB /* .swiftlint.yml */ = {isa = PBXFileReference; fileEncoding = 4; lastKnownFileType = text.yaml; path = .swiftlint.yml; sourceTree = "<group>"; };
		BC09328E2C1AA13D00D3F8CB /* .gitignore */ = {isa = PBXFileReference; fileEncoding = 4; lastKnownFileType = text; path = .gitignore; sourceTree = "<group>"; };
		BC0932902C1AA4B300D3F8CB /* AnyShape.swift */ = {isa = PBXFileReference; lastKnownFileType = sourcecode.swift; path = AnyShape.swift; sourceTree = "<group>"; };
		BC0932952C1ABF7000D3F8CB /* CheckboxBookView.swift */ = {isa = PBXFileReference; lastKnownFileType = sourcecode.swift; path = CheckboxBookView.swift; sourceTree = "<group>"; };
		BC0932BB2C1AED0600D3F8CB /* AnyView.swift */ = {isa = PBXFileReference; lastKnownFileType = sourcecode.swift; path = AnyView.swift; sourceTree = "<group>"; };
		BC0932BD2C1AF40200D3F8CB /* RadioButtonBook.swift */ = {isa = PBXFileReference; lastKnownFileType = sourcecode.swift; path = RadioButtonBook.swift; sourceTree = "<group>"; };
		BC0933CC2C1B2C1A00D3F8CB /* CheckButton.swift */ = {isa = PBXFileReference; fileEncoding = 4; lastKnownFileType = sourcecode.swift; path = CheckButton.swift; sourceTree = "<group>"; };
		BC0933CE2C1B2C1A00D3F8CB /* RadioGroup.swift */ = {isa = PBXFileReference; fileEncoding = 4; lastKnownFileType = sourcecode.swift; path = RadioGroup.swift; sourceTree = "<group>"; };
		BC0933D02C1B2C1A00D3F8CB /* SingleRadioButton.swift */ = {isa = PBXFileReference; fileEncoding = 4; lastKnownFileType = sourcecode.swift; path = SingleRadioButton.swift; sourceTree = "<group>"; };
		BC0933D22C1B2C1A00D3F8CB /* RadioButton.swift */ = {isa = PBXFileReference; fileEncoding = 4; lastKnownFileType = sourcecode.swift; path = RadioButton.swift; sourceTree = "<group>"; };
		BC0933D52C1B2C1A00D3F8CB /* BasicCheckButtonColorTheme.swift */ = {isa = PBXFileReference; fileEncoding = 4; lastKnownFileType = sourcecode.swift; path = BasicCheckButtonColorTheme.swift; sourceTree = "<group>"; };
		BC0933D72C1B2C1A00D3F8CB /* BasicRadioButtonColorTheme.swift */ = {isa = PBXFileReference; fileEncoding = 4; lastKnownFileType = sourcecode.swift; path = BasicRadioButtonColorTheme.swift; sourceTree = "<group>"; };
		BC0933D92C1B2C1A00D3F8CB /* ToggleButtonColorTheme.swift */ = {isa = PBXFileReference; fileEncoding = 4; lastKnownFileType = sourcecode.swift; path = ToggleButtonColorTheme.swift; sourceTree = "<group>"; };
		BC0933DA2C1B2C1A00D3F8CB /* ToggleButtonThemeType.swift */ = {isa = PBXFileReference; fileEncoding = 4; lastKnownFileType = sourcecode.swift; path = ToggleButtonThemeType.swift; sourceTree = "<group>"; };
		BC0933DC2C1B2C1A00D3F8CB /* BasicToggleButtonColor.swift */ = {isa = PBXFileReference; fileEncoding = 4; lastKnownFileType = sourcecode.swift; path = BasicToggleButtonColor.swift; sourceTree = "<group>"; };
		BC0933DD2C1B2C1A00D3F8CB /* BasicToggleButtonShape.swift */ = {isa = PBXFileReference; fileEncoding = 4; lastKnownFileType = sourcecode.swift; path = BasicToggleButtonShape.swift; sourceTree = "<group>"; };
		BC0933DE2C1B2C1A00D3F8CB /* ToggleButtonState.swift */ = {isa = PBXFileReference; fileEncoding = 4; lastKnownFileType = sourcecode.swift; path = ToggleButtonState.swift; sourceTree = "<group>"; };
		BC0933E02C1B2C1A00D3F8CB /* ToggleButtonStyleFactory.swift */ = {isa = PBXFileReference; fileEncoding = 4; lastKnownFileType = sourcecode.swift; path = ToggleButtonStyleFactory.swift; sourceTree = "<group>"; };
		BC0934102C1B2E1300D3F8CB /* RadioOption.swift */ = {isa = PBXFileReference; lastKnownFileType = sourcecode.swift; path = RadioOption.swift; sourceTree = "<group>"; };
		BC0934122C1B34C500D3F8CB /* ClipboardHelper.swift */ = {isa = PBXFileReference; lastKnownFileType = sourcecode.swift; path = ClipboardHelper.swift; sourceTree = "<group>"; };
		BC18EC862C1DAFA50061599B /* TextFieldBook.swift */ = {isa = PBXFileReference; lastKnownFileType = sourcecode.swift; path = TextFieldBook.swift; sourceTree = "<group>"; };
		BC18EC8C2C1DB1810061599B /* TextFieldStyleFactory.swift */ = {isa = PBXFileReference; lastKnownFileType = sourcecode.swift; path = TextFieldStyleFactory.swift; sourceTree = "<group>"; };
		BC18EC902C1DC39B0061599B /* README_BUTTON.md */ = {isa = PBXFileReference; fileEncoding = 4; lastKnownFileType = net.daringfireball.markdown; path = README_BUTTON.md; sourceTree = "<group>"; };
		BC9046B52C1A8EA40038970D /* DesignSystemBookApp.app */ = {isa = PBXFileReference; explicitFileType = wrapper.application; includeInIndex = 0; path = DesignSystemBookApp.app; sourceTree = BUILT_PRODUCTS_DIR; };
		BCFD53792C1B5DCD00191F34 /* ButtonFigureTheme.swift */ = {isa = PBXFileReference; lastKnownFileType = sourcecode.swift; path = ButtonFigureTheme.swift; sourceTree = "<group>"; };
		BCFD537B2C1B5E0A00191F34 /* BasicButtonFigureTheme.swift */ = {isa = PBXFileReference; lastKnownFileType = sourcecode.swift; path = BasicButtonFigureTheme.swift; sourceTree = "<group>"; };
		BCFD537E2C1B5F9D00191F34 /* GapOffset.swift */ = {isa = PBXFileReference; lastKnownFileType = sourcecode.swift; path = GapOffset.swift; sourceTree = "<group>"; };
		BCFD53822C1B628200191F34 /* RoundedOffset.swift */ = {isa = PBXFileReference; lastKnownFileType = sourcecode.swift; path = RoundedOffset.swift; sourceTree = "<group>"; };
		BCFD53842C1B656B00191F34 /* IndividualRoundedRectangle.swift */ = {isa = PBXFileReference; lastKnownFileType = sourcecode.swift; path = IndividualRoundedRectangle.swift; sourceTree = "<group>"; };
		BCFD538A2C1B71BF00191F34 /* ToggleButtonFigureTheme.swift */ = {isa = PBXFileReference; lastKnownFileType = sourcecode.swift; path = ToggleButtonFigureTheme.swift; sourceTree = "<group>"; };
		BCFD538C2C1B725600191F34 /* FrameOffset.swift */ = {isa = PBXFileReference; lastKnownFileType = sourcecode.swift; path = FrameOffset.swift; sourceTree = "<group>"; };
		BCFD538E2C1B74BE00191F34 /* BasicToggleButtonFigureTheme.swift */ = {isa = PBXFileReference; lastKnownFileType = sourcecode.swift; path = BasicToggleButtonFigureTheme.swift; sourceTree = "<group>"; };
		BCFD54512C1BE7E900191F34 /* GrayButtonColorTheme.swift */ = {isa = PBXFileReference; fileEncoding = 4; lastKnownFileType = sourcecode.swift; path = GrayButtonColorTheme.swift; sourceTree = "<group>"; };
		BCFD54542C1BE7E900191F34 /* BasicButtonShape.swift */ = {isa = PBXFileReference; fileEncoding = 4; lastKnownFileType = sourcecode.swift; path = BasicButtonShape.swift; sourceTree = "<group>"; };
		BCFD54552C1BE7E900191F34 /* BasicButtonSize.swift */ = {isa = PBXFileReference; fileEncoding = 4; lastKnownFileType = sourcecode.swift; path = BasicButtonSize.swift; sourceTree = "<group>"; };
		BCFD54562C1BE7E900191F34 /* BasicButtonVariant.swift */ = {isa = PBXFileReference; fileEncoding = 4; lastKnownFileType = sourcecode.swift; path = BasicButtonVariant.swift; sourceTree = "<group>"; };
		BCFD545E2C1BECA900191F34 /* BasicButtonBook.swift */ = {isa = PBXFileReference; fileEncoding = 4; lastKnownFileType = sourcecode.swift; path = BasicButtonBook.swift; sourceTree = "<group>"; };
		BCFD54642C1BEFAC00191F34 /* GrayButtonBook.swift */ = {isa = PBXFileReference; lastKnownFileType = sourcecode.swift; path = GrayButtonBook.swift; sourceTree = "<group>"; };
		BCFD54662C1BEFEA00191F34 /* GrayButtonColor.swift */ = {isa = PBXFileReference; lastKnownFileType = sourcecode.swift; path = GrayButtonColor.swift; sourceTree = "<group>"; };
/* End PBXFileReference section */

/* Begin PBXFrameworksBuildPhase section */
		BC9046B22C1A8EA40038970D /* Frameworks */ = {
			isa = PBXFrameworksBuildPhase;
			buildActionMask = 2147483647;
			files = (
				BC05D44A2C204F10006C599B /* RxSwift in Frameworks */,
				BC05D4482C204F10006C599B /* RxRelay in Frameworks */,
				BC05D4372C204CF7006C599B /* Then in Frameworks */,
				BC05D4462C204F10006C599B /* RxCocoa in Frameworks */,
				BC05D44F2C20562F006C599B /* SnapKit in Frameworks */,
			);
			runOnlyForDeploymentPostprocessing = 0;
		};
/* End PBXFrameworksBuildPhase section */

/* Begin PBXGroup section */
		BC05D3AB2C1DCB6C006C599B /* TextField */ = {
			isa = PBXGroup;
			children = (
				BC05D3BD2C1DCF7B006C599B /* TextField+Extension.swift */,
				BC05D3D92C1F408C006C599B /* TextFieldCaption.swift */,
				BC05D3DB2C1F41AE006C599B /* TextFieldContainer.swift */,
			);
			path = TextField;
			sourceTree = "<group>";
		};
		BC05D3AC2C1DCB75006C599B /* SearchBar */ = {
			isa = PBXGroup;
			children = (
			);
			path = SearchBar;
			sourceTree = "<group>";
		};
		BC05D3AF2C1DCCB8006C599B /* Token */ = {
			isa = PBXGroup;
			children = (
				BC05D3C72C1DD855006C599B /* TextFieldState.swift */,
				BC05D3B02C1DCCC6006C599B /* TextFieldAllState.swift */,
			);
			path = Token;
			sourceTree = "<group>";
		};
		BC05D3CD2C1F18D1006C599B /* Offset */ = {
			isa = PBXGroup;
			children = (
				BCFD537E2C1B5F9D00191F34 /* GapOffset.swift */,
				BCFD538C2C1B725600191F34 /* FrameOffset.swift */,
				BCFD53822C1B628200191F34 /* RoundedOffset.swift */,
				BC05D4502C205AA2006C599B /* ColorOffset.swift */,
				BC05D5172C21E119006C599B /* ImageName.swift */,
			);
			path = Offset;
			sourceTree = "<group>";
		};
		BC05D3CE2C1F18D7006C599B /* Any */ = {
			isa = PBXGroup;
			children = (
				BC0932BB2C1AED0600D3F8CB /* AnyView.swift */,
				BC0932902C1AA4B300D3F8CB /* AnyShape.swift */,
			);
			path = Any;
			sourceTree = "<group>";
		};
		BC05D3CF2C1F18DB006C599B /* Shape */ = {
			isa = PBXGroup;
			children = (
				BCFD53842C1B656B00191F34 /* IndividualRoundedRectangle.swift */,
				BC05D3D12C1F1BA0006C599B /* BottomBorderShape.swift */,
				BC05D3D32C1F2486006C599B /* IndividualRoundedRectangleCanvas.swift */,
				BC05D3D52C1F3094006C599B /* EmptyShape.swift */,
			);
			path = Shape;
			sourceTree = "<group>";
		};
		BC05D3D02C1F18EC006C599B /* Animation */ = {
			isa = PBXGroup;
			children = (
				BC05D3C92C1DFB15006C599B /* SwiftUIAnimationFactory.swift */,
			);
			path = Animation;
			sourceTree = "<group>";
		};
		BC05D3E32C1FEB04006C599B /* Skeleton */ = {
			isa = PBXGroup;
			children = (
				BC05D4132C203ECB006C599B /* README_SKELETON.md */,
				BC05D40D2C202C91006C599B /* README_SKELETON_KR.md */,
				BC05D41E2C204086006C599B /* Factory */,
				BC05D3F32C200B29006C599B /* Component */,
			);
			path = Skeleton;
			sourceTree = "<group>";
		};
		BC05D3E62C1FEB54006C599B /* Skeleton */ = {
			isa = PBXGroup;
			children = (
				BC05D3E72C1FEB69006C599B /* SkeletonBook.swift */,
			);
			path = Skeleton;
			sourceTree = "<group>";
		};
		BC05D3EE2C200AFD006C599B /* Token */ = {
			isa = PBXGroup;
			children = (
				BC05D3EF2C200B0E006C599B /* SkeletonVariant.swift */,
				BC05D3FD2C20128D006C599B /* SkeletonShape.swift */,
			);
			path = Token;
			sourceTree = "<group>";
		};
		BC05D3F32C200B29006C599B /* Component */ = {
			isa = PBXGroup;
			children = (
				BC05D3E42C1FEB1A006C599B /* Skeleton+Extension.swift */,
			);
			path = Component;
			sourceTree = "<group>";
		};
		BC05D3F62C200E4D006C599B /* Theme */ = {
			isa = PBXGroup;
			children = (
				BC05D4012C2013D2006C599B /* SkeletonColorTheme.swift */,
				BC05D3FF2C20136D006C599B /* SkeletonFigureTheme.swift */,
				BC05D3FB2C200E8A006C599B /* SkeletonThemeType.swift */,
				BC05D3F82C200E5D006C599B /* Common */,
				BC05D3F72C200E59006C599B /* Basic */,
			);
			path = Theme;
			sourceTree = "<group>";
		};
		BC05D3F72C200E59006C599B /* Basic */ = {
			isa = PBXGroup;
			children = (
				BC05D4032C2013FC006C599B /* BasicSkeletonColorTheme.swift */,
				BC05D4052C201404006C599B /* BasicSkeletonFigureTheme.swift */,
				BC05D3EE2C200AFD006C599B /* Token */,
			);
			path = Basic;
			sourceTree = "<group>";
		};
		BC05D3F82C200E5D006C599B /* Common */ = {
			isa = PBXGroup;
			children = (
				BC05D3F92C200E5F006C599B /* Token */,
			);
			path = Common;
			sourceTree = "<group>";
		};
		BC05D3F92C200E5F006C599B /* Token */ = {
			isa = PBXGroup;
			children = (
				BC05D3F12C200B15006C599B /* SkeletonState.swift */,
			);
			path = Token;
			sourceTree = "<group>";
		};
		BC05D4112C203864006C599B /* Extension */ = {
			isa = PBXGroup;
			children = (
				BC09326E2C1A8F5200D3F8CB /* Type+Extension.swift */,
				BC09325D2C1A8F5200D3F8CB /* BackButton+Extension.swift */,
				BC09325E2C1A8F5200D3F8CB /* Frame+Extension.swift */,
				BC09325F2C1A8F5200D3F8CB /* Keyboard+Extension.swift */,
			);
			path = Extension;
			sourceTree = "<group>";
		};
		BC05D4122C20387C006C599B /* Helper */ = {
			isa = PBXGroup;
			children = (
				BC0934122C1B34C500D3F8CB /* ClipboardHelper.swift */,
			);
			path = Helper;
			sourceTree = "<group>";
		};
		BC05D4152C203F9B006C599B /* UIKitComponent */ = {
			isa = PBXGroup;
			children = (
				BC05D43E2C204DC0006C599B /* Base */,
				BC05D4552C2135FF006C599B /* Spacer */,
				BC05D4252C204854006C599B /* Button */,
			);
			path = UIKitComponent;
			sourceTree = "<group>";
		};
		BC05D4162C203FD5006C599B /* Foundation */ = {
			isa = PBXGroup;
			children = (
				BC05D4522C20AE20006C599B /* Constant */,
				BC05D4242C20480F006C599B /* Rounded */,
				BC05D4212C204174006C599B /* Typo */,
				BC05D53F2C2318A1006C599B /* Picker */,
				BC05D5062C21C1A6006C599B /* Toast */,
				BC05D41A2C204037006C599B /* Skeleton */,
				BC05D4192C20402F006C599B /* ToggleButton */,
				BC05D4182C204029006C599B /* TextField */,
				BC05D4172C204025006C599B /* Button */,
				BC0932602C1A8F5200D3F8CB /* Util */,
			);
			path = Foundation;
			sourceTree = "<group>";
		};
		BC05D4172C204025006C599B /* Button */ = {
			isa = PBXGroup;
			children = (
				BC0932522C1A8F5200D3F8CB /* Theme */,
			);
			path = Button;
			sourceTree = "<group>";
		};
		BC05D4182C204029006C599B /* TextField */ = {
			isa = PBXGroup;
			children = (
				BC18EC892C1DB0E20061599B /* Theme */,
			);
			path = TextField;
			sourceTree = "<group>";
		};
		BC05D4192C20402F006C599B /* ToggleButton */ = {
			isa = PBXGroup;
			children = (
				BC0933DB2C1B2C1A00D3F8CB /* Theme */,
			);
			path = ToggleButton;
			sourceTree = "<group>";
		};
		BC05D41A2C204037006C599B /* Skeleton */ = {
			isa = PBXGroup;
			children = (
				BC05D3F62C200E4D006C599B /* Theme */,
			);
			path = Skeleton;
			sourceTree = "<group>";
		};
		BC05D41B2C20406A006C599B /* Factory */ = {
			isa = PBXGroup;
			children = (
				BC09325A2C1A8F5200D3F8CB /* ButtonStyleFactory.swift */,
			);
			path = Factory;
			sourceTree = "<group>";
		};
		BC05D41C2C204073006C599B /* Factory */ = {
			isa = PBXGroup;
			children = (
				BC0933E02C1B2C1A00D3F8CB /* ToggleButtonStyleFactory.swift */,
			);
			path = Factory;
			sourceTree = "<group>";
		};
		BC05D41D2C20407B006C599B /* Factory */ = {
			isa = PBXGroup;
			children = (
				BC18EC8C2C1DB1810061599B /* TextFieldStyleFactory.swift */,
				BC05D3E12C1FD83D006C599B /* TextFieldAffixStyleFactory.swift */,
			);
			path = Factory;
			sourceTree = "<group>";
		};
		BC05D41E2C204086006C599B /* Factory */ = {
			isa = PBXGroup;
			children = (
				BC05D3EA2C200AC6006C599B /* SkeletonShiningStyleFactory.swift */,
				BC05D3EC2C200AEC006C599B /* SkeletonBlinkStyleFactory.swift */,
			);
			path = Factory;
			sourceTree = "<group>";
		};
		BC05D4212C204174006C599B /* Typo */ = {
			isa = PBXGroup;
			children = (
				BC05D41F2C204171006C599B /* Typo+Extension.swift */,
			);
			path = Typo;
			sourceTree = "<group>";
		};
		BC05D4242C20480F006C599B /* Rounded */ = {
			isa = PBXGroup;
			children = (
				BC05D4222C20428A006C599B /* Rounded+Extension.swift */,
			);
			path = Rounded;
			sourceTree = "<group>";
		};
		BC05D4252C204854006C599B /* Button */ = {
			isa = PBXGroup;
			children = (
				BC05D4262C204877006C599B /* BaseButton.swift */,
				BC05D4582C2144F2006C599B /* BaseButton+Extension.swift */,
			);
			path = Button;
			sourceTree = "<group>";
		};
		BC05D4282C2048F2006C599B /* UIKitBookView */ = {
			isa = PBXGroup;
			children = (
				BC05D42B2C20496C006C599B /* Button */,
			);
			path = UIKitBookView;
			sourceTree = "<group>";
		};
		BC05D42B2C20496C006C599B /* Button */ = {
			isa = PBXGroup;
			children = (
				BC05D42C2C2049B5006C599B /* ButtonBookRepresentable.swift */,
				BC05D42E2C204AE4006C599B /* ButtonBookViewController.swift */,
			);
			path = Button;
			sourceTree = "<group>";
		};
		BC05D43E2C204DC0006C599B /* Base */ = {
			isa = PBXGroup;
			children = (
				BC05D44B2C204F96006C599B /* WebViewController.swift */,
				BC05D4392C204DC0006C599B /* BaseCollectionView.swift */,
				BC05D43A2C204DC0006C599B /* BaseCollectionViewCell.swift */,
				BC05D43B2C204DC0006C599B /* BaseTableViewCell.swift */,
				BC05D43C2C204DC0006C599B /* BaseView.swift */,
				BC05D43D2C204DC0006C599B /* BaseViewController.swift */,
			);
			path = Base;
			sourceTree = "<group>";
		};
		BC05D4522C20AE20006C599B /* Constant */ = {
			isa = PBXGroup;
			children = (
				BC05D4532C20AE2B006C599B /* Constant.swift */,
			);
			path = Constant;
			sourceTree = "<group>";
		};
		BC05D4552C2135FF006C599B /* Spacer */ = {
			isa = PBXGroup;
			children = (
				BC05D4562C213609006C599B /* DSSapcer.swift */,
			);
			path = Spacer;
			sourceTree = "<group>";
		};
		BC05D4FD2C21A451006C599B /* DesignSystem */ = {
			isa = PBXGroup;
			children = (
				BC05D4162C203FD5006C599B /* Foundation */,
				BC05D4152C203F9B006C599B /* UIKitComponent */,
				BC0932632C1A8F5200D3F8CB /* SwiftUIComponent */,
			);
			path = DesignSystem;
			sourceTree = "<group>";
		};
		BC05D4FE2C21B390006C599B /* Toast */ = {
			isa = PBXGroup;
			children = (
				BC05D4FF2C21B39D006C599B /* ToastBook.swift */,
			);
			path = Toast;
			sourceTree = "<group>";
		};
		BC05D5032C21B74A006C599B /* Toast */ = {
			isa = PBXGroup;
			children = (
				BC05D51D2C21F7B1006C599B /* README_TOAST.md */,
				BC05D51F2C21F88F006C599B /* README_TOAST_KR.md */,
				BC05D5192C21F76C006C599B /* Factory */,
				BC05D51A2C21F773006C599B /* Component */,
			);
			path = Toast;
			sourceTree = "<group>";
		};
		BC05D5062C21C1A6006C599B /* Toast */ = {
			isa = PBXGroup;
			children = (
				BC05D5072C21C1BC006C599B /* Theme */,
			);
			path = Toast;
			sourceTree = "<group>";
		};
		BC05D5072C21C1BC006C599B /* Theme */ = {
			isa = PBXGroup;
			children = (
				BC05D5082C21C1CD006C599B /* ToastColorTheme.swift */,
				BC05D50A2C21C1D4006C599B /* ToastFigureTheme.swift */,
				BC05D5122C21DC95006C599B /* Basic */,
			);
			path = Theme;
			sourceTree = "<group>";
		};
		BC05D50C2C21C1D9006C599B /* Token */ = {
			isa = PBXGroup;
			children = (
				BC05D50E2C21D822006C599B /* ToastVariant.swift */,
				BC05D5102C21D849006C599B /* ToastShape.swift */,
				BC05D5212C21FA0A006C599B /* ToastAlignment.swift */,
			);
			path = Token;
			sourceTree = "<group>";
		};
		BC05D5122C21DC95006C599B /* Basic */ = {
			isa = PBXGroup;
			children = (
				BC05D5132C21DCA3006C599B /* BasicToastColorTheme.swift */,
				BC05D5152C21DCB0006C599B /* BasicToastFigureTheme.swift */,
				BC05D50C2C21C1D9006C599B /* Token */,
			);
			path = Basic;
			sourceTree = "<group>";
		};
		BC05D5192C21F76C006C599B /* Factory */ = {
			isa = PBXGroup;
			children = (
				BC05D5012C21B677006C599B /* ToastFactory.swift */,
			);
			path = Factory;
			sourceTree = "<group>";
		};
		BC05D51A2C21F773006C599B /* Component */ = {
			isa = PBXGroup;
			children = (
				BC05D5042C21B76A006C599B /* Toast.swift */,
			);
			path = Component;
			sourceTree = "<group>";
		};
		BC05D53C2C23158B006C599B /* Picker */ = {
			isa = PBXGroup;
			children = (
				BC05D53D2C23159D006C599B /* TabViewBook.swift */,
			);
			path = Picker;
			sourceTree = "<group>";
		};
		BC05D53F2C2318A1006C599B /* Picker */ = {
			isa = PBXGroup;
			children = (
				BC05D5402C2318B2006C599B /* Theme */,
			);
			path = Picker;
			sourceTree = "<group>";
		};
		BC05D5402C2318B2006C599B /* Theme */ = {
			isa = PBXGroup;
			children = (
				BC05D5422C2318C1006C599B /* Basic */,
			);
			path = Theme;
			sourceTree = "<group>";
		};
		BC05D5422C2318C1006C599B /* Basic */ = {
			isa = PBXGroup;
			children = (
				BC05D5432C2318C8006C599B /* Token */,
			);
			path = Basic;
			sourceTree = "<group>";
		};
		BC05D5432C2318C8006C599B /* Token */ = {
			isa = PBXGroup;
			children = (
			);
			path = Token;
			sourceTree = "<group>";
		};
		BC05D5462C2318E8006C599B /* Picker */ = {
			isa = PBXGroup;
			children = (
				BC05D5472C231B53006C599B /* Segment */,
			);
			path = Picker;
			sourceTree = "<group>";
		};
		BC05D5472C231B53006C599B /* Segment */ = {
			isa = PBXGroup;
			children = (
				BC05D5482C231B5F006C599B /* Segment.swift */,
			);
			path = Segment;
			sourceTree = "<group>";
		};
		BC09324F2C1A8F5200D3F8CB /* Basic */ = {
			isa = PBXGroup;
			children = (
				BC09324E2C1A8F5200D3F8CB /* BasicButtonColorTheme.swift */,
				BCFD537B2C1B5E0A00191F34 /* BasicButtonFigureTheme.swift */,
				BC0932592C1A8F5200D3F8CB /* Token */,
			);
			path = Basic;
			sourceTree = "<group>";
		};
		BC0932522C1A8F5200D3F8CB /* Theme */ = {
			isa = PBXGroup;
			children = (
				BC0932502C1A8F5200D3F8CB /* ButtonColorTheme.swift */,
				BCFD53792C1B5DCD00191F34 /* ButtonFigureTheme.swift */,
				BC0932512C1A8F5200D3F8CB /* ButtonThemeType.swift */,
				BCFD53802C1B5FCC00191F34 /* Common */,
				BC09324F2C1A8F5200D3F8CB /* Basic */,
				BCFD54502C1BE75600191F34 /* Gray */,
			);
			path = Theme;
			sourceTree = "<group>";
		};
		BC0932592C1A8F5200D3F8CB /* Token */ = {
			isa = PBXGroup;
			children = (
				BC0932532C1A8F5200D3F8CB /* BasicButtonColor.swift */,
				BCFD54542C1BE7E900191F34 /* BasicButtonShape.swift */,
				BCFD54552C1BE7E900191F34 /* BasicButtonSize.swift */,
				BCFD54562C1BE7E900191F34 /* BasicButtonVariant.swift */,
			);
			path = Token;
			sourceTree = "<group>";
		};
		BC09325C2C1A8F5200D3F8CB /* Button */ = {
			isa = PBXGroup;
			children = (
				BC18EC902C1DC39B0061599B /* README_BUTTON.md */,
				BC05D41B2C20406A006C599B /* Factory */,
				BCFD53892C1B6F9F00191F34 /* Component */,
			);
			path = Button;
			sourceTree = "<group>";
		};
		BC0932602C1A8F5200D3F8CB /* Util */ = {
			isa = PBXGroup;
			children = (
				BC05D4122C20387C006C599B /* Helper */,
				BC05D4112C203864006C599B /* Extension */,
				BC05D3D02C1F18EC006C599B /* Animation */,
				BC05D3CF2C1F18DB006C599B /* Shape */,
				BC05D3CE2C1F18D7006C599B /* Any */,
				BC05D3CD2C1F18D1006C599B /* Offset */,
			);
			path = Util;
			sourceTree = "<group>";
		};
		BC0932632C1A8F5200D3F8CB /* SwiftUIComponent */ = {
			isa = PBXGroup;
			children = (
				BCFD537D2C1B5F9100191F34 /* Common */,
				BC05D5462C2318E8006C599B /* Picker */,
				BC05D5032C21B74A006C599B /* Toast */,
				BC05D3E32C1FEB04006C599B /* Skeleton */,
				BC18EC882C1DB0970061599B /* TextField */,
				BC0933E12C1B2C1A00D3F8CB /* ToggleButton */,
				BC09325C2C1A8F5200D3F8CB /* Button */,
			);
			path = SwiftUIComponent;
			sourceTree = "<group>";
		};
		BC0932652C1A8F5200D3F8CB /* Preview Content */ = {
			isa = PBXGroup;
			children = (
				BC0932642C1A8F5200D3F8CB /* Preview Assets.xcassets */,
			);
			path = "Preview Content";
			sourceTree = "<group>";
		};
		BC09326B2C1A8F5200D3F8CB /* SwiftUIBookView */ = {
			isa = PBXGroup;
			children = (
				BC05D53C2C23158B006C599B /* Picker */,
				BC05D4FE2C21B390006C599B /* Toast */,
				BC05D3E62C1FEB54006C599B /* Skeleton */,
				BC18EC832C1DAF7C0061599B /* TextField */,
				BCFD54632C1BECF000191F34 /* ToggleButton */,
				BCFD54622C1BECEA00191F34 /* Button */,
			);
			path = SwiftUIBookView;
			sourceTree = "<group>";
		};
		BC09326F2C1A8F5200D3F8CB /* DesignSystemBookApp */ = {
			isa = PBXGroup;
			children = (
				BC09326D2C1A8F5200D3F8CB /* DesignSystemApp.swift */,
				BC09326A2C1A8F5200D3F8CB /* ContentView.swift */,
				BC0932872C1A8F7900D3F8CB /* Assets.xcassets */,
				BC05D4FD2C21A451006C599B /* DesignSystem */,
				BC05D4282C2048F2006C599B /* UIKitBookView */,
				BC09326B2C1A8F5200D3F8CB /* SwiftUIBookView */,
				BC0932652C1A8F5200D3F8CB /* Preview Content */,
			);
			path = DesignSystemBookApp;
			sourceTree = "<group>";
		};
		BC0933CD2C1B2C1A00D3F8CB /* CheckButton */ = {
			isa = PBXGroup;
			children = (
				BC0933CC2C1B2C1A00D3F8CB /* CheckButton.swift */,
			);
			path = CheckButton;
			sourceTree = "<group>";
		};
		BC0933CF2C1B2C1A00D3F8CB /* RadioGroup */ = {
			isa = PBXGroup;
			children = (
				BC0933CE2C1B2C1A00D3F8CB /* RadioGroup.swift */,
				BC0934102C1B2E1300D3F8CB /* RadioOption.swift */,
			);
			path = RadioGroup;
			sourceTree = "<group>";
		};
		BC0933D12C1B2C1A00D3F8CB /* Single */ = {
			isa = PBXGroup;
			children = (
				BC0933D02C1B2C1A00D3F8CB /* SingleRadioButton.swift */,
			);
			path = Single;
			sourceTree = "<group>";
		};
		BC0933D32C1B2C1A00D3F8CB /* RadioButton */ = {
			isa = PBXGroup;
			children = (
				BC0933CF2C1B2C1A00D3F8CB /* RadioGroup */,
				BC0933D12C1B2C1A00D3F8CB /* Single */,
				BC0933D22C1B2C1A00D3F8CB /* RadioButton.swift */,
			);
			path = RadioButton;
			sourceTree = "<group>";
		};
		BC0933D42C1B2C1A00D3F8CB /* Component */ = {
			isa = PBXGroup;
			children = (
				BC0933CD2C1B2C1A00D3F8CB /* CheckButton */,
				BC0933D32C1B2C1A00D3F8CB /* RadioButton */,
			);
			path = Component;
			sourceTree = "<group>";
		};
		BC0933DB2C1B2C1A00D3F8CB /* Theme */ = {
			isa = PBXGroup;
			children = (
				BC0933D92C1B2C1A00D3F8CB /* ToggleButtonColorTheme.swift */,
				BCFD538A2C1B71BF00191F34 /* ToggleButtonFigureTheme.swift */,
				BC0933DA2C1B2C1A00D3F8CB /* ToggleButtonThemeType.swift */,
				BCFD53872C1B6E2000191F34 /* Common */,
				BCFD53862C1B6DDD00191F34 /* Basic */,
			);
			path = Theme;
			sourceTree = "<group>";
		};
		BC0933DF2C1B2C1A00D3F8CB /* Token */ = {
			isa = PBXGroup;
			children = (
				BC0933DC2C1B2C1A00D3F8CB /* BasicToggleButtonColor.swift */,
				BC0933DD2C1B2C1A00D3F8CB /* BasicToggleButtonShape.swift */,
			);
			path = Token;
			sourceTree = "<group>";
		};
		BC0933E12C1B2C1A00D3F8CB /* ToggleButton */ = {
			isa = PBXGroup;
			children = (
				BC05D41C2C204073006C599B /* Factory */,
				BC0933D42C1B2C1A00D3F8CB /* Component */,
			);
			path = ToggleButton;
			sourceTree = "<group>";
		};
		BC18EC832C1DAF7C0061599B /* TextField */ = {
			isa = PBXGroup;
			children = (
				BC18EC862C1DAFA50061599B /* TextFieldBook.swift */,
			);
			path = TextField;
			sourceTree = "<group>";
		};
		BC18EC882C1DB0970061599B /* TextField */ = {
			isa = PBXGroup;
			children = (
				BC05D3DD2C1F4D73006C599B /* README_TEXTFIELD.md */,
				BC05D41D2C20407B006C599B /* Factory */,
				BC18EC8A2C1DB0E70061599B /* Component */,
			);
			path = TextField;
			sourceTree = "<group>";
		};
		BC18EC892C1DB0E20061599B /* Theme */ = {
			isa = PBXGroup;
			children = (
				BC05D3B22C1DCD37006C599B /* TextFieldColorTheme.swift */,
				BC05D3B82C1DCEB1006C599B /* TextFieldFigureTheme.swift */,
				BC05D3BA2C1DCEF9006C599B /* TextFieldThemeType.swift */,
				BC18EC932C1DC4DA0061599B /* Common */,
				BC18EC922C1DC4D00061599B /* Basic */,
			);
			path = Theme;
			sourceTree = "<group>";
		};
		BC18EC8A2C1DB0E70061599B /* Component */ = {
			isa = PBXGroup;
			children = (
				BC05D3AC2C1DCB75006C599B /* SearchBar */,
				BC05D3AB2C1DCB6C006C599B /* TextField */,
			);
			path = Component;
			sourceTree = "<group>";
		};
		BC18EC922C1DC4D00061599B /* Basic */ = {
			isa = PBXGroup;
			children = (
				BC05D3C32C1DD4D2006C599B /* BasicTextFieldColorTheme.swift */,
				BC05D3C52C1DD4DC006C599B /* BasicTextFieldFigureTheme.swift */,
				BC18EC942C1DC4E70061599B /* Token */,
			);
			path = Basic;
			sourceTree = "<group>";
		};
		BC18EC932C1DC4DA0061599B /* Common */ = {
			isa = PBXGroup;
			children = (
				BC05D3AF2C1DCCB8006C599B /* Token */,
			);
			path = Common;
			sourceTree = "<group>";
		};
		BC18EC942C1DC4E70061599B /* Token */ = {
			isa = PBXGroup;
			children = (
				BC05D3AD2C1DCC67006C599B /* BasicTextFieldVariant.swift */,
				BC05D3B42C1DCD46006C599B /* BasicTextFieldSize.swift */,
				BC05D3B62C1DCE2F006C599B /* BasicTextFieldShape.swift */,
				BC05D3C12C1DD3FF006C599B /* BasicTextFieldColor.swift */,
			);
			path = Token;
			sourceTree = "<group>";
		};
		BC9046AC2C1A8EA40038970D = {
			isa = PBXGroup;
			children = (
				BC09328E2C1AA13D00D3F8CB /* .gitignore */,
				BC09328B2C1A9C1A00D3F8CB /* .swiftlint.yml */,
				BC09326F2C1A8F5200D3F8CB /* DesignSystemBookApp */,
				BC9046B62C1A8EA40038970D /* Products */,
			);
			sourceTree = "<group>";
		};
		BC9046B62C1A8EA40038970D /* Products */ = {
			isa = PBXGroup;
			children = (
				BC9046B52C1A8EA40038970D /* DesignSystemBookApp.app */,
			);
			name = Products;
			sourceTree = "<group>";
		};
		BCFD537D2C1B5F9100191F34 /* Common */ = {
			isa = PBXGroup;
			children = (
			);
			path = Common;
			sourceTree = "<group>";
		};
		BCFD53802C1B5FCC00191F34 /* Common */ = {
			isa = PBXGroup;
			children = (
				BCFD53812C1B5FD900191F34 /* Token */,
			);
			path = Common;
			sourceTree = "<group>";
		};
		BCFD53812C1B5FD900191F34 /* Token */ = {
			isa = PBXGroup;
			children = (
				BC0932542C1A8F5200D3F8CB /* ButtonState.swift */,
			);
			path = Token;
			sourceTree = "<group>";
		};
		BCFD53862C1B6DDD00191F34 /* Basic */ = {
			isa = PBXGroup;
			children = (
				BCFD538E2C1B74BE00191F34 /* BasicToggleButtonFigureTheme.swift */,
				BC0933D52C1B2C1A00D3F8CB /* BasicCheckButtonColorTheme.swift */,
				BC0933D72C1B2C1A00D3F8CB /* BasicRadioButtonColorTheme.swift */,
				BC0933DF2C1B2C1A00D3F8CB /* Token */,
			);
			path = Basic;
			sourceTree = "<group>";
		};
		BCFD53872C1B6E2000191F34 /* Common */ = {
			isa = PBXGroup;
			children = (
				BCFD53882C1B6F8300191F34 /* Token */,
			);
			path = Common;
			sourceTree = "<group>";
		};
		BCFD53882C1B6F8300191F34 /* Token */ = {
			isa = PBXGroup;
			children = (
				BC0933DE2C1B2C1A00D3F8CB /* ToggleButtonState.swift */,
			);
			path = Token;
			sourceTree = "<group>";
		};
		BCFD53892C1B6F9F00191F34 /* Component */ = {
			isa = PBXGroup;
			children = (
				BC09325B2C1A8F5200D3F8CB /* Button+Extension.swift */,
			);
			path = Component;
			sourceTree = "<group>";
		};
		BCFD54502C1BE75600191F34 /* Gray */ = {
			isa = PBXGroup;
			children = (
				BCFD54512C1BE7E900191F34 /* GrayButtonColorTheme.swift */,
				BCFD54572C1BE7E900191F34 /* Token */,
			);
			path = Gray;
			sourceTree = "<group>";
		};
		BCFD54572C1BE7E900191F34 /* Token */ = {
			isa = PBXGroup;
			children = (
				BCFD54662C1BEFEA00191F34 /* GrayButtonColor.swift */,
			);
			path = Token;
			sourceTree = "<group>";
		};
		BCFD54622C1BECEA00191F34 /* Button */ = {
			isa = PBXGroup;
			children = (
				BCFD545E2C1BECA900191F34 /* BasicButtonBook.swift */,
				BCFD54642C1BEFAC00191F34 /* GrayButtonBook.swift */,
			);
			path = Button;
			sourceTree = "<group>";
		};
		BCFD54632C1BECF000191F34 /* ToggleButton */ = {
			isa = PBXGroup;
			children = (
				BC0932952C1ABF7000D3F8CB /* CheckboxBookView.swift */,
				BC0932BD2C1AF40200D3F8CB /* RadioButtonBook.swift */,
			);
			path = ToggleButton;
			sourceTree = "<group>";
		};
/* End PBXGroup section */

/* Begin PBXNativeTarget section */
		BC9046B42C1A8EA40038970D /* DesignSystemBookApp */ = {
			isa = PBXNativeTarget;
			buildConfigurationList = BC9046C32C1A8EA50038970D /* Build configuration list for PBXNativeTarget "DesignSystemBookApp" */;
			buildPhases = (
				BC9046B12C1A8EA40038970D /* Sources */,
				BC9046B22C1A8EA40038970D /* Frameworks */,
				BC9046B32C1A8EA40038970D /* Resources */,
				BC09328D2C1A9C2700D3F8CB /* Run Script */,
			);
			buildRules = (
			);
			dependencies = (
			);
			name = DesignSystemBookApp;
			packageProductDependencies = (
				BC05D4362C204CF7006C599B /* Then */,
				BC05D4452C204F10006C599B /* RxCocoa */,
				BC05D4472C204F10006C599B /* RxRelay */,
				BC05D4492C204F10006C599B /* RxSwift */,
				BC05D44E2C20562F006C599B /* SnapKit */,
			);
			productName = DesignSystem;
			productReference = BC9046B52C1A8EA40038970D /* DesignSystemBookApp.app */;
			productType = "com.apple.product-type.application";
		};
/* End PBXNativeTarget section */

/* Begin PBXProject section */
		BC9046AD2C1A8EA40038970D /* Project object */ = {
			isa = PBXProject;
			attributes = {
				BuildIndependentTargetsInParallel = 1;
				LastSwiftUpdateCheck = 1540;
				LastUpgradeCheck = 1540;
				TargetAttributes = {
					BC9046B42C1A8EA40038970D = {
						CreatedOnToolsVersion = 15.4;
					};
				};
			};
			buildConfigurationList = BC9046B02C1A8EA40038970D /* Build configuration list for PBXProject "DesignSystemBookApp" */;
			compatibilityVersion = "Xcode 14.0";
			developmentRegion = en;
			hasScannedForEncodings = 0;
			knownRegions = (
				en,
				Base,
			);
			mainGroup = BC9046AC2C1A8EA40038970D;
			packageReferences = (
				BC05D4352C204CF7006C599B /* XCRemoteSwiftPackageReference "Then" */,
				BC05D4442C204F10006C599B /* XCRemoteSwiftPackageReference "RxSwift" */,
				BC05D44D2C20562F006C599B /* XCRemoteSwiftPackageReference "SnapKit" */,
			);
			productRefGroup = BC9046B62C1A8EA40038970D /* Products */;
			projectDirPath = "";
			projectRoot = "";
			targets = (
				BC9046B42C1A8EA40038970D /* DesignSystemBookApp */,
			);
		};
/* End PBXProject section */

/* Begin PBXResourcesBuildPhase section */
		BC9046B32C1A8EA40038970D /* Resources */ = {
			isa = PBXResourcesBuildPhase;
			buildActionMask = 2147483647;
			files = (
				BC05D3DE2C1F4D73006C599B /* README_TEXTFIELD.md in Resources */,
				BC09328F2C1AA13D00D3F8CB /* .gitignore in Resources */,
				BC09328C2C1A9C1A00D3F8CB /* .swiftlint.yml in Resources */,
				BC18EC912C1DC39B0061599B /* README_BUTTON.md in Resources */,
				BC0932882C1A8F7900D3F8CB /* Assets.xcassets in Resources */,
				BC05D40E2C202C91006C599B /* README_SKELETON_KR.md in Resources */,
				BC05D5202C21F88F006C599B /* README_TOAST_KR.md in Resources */,
				BC05D51E2C21F7B1006C599B /* README_TOAST.md in Resources */,
				BC09327F2C1A8F5200D3F8CB /* Preview Assets.xcassets in Resources */,
			);
			runOnlyForDeploymentPostprocessing = 0;
		};
/* End PBXResourcesBuildPhase section */

/* Begin PBXShellScriptBuildPhase section */
		BC09328D2C1A9C2700D3F8CB /* Run Script */ = {
			isa = PBXShellScriptBuildPhase;
			buildActionMask = 2147483647;
			files = (
			);
			inputFileListPaths = (
			);
			inputPaths = (
			);
			name = "Run Script";
			outputFileListPaths = (
			);
			outputPaths = (
			);
			runOnlyForDeploymentPostprocessing = 0;
			shellPath = /bin/sh;
			shellScript = "if which swiftlint >/dev/null; then\n  swiftlint\nelse\n  echo \"warning: SwiftLint not installed, download from https://github.com/realm/SwiftLint\"\nfi\n";
		};
/* End PBXShellScriptBuildPhase section */

/* Begin PBXSourcesBuildPhase section */
		BC9046B12C1A8EA40038970D /* Sources */ = {
			isa = PBXSourcesBuildPhase;
			buildActionMask = 2147483647;
			files = (
				BC05D5002C21B39D006C599B /* ToastBook.swift in Sources */,
				BC05D3C42C1DD4D2006C599B /* BasicTextFieldColorTheme.swift in Sources */,
				BC18EC872C1DAFA50061599B /* TextFieldBook.swift in Sources */,
				BC0932712C1A8F5200D3F8CB /* ButtonColorTheme.swift in Sources */,
				BC05D4592C2144F2006C599B /* BaseButton+Extension.swift in Sources */,
				BC05D3C62C1DD4DC006C599B /* BasicTextFieldFigureTheme.swift in Sources */,
				BC0933E92C1B2C1A00D3F8CB /* ToggleButtonThemeType.swift in Sources */,
				BC05D4432C204DC0006C599B /* BaseViewController.swift in Sources */,
				BC05D3BE2C1DCF7B006C599B /* TextField+Extension.swift in Sources */,
				BC05D3B72C1DCE2F006C599B /* BasicTextFieldShape.swift in Sources */,
				BC05D3D22C1F1BA0006C599B /* BottomBorderShape.swift in Sources */,
				BC0932792C1A8F5200D3F8CB /* Button+Extension.swift in Sources */,
				BC09327C2C1A8F5200D3F8CB /* Keyboard+Extension.swift in Sources */,
				BC05D44C2C204F96006C599B /* WebViewController.swift in Sources */,
				BCFD537F2C1B5F9D00191F34 /* GapOffset.swift in Sources */,
				BC05D3BB2C1DCEF9006C599B /* TextFieldThemeType.swift in Sources */,
				BC05D5092C21C1CD006C599B /* ToastColorTheme.swift in Sources */,
				BC05D50B2C21C1D4006C599B /* ToastFigureTheme.swift in Sources */,
				BC0934112C1B2E1300D3F8CB /* RadioOption.swift in Sources */,
				BCFD54672C1BEFEA00191F34 /* GrayButtonColor.swift in Sources */,
				BC0932962C1ABF7000D3F8CB /* CheckboxBookView.swift in Sources */,
				BC0933ED2C1B2C1A00D3F8CB /* ToggleButtonStyleFactory.swift in Sources */,
				BC05D4412C204DC0006C599B /* BaseTableViewCell.swift in Sources */,
				BC0932742C1A8F5200D3F8CB /* ButtonState.swift in Sources */,
				BC05D4042C2013FC006C599B /* BasicSkeletonColorTheme.swift in Sources */,
				BC09327A2C1A8F5200D3F8CB /* BackButton+Extension.swift in Sources */,
				BCFD538D2C1B725600191F34 /* FrameOffset.swift in Sources */,
				BCFD538B2C1B71BF00191F34 /* ToggleButtonFigureTheme.swift in Sources */,
				BC18EC8D2C1DB1810061599B /* TextFieldStyleFactory.swift in Sources */,
				BC05D5112C21D849006C599B /* ToastShape.swift in Sources */,
				BC05D3AE2C1DCC67006C599B /* BasicTextFieldVariant.swift in Sources */,
				BC0932722C1A8F5200D3F8CB /* ButtonThemeType.swift in Sources */,
				BC05D3FE2C20128D006C599B /* SkeletonShape.swift in Sources */,
				BCFD54582C1BE7E900191F34 /* GrayButtonColorTheme.swift in Sources */,
				BCFD53852C1B656B00191F34 /* IndividualRoundedRectangle.swift in Sources */,
				BC05D3CA2C1DFB15006C599B /* SwiftUIAnimationFactory.swift in Sources */,
				BC05D4422C204DC0006C599B /* BaseView.swift in Sources */,
				BC0932BC2C1AED0600D3F8CB /* AnyView.swift in Sources */,
				BC0932852C1A8F5200D3F8CB /* DesignSystemApp.swift in Sources */,
				BC05D5022C21B677006C599B /* ToastFactory.swift in Sources */,
				BC05D5162C21DCB0006C599B /* BasicToastFigureTheme.swift in Sources */,
				BC0932832C1A8F5200D3F8CB /* ContentView.swift in Sources */,
				BC0932912C1AA4B300D3F8CB /* AnyShape.swift in Sources */,
				BC05D3F22C200B15006C599B /* SkeletonState.swift in Sources */,
				BC05D4232C20428A006C599B /* Rounded+Extension.swift in Sources */,
				BC05D4512C205AA2006C599B /* ColorOffset.swift in Sources */,
				BCFD545D2C1BE7E900191F34 /* BasicButtonVariant.swift in Sources */,
				BCFD54652C1BEFAC00191F34 /* GrayButtonBook.swift in Sources */,
				BC05D4062C201405006C599B /* BasicSkeletonFigureTheme.swift in Sources */,
				BC05D5222C21FA0A006C599B /* ToastAlignment.swift in Sources */,
				BC05D3B52C1DCD46006C599B /* BasicTextFieldSize.swift in Sources */,
				BC0932BE2C1AF40200D3F8CB /* RadioButtonBook.swift in Sources */,
				BC05D5182C21E119006C599B /* ImageName.swift in Sources */,
				BC05D3E52C1FEB1A006C599B /* Skeleton+Extension.swift in Sources */,
				BC0932702C1A8F5200D3F8CB /* BasicButtonColorTheme.swift in Sources */,
				BC05D5142C21DCA3006C599B /* BasicToastColorTheme.swift in Sources */,
				BC05D3EB2C200AC6006C599B /* SkeletonShiningStyleFactory.swift in Sources */,
				BC0933E72C1B2C1A00D3F8CB /* BasicRadioButtonColorTheme.swift in Sources */,
				BC05D3ED2C200AEC006C599B /* SkeletonBlinkStyleFactory.swift in Sources */,
				BCFD545C2C1BE7E900191F34 /* BasicButtonSize.swift in Sources */,
				BC05D4542C20AE2B006C599B /* Constant.swift in Sources */,
				BC05D3DC2C1F41AE006C599B /* TextFieldContainer.swift in Sources */,
				BC05D3B92C1DCEB1006C599B /* TextFieldFigureTheme.swift in Sources */,
				BCFD538F2C1B74BE00191F34 /* BasicToggleButtonFigureTheme.swift in Sources */,
				BC05D4022C2013D2006C599B /* SkeletonColorTheme.swift in Sources */,
				BCFD537A2C1B5DCD00191F34 /* ButtonFigureTheme.swift in Sources */,
				BC05D4402C204DC0006C599B /* BaseCollectionViewCell.swift in Sources */,
				BC05D3C82C1DD855006C599B /* TextFieldState.swift in Sources */,
				BC05D4572C213609006C599B /* DSSapcer.swift in Sources */,
				BC05D42D2C2049B5006C599B /* ButtonBookRepresentable.swift in Sources */,
				BCFD545F2C1BECA900191F34 /* BasicButtonBook.swift in Sources */,
				BC05D5492C231B5F006C599B /* Segment.swift in Sources */,
				BC0933EC2C1B2C1A00D3F8CB /* ToggleButtonState.swift in Sources */,
				BC05D3D62C1F3094006C599B /* EmptyShape.swift in Sources */,
				BC05D43F2C204DC0006C599B /* BaseCollectionView.swift in Sources */,
				BC0934132C1B34C500D3F8CB /* ClipboardHelper.swift in Sources */,
				BCFD53832C1B628200191F34 /* RoundedOffset.swift in Sources */,
				BC05D5052C21B76A006C599B /* Toast.swift in Sources */,
				BC0932862C1A8F5200D3F8CB /* Type+Extension.swift in Sources */,
				BC0932732C1A8F5200D3F8CB /* BasicButtonColor.swift in Sources */,
				BC05D3FC2C200E8A006C599B /* SkeletonThemeType.swift in Sources */,
				BC05D3D42C1F2486006C599B /* IndividualRoundedRectangleCanvas.swift in Sources */,
				BC05D4272C204877006C599B /* BaseButton.swift in Sources */,
				BC05D4202C204171006C599B /* Typo+Extension.swift in Sources */,
				BC0933E82C1B2C1A00D3F8CB /* ToggleButtonColorTheme.swift in Sources */,
				BC05D42F2C204AE4006C599B /* ButtonBookViewController.swift in Sources */,
				BC0933E22C1B2C1A00D3F8CB /* CheckButton.swift in Sources */,
				BC0933E62C1B2C1A00D3F8CB /* BasicCheckButtonColorTheme.swift in Sources */,
				BC05D50F2C21D822006C599B /* ToastVariant.swift in Sources */,
				BC05D3C22C1DD3FF006C599B /* BasicTextFieldColor.swift in Sources */,
				BC05D3E82C1FEB69006C599B /* SkeletonBook.swift in Sources */,
				BC0933EB2C1B2C1A00D3F8CB /* BasicToggleButtonShape.swift in Sources */,
				BC05D53E2C23159D006C599B /* TabViewBook.swift in Sources */,
				BC0932782C1A8F5200D3F8CB /* ButtonStyleFactory.swift in Sources */,
				BC05D4142C203ECB006C599B /* README_SKELETON.md in Sources */,
				BC09327B2C1A8F5200D3F8CB /* Frame+Extension.swift in Sources */,
				BC0933E52C1B2C1A00D3F8CB /* RadioButton.swift in Sources */,
				BC0933E32C1B2C1A00D3F8CB /* RadioGroup.swift in Sources */,
				BC05D3B32C1DCD37006C599B /* TextFieldColorTheme.swift in Sources */,
				BCFD545B2C1BE7E900191F34 /* BasicButtonShape.swift in Sources */,
				BC05D3E22C1FD83D006C599B /* TextFieldAffixStyleFactory.swift in Sources */,
				BC05D3F02C200B0E006C599B /* SkeletonVariant.swift in Sources */,
				BC05D4002C20136D006C599B /* SkeletonFigureTheme.swift in Sources */,
				BC0933E42C1B2C1A00D3F8CB /* SingleRadioButton.swift in Sources */,
				BC0933EA2C1B2C1A00D3F8CB /* BasicToggleButtonColor.swift in Sources */,
				BCFD537C2C1B5E0A00191F34 /* BasicButtonFigureTheme.swift in Sources */,
				BC05D3B12C1DCCC6006C599B /* TextFieldAllState.swift in Sources */,
				BC05D3DA2C1F408C006C599B /* TextFieldCaption.swift in Sources */,
			);
			runOnlyForDeploymentPostprocessing = 0;
		};
/* End PBXSourcesBuildPhase section */

/* Begin XCBuildConfiguration section */
		BC9046C12C1A8EA50038970D /* Debug */ = {
			isa = XCBuildConfiguration;
			buildSettings = {
				ALWAYS_SEARCH_USER_PATHS = NO;
				ASSETCATALOG_COMPILER_GENERATE_SWIFT_ASSET_SYMBOL_EXTENSIONS = YES;
				CLANG_ANALYZER_NONNULL = YES;
				CLANG_ANALYZER_NUMBER_OBJECT_CONVERSION = YES_AGGRESSIVE;
				CLANG_CXX_LANGUAGE_STANDARD = "gnu++20";
				CLANG_ENABLE_MODULES = YES;
				CLANG_ENABLE_OBJC_ARC = YES;
				CLANG_ENABLE_OBJC_WEAK = YES;
				CLANG_WARN_BLOCK_CAPTURE_AUTORELEASING = YES;
				CLANG_WARN_BOOL_CONVERSION = YES;
				CLANG_WARN_COMMA = YES;
				CLANG_WARN_CONSTANT_CONVERSION = YES;
				CLANG_WARN_DEPRECATED_OBJC_IMPLEMENTATIONS = YES;
				CLANG_WARN_DIRECT_OBJC_ISA_USAGE = YES_ERROR;
				CLANG_WARN_DOCUMENTATION_COMMENTS = YES;
				CLANG_WARN_EMPTY_BODY = YES;
				CLANG_WARN_ENUM_CONVERSION = YES;
				CLANG_WARN_INFINITE_RECURSION = YES;
				CLANG_WARN_INT_CONVERSION = YES;
				CLANG_WARN_NON_LITERAL_NULL_CONVERSION = YES;
				CLANG_WARN_OBJC_IMPLICIT_RETAIN_SELF = YES;
				CLANG_WARN_OBJC_LITERAL_CONVERSION = YES;
				CLANG_WARN_OBJC_ROOT_CLASS = YES_ERROR;
				CLANG_WARN_QUOTED_INCLUDE_IN_FRAMEWORK_HEADER = YES;
				CLANG_WARN_RANGE_LOOP_ANALYSIS = YES;
				CLANG_WARN_STRICT_PROTOTYPES = YES;
				CLANG_WARN_SUSPICIOUS_MOVE = YES;
				CLANG_WARN_UNGUARDED_AVAILABILITY = YES_AGGRESSIVE;
				CLANG_WARN_UNREACHABLE_CODE = YES;
				CLANG_WARN__DUPLICATE_METHOD_MATCH = YES;
				COPY_PHASE_STRIP = NO;
				DEBUG_INFORMATION_FORMAT = dwarf;
				ENABLE_STRICT_OBJC_MSGSEND = YES;
				ENABLE_TESTABILITY = YES;
				ENABLE_USER_SCRIPT_SANDBOXING = YES;
				GCC_C_LANGUAGE_STANDARD = gnu17;
				GCC_DYNAMIC_NO_PIC = NO;
				GCC_NO_COMMON_BLOCKS = YES;
				GCC_OPTIMIZATION_LEVEL = 0;
				GCC_PREPROCESSOR_DEFINITIONS = (
					"DEBUG=1",
					"$(inherited)",
				);
				GCC_WARN_64_TO_32_BIT_CONVERSION = YES;
				GCC_WARN_ABOUT_RETURN_TYPE = YES_ERROR;
				GCC_WARN_UNDECLARED_SELECTOR = YES;
				GCC_WARN_UNINITIALIZED_AUTOS = YES_AGGRESSIVE;
				GCC_WARN_UNUSED_FUNCTION = YES;
				GCC_WARN_UNUSED_VARIABLE = YES;
				IPHONEOS_DEPLOYMENT_TARGET = 16.0;
				LOCALIZATION_PREFERS_STRING_CATALOGS = YES;
				MTL_ENABLE_DEBUG_INFO = INCLUDE_SOURCE;
				MTL_FAST_MATH = YES;
				ONLY_ACTIVE_ARCH = YES;
				SDKROOT = iphoneos;
				SWIFT_ACTIVE_COMPILATION_CONDITIONS = "DEBUG $(inherited)";
				SWIFT_OPTIMIZATION_LEVEL = "-Onone";
			};
			name = Debug;
		};
		BC9046C22C1A8EA50038970D /* Release */ = {
			isa = XCBuildConfiguration;
			buildSettings = {
				ALWAYS_SEARCH_USER_PATHS = NO;
				ASSETCATALOG_COMPILER_GENERATE_SWIFT_ASSET_SYMBOL_EXTENSIONS = YES;
				CLANG_ANALYZER_NONNULL = YES;
				CLANG_ANALYZER_NUMBER_OBJECT_CONVERSION = YES_AGGRESSIVE;
				CLANG_CXX_LANGUAGE_STANDARD = "gnu++20";
				CLANG_ENABLE_MODULES = YES;
				CLANG_ENABLE_OBJC_ARC = YES;
				CLANG_ENABLE_OBJC_WEAK = YES;
				CLANG_WARN_BLOCK_CAPTURE_AUTORELEASING = YES;
				CLANG_WARN_BOOL_CONVERSION = YES;
				CLANG_WARN_COMMA = YES;
				CLANG_WARN_CONSTANT_CONVERSION = YES;
				CLANG_WARN_DEPRECATED_OBJC_IMPLEMENTATIONS = YES;
				CLANG_WARN_DIRECT_OBJC_ISA_USAGE = YES_ERROR;
				CLANG_WARN_DOCUMENTATION_COMMENTS = YES;
				CLANG_WARN_EMPTY_BODY = YES;
				CLANG_WARN_ENUM_CONVERSION = YES;
				CLANG_WARN_INFINITE_RECURSION = YES;
				CLANG_WARN_INT_CONVERSION = YES;
				CLANG_WARN_NON_LITERAL_NULL_CONVERSION = YES;
				CLANG_WARN_OBJC_IMPLICIT_RETAIN_SELF = YES;
				CLANG_WARN_OBJC_LITERAL_CONVERSION = YES;
				CLANG_WARN_OBJC_ROOT_CLASS = YES_ERROR;
				CLANG_WARN_QUOTED_INCLUDE_IN_FRAMEWORK_HEADER = YES;
				CLANG_WARN_RANGE_LOOP_ANALYSIS = YES;
				CLANG_WARN_STRICT_PROTOTYPES = YES;
				CLANG_WARN_SUSPICIOUS_MOVE = YES;
				CLANG_WARN_UNGUARDED_AVAILABILITY = YES_AGGRESSIVE;
				CLANG_WARN_UNREACHABLE_CODE = YES;
				CLANG_WARN__DUPLICATE_METHOD_MATCH = YES;
				COPY_PHASE_STRIP = NO;
				DEBUG_INFORMATION_FORMAT = "dwarf-with-dsym";
				ENABLE_NS_ASSERTIONS = NO;
				ENABLE_STRICT_OBJC_MSGSEND = YES;
				ENABLE_USER_SCRIPT_SANDBOXING = YES;
				GCC_C_LANGUAGE_STANDARD = gnu17;
				GCC_NO_COMMON_BLOCKS = YES;
				GCC_WARN_64_TO_32_BIT_CONVERSION = YES;
				GCC_WARN_ABOUT_RETURN_TYPE = YES_ERROR;
				GCC_WARN_UNDECLARED_SELECTOR = YES;
				GCC_WARN_UNINITIALIZED_AUTOS = YES_AGGRESSIVE;
				GCC_WARN_UNUSED_FUNCTION = YES;
				GCC_WARN_UNUSED_VARIABLE = YES;
				IPHONEOS_DEPLOYMENT_TARGET = 16.0;
				LOCALIZATION_PREFERS_STRING_CATALOGS = YES;
				MTL_ENABLE_DEBUG_INFO = NO;
				MTL_FAST_MATH = YES;
				SDKROOT = iphoneos;
				SWIFT_COMPILATION_MODE = wholemodule;
				VALIDATE_PRODUCT = YES;
			};
			name = Release;
		};
		BC9046C42C1A8EA50038970D /* Debug */ = {
			isa = XCBuildConfiguration;
			buildSettings = {
				ASSETCATALOG_COMPILER_APPICON_NAME = AppIcon;
				ASSETCATALOG_COMPILER_GLOBAL_ACCENT_COLOR_NAME = AccentColor;
				CODE_SIGN_STYLE = Automatic;
				CURRENT_PROJECT_VERSION = 1;
				DEVELOPMENT_ASSET_PATHS = "\"DesignSystemBookApp/Preview Content\"";
				DEVELOPMENT_TEAM = N8MX74Y447;
				ENABLE_PREVIEWS = YES;
				ENABLE_USER_SCRIPT_SANDBOXING = NO;
				GENERATE_INFOPLIST_FILE = YES;
				INFOPLIST_KEY_UIApplicationSceneManifest_Generation = YES;
				INFOPLIST_KEY_UIApplicationSupportsIndirectInputEvents = YES;
				INFOPLIST_KEY_UILaunchScreen_Generation = YES;
				INFOPLIST_KEY_UISupportedInterfaceOrientations_iPad = "UIInterfaceOrientationPortrait UIInterfaceOrientationPortraitUpsideDown UIInterfaceOrientationLandscapeLeft UIInterfaceOrientationLandscapeRight";
				INFOPLIST_KEY_UISupportedInterfaceOrientations_iPhone = "UIInterfaceOrientationPortrait UIInterfaceOrientationLandscapeLeft UIInterfaceOrientationLandscapeRight";
				IPHONEOS_DEPLOYMENT_TARGET = 16.0;
				LD_RUNPATH_SEARCH_PATHS = (
					"$(inherited)",
					"@executable_path/Frameworks",
				);
				MARKETING_VERSION = 1.0;
				PRODUCT_BUNDLE_IDENTIFIER = doyeon.DesignSystem;
				PRODUCT_NAME = "$(TARGET_NAME)";
				SUPPORTED_PLATFORMS = "iphoneos iphonesimulator xros xrsimulator";
				SUPPORTS_MACCATALYST = NO;
				SUPPORTS_XR_DESIGNED_FOR_IPHONE_IPAD = NO;
				SWIFT_EMIT_LOC_STRINGS = YES;
				SWIFT_VERSION = 5.0;
				TARGETED_DEVICE_FAMILY = "1,2,7";
			};
			name = Debug;
		};
		BC9046C52C1A8EA50038970D /* Release */ = {
			isa = XCBuildConfiguration;
			buildSettings = {
				ASSETCATALOG_COMPILER_APPICON_NAME = AppIcon;
				ASSETCATALOG_COMPILER_GLOBAL_ACCENT_COLOR_NAME = AccentColor;
				CODE_SIGN_STYLE = Automatic;
				CURRENT_PROJECT_VERSION = 1;
				DEVELOPMENT_ASSET_PATHS = "\"DesignSystemBookApp/Preview Content\"";
				DEVELOPMENT_TEAM = N8MX74Y447;
				ENABLE_PREVIEWS = YES;
				ENABLE_USER_SCRIPT_SANDBOXING = NO;
				GENERATE_INFOPLIST_FILE = YES;
				INFOPLIST_KEY_UIApplicationSceneManifest_Generation = YES;
				INFOPLIST_KEY_UIApplicationSupportsIndirectInputEvents = YES;
				INFOPLIST_KEY_UILaunchScreen_Generation = YES;
				INFOPLIST_KEY_UISupportedInterfaceOrientations_iPad = "UIInterfaceOrientationPortrait UIInterfaceOrientationPortraitUpsideDown UIInterfaceOrientationLandscapeLeft UIInterfaceOrientationLandscapeRight";
				INFOPLIST_KEY_UISupportedInterfaceOrientations_iPhone = "UIInterfaceOrientationPortrait UIInterfaceOrientationLandscapeLeft UIInterfaceOrientationLandscapeRight";
				IPHONEOS_DEPLOYMENT_TARGET = 16.0;
				LD_RUNPATH_SEARCH_PATHS = (
					"$(inherited)",
					"@executable_path/Frameworks",
				);
				MARKETING_VERSION = 1.0;
				PRODUCT_BUNDLE_IDENTIFIER = doyeon.DesignSystem;
				PRODUCT_NAME = "$(TARGET_NAME)";
				SUPPORTED_PLATFORMS = "iphoneos iphonesimulator xros xrsimulator";
				SUPPORTS_MACCATALYST = NO;
				SUPPORTS_XR_DESIGNED_FOR_IPHONE_IPAD = NO;
				SWIFT_EMIT_LOC_STRINGS = YES;
				SWIFT_VERSION = 5.0;
				TARGETED_DEVICE_FAMILY = "1,2,7";
			};
			name = Release;
		};
/* End XCBuildConfiguration section */

/* Begin XCConfigurationList section */
		BC9046B02C1A8EA40038970D /* Build configuration list for PBXProject "DesignSystemBookApp" */ = {
			isa = XCConfigurationList;
			buildConfigurations = (
				BC9046C12C1A8EA50038970D /* Debug */,
				BC9046C22C1A8EA50038970D /* Release */,
			);
			defaultConfigurationIsVisible = 0;
			defaultConfigurationName = Release;
		};
		BC9046C32C1A8EA50038970D /* Build configuration list for PBXNativeTarget "DesignSystemBookApp" */ = {
			isa = XCConfigurationList;
			buildConfigurations = (
				BC9046C42C1A8EA50038970D /* Debug */,
				BC9046C52C1A8EA50038970D /* Release */,
			);
			defaultConfigurationIsVisible = 0;
			defaultConfigurationName = Release;
		};
/* End XCConfigurationList section */

/* Begin XCRemoteSwiftPackageReference section */
		BC05D4352C204CF7006C599B /* XCRemoteSwiftPackageReference "Then" */ = {
			isa = XCRemoteSwiftPackageReference;
			repositoryURL = "https://github.com/devxoul/Then.git";
			requirement = {
				kind = upToNextMajorVersion;
				minimumVersion = 3.0.0;
			};
		};
		BC05D4442C204F10006C599B /* XCRemoteSwiftPackageReference "RxSwift" */ = {
			isa = XCRemoteSwiftPackageReference;
			repositoryURL = "https://github.com/ReactiveX/RxSwift";
			requirement = {
				kind = upToNextMajorVersion;
				minimumVersion = 6.7.1;
			};
		};
		BC05D44D2C20562F006C599B /* XCRemoteSwiftPackageReference "SnapKit" */ = {
			isa = XCRemoteSwiftPackageReference;
			repositoryURL = "https://github.com/SnapKit/SnapKit.git";
			requirement = {
				kind = upToNextMajorVersion;
				minimumVersion = 5.7.1;
			};
		};
/* End XCRemoteSwiftPackageReference section */

/* Begin XCSwiftPackageProductDependency section */
		BC05D4362C204CF7006C599B /* Then */ = {
			isa = XCSwiftPackageProductDependency;
			package = BC05D4352C204CF7006C599B /* XCRemoteSwiftPackageReference "Then" */;
			productName = Then;
		};
		BC05D4452C204F10006C599B /* RxCocoa */ = {
			isa = XCSwiftPackageProductDependency;
			package = BC05D4442C204F10006C599B /* XCRemoteSwiftPackageReference "RxSwift" */;
			productName = RxCocoa;
		};
		BC05D4472C204F10006C599B /* RxRelay */ = {
			isa = XCSwiftPackageProductDependency;
			package = BC05D4442C204F10006C599B /* XCRemoteSwiftPackageReference "RxSwift" */;
			productName = RxRelay;
		};
		BC05D4492C204F10006C599B /* RxSwift */ = {
			isa = XCSwiftPackageProductDependency;
			package = BC05D4442C204F10006C599B /* XCRemoteSwiftPackageReference "RxSwift" */;
			productName = RxSwift;
		};
		BC05D44E2C20562F006C599B /* SnapKit */ = {
			isa = XCSwiftPackageProductDependency;
			package = BC05D44D2C20562F006C599B /* XCRemoteSwiftPackageReference "SnapKit" */;
			productName = SnapKit;
		};
/* End XCSwiftPackageProductDependency section */
	};
	rootObject = BC9046AD2C1A8EA40038970D /* Project object */;
}
