// !$*UTF8*$!
{
	archiveVersion = 1;
	classes = {
	};
	objectVersion = 56;
	objects = {

/* Begin PBXBuildFile section */
		BC05D3AE2C1DCC67006C599B /* BasicTextFieldVariant.swift in Sources */ = {isa = PBXBuildFile; fileRef = BC05D3AD2C1DCC67006C599B /* BasicTextFieldVariant.swift */; };
		BC05D3B12C1DCCC6006C599B /* TextFieldAllState.swift in Sources */ = {isa = PBXBuildFile; fileRef = BC05D3B02C1DCCC6006C599B /* TextFieldAllState.swift */; };
		BC05D3B32C1DCD37006C599B /* TextFieldColorTheme.swift in Sources */ = {isa = PBXBuildFile; fileRef = BC05D3B22C1DCD37006C599B /* TextFieldColorTheme.swift */; };
		BC05D3B52C1DCD46006C599B /* BasicTextFieldSize.swift in Sources */ = {isa = PBXBuildFile; fileRef = BC05D3B42C1DCD46006C599B /* BasicTextFieldSize.swift */; };
		BC05D3B72C1DCE2F006C599B /* BasicTextFieldShape.swift in Sources */ = {isa = PBXBuildFile; fileRef = BC05D3B62C1DCE2F006C599B /* BasicTextFieldShape.swift */; };
		BC05D3B92C1DCEB1006C599B /* TextFieldFigureTheme.swift in Sources */ = {isa = PBXBuildFile; fileRef = BC05D3B82C1DCEB1006C599B /* TextFieldFigureTheme.swift */; };
		BC05D3BB2C1DCEF9006C599B /* TextFieldThemeType.swift in Sources */ = {isa = PBXBuildFile; fileRef = BC05D3BA2C1DCEF9006C599B /* TextFieldThemeType.swift */; };
		BC05D3BE2C1DCF7B006C599B /* TextField+Extension.swift in Sources */ = {isa = PBXBuildFile; fileRef = BC05D3BD2C1DCF7B006C599B /* TextField+Extension.swift */; };
		BC05D3C22C1DD3FF006C599B /* BasicTextFieldColor.swift in Sources */ = {isa = PBXBuildFile; fileRef = BC05D3C12C1DD3FF006C599B /* BasicTextFieldColor.swift */; };
		BC05D3C42C1DD4D2006C599B /* BasicTextFieldColorTheme.swift in Sources */ = {isa = PBXBuildFile; fileRef = BC05D3C32C1DD4D2006C599B /* BasicTextFieldColorTheme.swift */; };
		BC05D3C62C1DD4DC006C599B /* BasicTextFieldFigureTheme.swift in Sources */ = {isa = PBXBuildFile; fileRef = BC05D3C52C1DD4DC006C599B /* BasicTextFieldFigureTheme.swift */; };
		BC05D3C82C1DD855006C599B /* TextFieldState.swift in Sources */ = {isa = PBXBuildFile; fileRef = BC05D3C72C1DD855006C599B /* TextFieldState.swift */; };
		BC05D3CA2C1DFB15006C599B /* AnimationFactory.swift in Sources */ = {isa = PBXBuildFile; fileRef = BC05D3C92C1DFB15006C599B /* AnimationFactory.swift */; };
		BC0932702C1A8F5200D3F8CB /* BasicButtonColorTheme.swift in Sources */ = {isa = PBXBuildFile; fileRef = BC09324E2C1A8F5200D3F8CB /* BasicButtonColorTheme.swift */; };
		BC0932712C1A8F5200D3F8CB /* ButtonColorTheme.swift in Sources */ = {isa = PBXBuildFile; fileRef = BC0932502C1A8F5200D3F8CB /* ButtonColorTheme.swift */; };
		BC0932722C1A8F5200D3F8CB /* ButtonThemeType.swift in Sources */ = {isa = PBXBuildFile; fileRef = BC0932512C1A8F5200D3F8CB /* ButtonThemeType.swift */; };
		BC0932732C1A8F5200D3F8CB /* BasicButtonColor.swift in Sources */ = {isa = PBXBuildFile; fileRef = BC0932532C1A8F5200D3F8CB /* BasicButtonColor.swift */; };
		BC0932742C1A8F5200D3F8CB /* ButtonState.swift in Sources */ = {isa = PBXBuildFile; fileRef = BC0932542C1A8F5200D3F8CB /* ButtonState.swift */; };
		BC0932782C1A8F5200D3F8CB /* ButtonStyleFactory.swift in Sources */ = {isa = PBXBuildFile; fileRef = BC09325A2C1A8F5200D3F8CB /* ButtonStyleFactory.swift */; };
		BC0932792C1A8F5200D3F8CB /* Button+Extension.swift in Sources */ = {isa = PBXBuildFile; fileRef = BC09325B2C1A8F5200D3F8CB /* Button+Extension.swift */; };
		BC09327A2C1A8F5200D3F8CB /* BackButton+Extension.swift in Sources */ = {isa = PBXBuildFile; fileRef = BC09325D2C1A8F5200D3F8CB /* BackButton+Extension.swift */; };
		BC09327B2C1A8F5200D3F8CB /* Frame+Extension.swift in Sources */ = {isa = PBXBuildFile; fileRef = BC09325E2C1A8F5200D3F8CB /* Frame+Extension.swift */; };
		BC09327C2C1A8F5200D3F8CB /* Keyboard+Extension.swift in Sources */ = {isa = PBXBuildFile; fileRef = BC09325F2C1A8F5200D3F8CB /* Keyboard+Extension.swift */; };
		BC09327F2C1A8F5200D3F8CB /* Preview Assets.xcassets in Resources */ = {isa = PBXBuildFile; fileRef = BC0932642C1A8F5200D3F8CB /* Preview Assets.xcassets */; };
		BC0932832C1A8F5200D3F8CB /* ContentView.swift in Sources */ = {isa = PBXBuildFile; fileRef = BC09326A2C1A8F5200D3F8CB /* ContentView.swift */; };
		BC0932852C1A8F5200D3F8CB /* DesignSystemApp.swift in Sources */ = {isa = PBXBuildFile; fileRef = BC09326D2C1A8F5200D3F8CB /* DesignSystemApp.swift */; };
		BC0932862C1A8F5200D3F8CB /* PrimitiveType+Extension.swift in Sources */ = {isa = PBXBuildFile; fileRef = BC09326E2C1A8F5200D3F8CB /* PrimitiveType+Extension.swift */; };
		BC0932882C1A8F7900D3F8CB /* Assets.xcassets in Resources */ = {isa = PBXBuildFile; fileRef = BC0932872C1A8F7900D3F8CB /* Assets.xcassets */; };
		BC09328C2C1A9C1A00D3F8CB /* .swiftlint.yml in Resources */ = {isa = PBXBuildFile; fileRef = BC09328B2C1A9C1A00D3F8CB /* .swiftlint.yml */; };
		BC09328F2C1AA13D00D3F8CB /* .gitignore in Resources */ = {isa = PBXBuildFile; fileRef = BC09328E2C1AA13D00D3F8CB /* .gitignore */; };
		BC0932912C1AA4B300D3F8CB /* AnyShape.swift in Sources */ = {isa = PBXBuildFile; fileRef = BC0932902C1AA4B300D3F8CB /* AnyShape.swift */; };
		BC0932962C1ABF7000D3F8CB /* CheckboxBookView.swift in Sources */ = {isa = PBXBuildFile; fileRef = BC0932952C1ABF7000D3F8CB /* CheckboxBookView.swift */; };
		BC0932BC2C1AED0600D3F8CB /* AnyView.swift in Sources */ = {isa = PBXBuildFile; fileRef = BC0932BB2C1AED0600D3F8CB /* AnyView.swift */; };
		BC0932BE2C1AF40200D3F8CB /* RadioButtonBookView.swift in Sources */ = {isa = PBXBuildFile; fileRef = BC0932BD2C1AF40200D3F8CB /* RadioButtonBookView.swift */; };
		BC0933E22C1B2C1A00D3F8CB /* CheckButton.swift in Sources */ = {isa = PBXBuildFile; fileRef = BC0933CC2C1B2C1A00D3F8CB /* CheckButton.swift */; };
		BC0933E32C1B2C1A00D3F8CB /* RadioGroup.swift in Sources */ = {isa = PBXBuildFile; fileRef = BC0933CE2C1B2C1A00D3F8CB /* RadioGroup.swift */; };
		BC0933E42C1B2C1A00D3F8CB /* SingleRadioButton.swift in Sources */ = {isa = PBXBuildFile; fileRef = BC0933D02C1B2C1A00D3F8CB /* SingleRadioButton.swift */; };
		BC0933E52C1B2C1A00D3F8CB /* RadioButton.swift in Sources */ = {isa = PBXBuildFile; fileRef = BC0933D22C1B2C1A00D3F8CB /* RadioButton.swift */; };
		BC0933E62C1B2C1A00D3F8CB /* BasicCheckButtonColorTheme.swift in Sources */ = {isa = PBXBuildFile; fileRef = BC0933D52C1B2C1A00D3F8CB /* BasicCheckButtonColorTheme.swift */; };
		BC0933E72C1B2C1A00D3F8CB /* BasicRadioButtonColorTheme.swift in Sources */ = {isa = PBXBuildFile; fileRef = BC0933D72C1B2C1A00D3F8CB /* BasicRadioButtonColorTheme.swift */; };
		BC0933E82C1B2C1A00D3F8CB /* ToggleButtonColorTheme.swift in Sources */ = {isa = PBXBuildFile; fileRef = BC0933D92C1B2C1A00D3F8CB /* ToggleButtonColorTheme.swift */; };
		BC0933E92C1B2C1A00D3F8CB /* ToggleButtonThemeType.swift in Sources */ = {isa = PBXBuildFile; fileRef = BC0933DA2C1B2C1A00D3F8CB /* ToggleButtonThemeType.swift */; };
		BC0933EA2C1B2C1A00D3F8CB /* BasicToggleButtonColor.swift in Sources */ = {isa = PBXBuildFile; fileRef = BC0933DC2C1B2C1A00D3F8CB /* BasicToggleButtonColor.swift */; };
		BC0933EB2C1B2C1A00D3F8CB /* BasicToggleButtonShape.swift in Sources */ = {isa = PBXBuildFile; fileRef = BC0933DD2C1B2C1A00D3F8CB /* BasicToggleButtonShape.swift */; };
		BC0933EC2C1B2C1A00D3F8CB /* ToggleButtonState.swift in Sources */ = {isa = PBXBuildFile; fileRef = BC0933DE2C1B2C1A00D3F8CB /* ToggleButtonState.swift */; };
		BC0933ED2C1B2C1A00D3F8CB /* ToggleButtonStyleFactory.swift in Sources */ = {isa = PBXBuildFile; fileRef = BC0933E02C1B2C1A00D3F8CB /* ToggleButtonStyleFactory.swift */; };
		BC0934112C1B2E1300D3F8CB /* RadioOption.swift in Sources */ = {isa = PBXBuildFile; fileRef = BC0934102C1B2E1300D3F8CB /* RadioOption.swift */; };
		BC0934132C1B34C500D3F8CB /* ClipboardHelper.swift in Sources */ = {isa = PBXBuildFile; fileRef = BC0934122C1B34C500D3F8CB /* ClipboardHelper.swift */; };
		BC18EC872C1DAFA50061599B /* TextFieldBookView.swift in Sources */ = {isa = PBXBuildFile; fileRef = BC18EC862C1DAFA50061599B /* TextFieldBookView.swift */; };
		BC18EC8D2C1DB1810061599B /* TextFieldStyleFactory.swift in Sources */ = {isa = PBXBuildFile; fileRef = BC18EC8C2C1DB1810061599B /* TextFieldStyleFactory.swift */; };
		BC18EC912C1DC39B0061599B /* README.md in Resources */ = {isa = PBXBuildFile; fileRef = BC18EC902C1DC39B0061599B /* README.md */; };
		BCFD537A2C1B5DCD00191F34 /* ButtonFigureTheme.swift in Sources */ = {isa = PBXBuildFile; fileRef = BCFD53792C1B5DCD00191F34 /* ButtonFigureTheme.swift */; };
		BCFD537C2C1B5E0A00191F34 /* BasicButtonFigureTheme.swift in Sources */ = {isa = PBXBuildFile; fileRef = BCFD537B2C1B5E0A00191F34 /* BasicButtonFigureTheme.swift */; };
		BCFD537F2C1B5F9D00191F34 /* GapOffset.swift in Sources */ = {isa = PBXBuildFile; fileRef = BCFD537E2C1B5F9D00191F34 /* GapOffset.swift */; };
		BCFD53832C1B628200191F34 /* RoundedOffset.swift in Sources */ = {isa = PBXBuildFile; fileRef = BCFD53822C1B628200191F34 /* RoundedOffset.swift */; };
		BCFD53852C1B656B00191F34 /* IndividualRoundedRectangle.swift in Sources */ = {isa = PBXBuildFile; fileRef = BCFD53842C1B656B00191F34 /* IndividualRoundedRectangle.swift */; };
		BCFD538B2C1B71BF00191F34 /* ToggleButtonFigureTheme.swift in Sources */ = {isa = PBXBuildFile; fileRef = BCFD538A2C1B71BF00191F34 /* ToggleButtonFigureTheme.swift */; };
		BCFD538D2C1B725600191F34 /* FrameOffset.swift in Sources */ = {isa = PBXBuildFile; fileRef = BCFD538C2C1B725600191F34 /* FrameOffset.swift */; };
		BCFD538F2C1B74BE00191F34 /* BasicToggleButtonFigureTheme.swift in Sources */ = {isa = PBXBuildFile; fileRef = BCFD538E2C1B74BE00191F34 /* BasicToggleButtonFigureTheme.swift */; };
		BCFD54582C1BE7E900191F34 /* GrayButtonColorTheme.swift in Sources */ = {isa = PBXBuildFile; fileRef = BCFD54512C1BE7E900191F34 /* GrayButtonColorTheme.swift */; };
		BCFD545B2C1BE7E900191F34 /* BasicButtonShape.swift in Sources */ = {isa = PBXBuildFile; fileRef = BCFD54542C1BE7E900191F34 /* BasicButtonShape.swift */; };
		BCFD545C2C1BE7E900191F34 /* BasicButtonSize.swift in Sources */ = {isa = PBXBuildFile; fileRef = BCFD54552C1BE7E900191F34 /* BasicButtonSize.swift */; };
		BCFD545D2C1BE7E900191F34 /* BasicButtonVariant.swift in Sources */ = {isa = PBXBuildFile; fileRef = BCFD54562C1BE7E900191F34 /* BasicButtonVariant.swift */; };
		BCFD545F2C1BECA900191F34 /* BasicButtonBookView.swift in Sources */ = {isa = PBXBuildFile; fileRef = BCFD545E2C1BECA900191F34 /* BasicButtonBookView.swift */; };
		BCFD54652C1BEFAC00191F34 /* GrayButtonBookView.swift in Sources */ = {isa = PBXBuildFile; fileRef = BCFD54642C1BEFAC00191F34 /* GrayButtonBookView.swift */; };
		BCFD54672C1BEFEA00191F34 /* GrayButtonColor.swift in Sources */ = {isa = PBXBuildFile; fileRef = BCFD54662C1BEFEA00191F34 /* GrayButtonColor.swift */; };
/* End PBXBuildFile section */

/* Begin PBXFileReference section */
		BC05D3AD2C1DCC67006C599B /* BasicTextFieldVariant.swift */ = {isa = PBXFileReference; lastKnownFileType = sourcecode.swift; path = BasicTextFieldVariant.swift; sourceTree = "<group>"; };
		BC05D3B02C1DCCC6006C599B /* TextFieldAllState.swift */ = {isa = PBXFileReference; lastKnownFileType = sourcecode.swift; path = TextFieldAllState.swift; sourceTree = "<group>"; };
		BC05D3B22C1DCD37006C599B /* TextFieldColorTheme.swift */ = {isa = PBXFileReference; lastKnownFileType = sourcecode.swift; path = TextFieldColorTheme.swift; sourceTree = "<group>"; };
		BC05D3B42C1DCD46006C599B /* BasicTextFieldSize.swift */ = {isa = PBXFileReference; lastKnownFileType = sourcecode.swift; path = BasicTextFieldSize.swift; sourceTree = "<group>"; };
		BC05D3B62C1DCE2F006C599B /* BasicTextFieldShape.swift */ = {isa = PBXFileReference; lastKnownFileType = sourcecode.swift; path = BasicTextFieldShape.swift; sourceTree = "<group>"; };
		BC05D3B82C1DCEB1006C599B /* TextFieldFigureTheme.swift */ = {isa = PBXFileReference; lastKnownFileType = sourcecode.swift; path = TextFieldFigureTheme.swift; sourceTree = "<group>"; };
		BC05D3BA2C1DCEF9006C599B /* TextFieldThemeType.swift */ = {isa = PBXFileReference; lastKnownFileType = sourcecode.swift; path = TextFieldThemeType.swift; sourceTree = "<group>"; };
		BC05D3BD2C1DCF7B006C599B /* TextField+Extension.swift */ = {isa = PBXFileReference; lastKnownFileType = sourcecode.swift; path = "TextField+Extension.swift"; sourceTree = "<group>"; };
		BC05D3C12C1DD3FF006C599B /* BasicTextFieldColor.swift */ = {isa = PBXFileReference; lastKnownFileType = sourcecode.swift; path = BasicTextFieldColor.swift; sourceTree = "<group>"; };
		BC05D3C32C1DD4D2006C599B /* BasicTextFieldColorTheme.swift */ = {isa = PBXFileReference; lastKnownFileType = sourcecode.swift; path = BasicTextFieldColorTheme.swift; sourceTree = "<group>"; };
		BC05D3C52C1DD4DC006C599B /* BasicTextFieldFigureTheme.swift */ = {isa = PBXFileReference; lastKnownFileType = sourcecode.swift; path = BasicTextFieldFigureTheme.swift; sourceTree = "<group>"; };
		BC05D3C72C1DD855006C599B /* TextFieldState.swift */ = {isa = PBXFileReference; lastKnownFileType = sourcecode.swift; path = TextFieldState.swift; sourceTree = "<group>"; };
		BC05D3C92C1DFB15006C599B /* AnimationFactory.swift */ = {isa = PBXFileReference; lastKnownFileType = sourcecode.swift; path = AnimationFactory.swift; sourceTree = "<group>"; };
		BC09324E2C1A8F5200D3F8CB /* BasicButtonColorTheme.swift */ = {isa = PBXFileReference; fileEncoding = 4; lastKnownFileType = sourcecode.swift; path = BasicButtonColorTheme.swift; sourceTree = "<group>"; };
		BC0932502C1A8F5200D3F8CB /* ButtonColorTheme.swift */ = {isa = PBXFileReference; fileEncoding = 4; lastKnownFileType = sourcecode.swift; path = ButtonColorTheme.swift; sourceTree = "<group>"; };
		BC0932512C1A8F5200D3F8CB /* ButtonThemeType.swift */ = {isa = PBXFileReference; fileEncoding = 4; lastKnownFileType = sourcecode.swift; path = ButtonThemeType.swift; sourceTree = "<group>"; };
		BC0932532C1A8F5200D3F8CB /* BasicButtonColor.swift */ = {isa = PBXFileReference; fileEncoding = 4; lastKnownFileType = sourcecode.swift; path = BasicButtonColor.swift; sourceTree = "<group>"; };
		BC0932542C1A8F5200D3F8CB /* ButtonState.swift */ = {isa = PBXFileReference; fileEncoding = 4; lastKnownFileType = sourcecode.swift; path = ButtonState.swift; sourceTree = "<group>"; };
		BC09325A2C1A8F5200D3F8CB /* ButtonStyleFactory.swift */ = {isa = PBXFileReference; fileEncoding = 4; lastKnownFileType = sourcecode.swift; path = ButtonStyleFactory.swift; sourceTree = "<group>"; };
		BC09325B2C1A8F5200D3F8CB /* Button+Extension.swift */ = {isa = PBXFileReference; fileEncoding = 4; lastKnownFileType = sourcecode.swift; path = "Button+Extension.swift"; sourceTree = "<group>"; };
		BC09325D2C1A8F5200D3F8CB /* BackButton+Extension.swift */ = {isa = PBXFileReference; fileEncoding = 4; lastKnownFileType = sourcecode.swift; path = "BackButton+Extension.swift"; sourceTree = "<group>"; };
		BC09325E2C1A8F5200D3F8CB /* Frame+Extension.swift */ = {isa = PBXFileReference; fileEncoding = 4; lastKnownFileType = sourcecode.swift; path = "Frame+Extension.swift"; sourceTree = "<group>"; };
		BC09325F2C1A8F5200D3F8CB /* Keyboard+Extension.swift */ = {isa = PBXFileReference; fileEncoding = 4; lastKnownFileType = sourcecode.swift; path = "Keyboard+Extension.swift"; sourceTree = "<group>"; };
		BC0932642C1A8F5200D3F8CB /* Preview Assets.xcassets */ = {isa = PBXFileReference; lastKnownFileType = folder.assetcatalog; path = "Preview Assets.xcassets"; sourceTree = "<group>"; };
		BC09326A2C1A8F5200D3F8CB /* ContentView.swift */ = {isa = PBXFileReference; fileEncoding = 4; lastKnownFileType = sourcecode.swift; path = ContentView.swift; sourceTree = "<group>"; };
		BC09326D2C1A8F5200D3F8CB /* DesignSystemApp.swift */ = {isa = PBXFileReference; fileEncoding = 4; lastKnownFileType = sourcecode.swift; path = DesignSystemApp.swift; sourceTree = "<group>"; };
		BC09326E2C1A8F5200D3F8CB /* PrimitiveType+Extension.swift */ = {isa = PBXFileReference; fileEncoding = 4; lastKnownFileType = sourcecode.swift; path = "PrimitiveType+Extension.swift"; sourceTree = "<group>"; };
		BC0932872C1A8F7900D3F8CB /* Assets.xcassets */ = {isa = PBXFileReference; lastKnownFileType = folder.assetcatalog; path = Assets.xcassets; sourceTree = "<group>"; };
		BC09328B2C1A9C1A00D3F8CB /* .swiftlint.yml */ = {isa = PBXFileReference; fileEncoding = 4; lastKnownFileType = text.yaml; path = .swiftlint.yml; sourceTree = "<group>"; };
		BC09328E2C1AA13D00D3F8CB /* .gitignore */ = {isa = PBXFileReference; fileEncoding = 4; lastKnownFileType = text; path = .gitignore; sourceTree = "<group>"; };
		BC0932902C1AA4B300D3F8CB /* AnyShape.swift */ = {isa = PBXFileReference; lastKnownFileType = sourcecode.swift; path = AnyShape.swift; sourceTree = "<group>"; };
		BC0932952C1ABF7000D3F8CB /* CheckboxBookView.swift */ = {isa = PBXFileReference; lastKnownFileType = sourcecode.swift; path = CheckboxBookView.swift; sourceTree = "<group>"; };
		BC0932BB2C1AED0600D3F8CB /* AnyView.swift */ = {isa = PBXFileReference; lastKnownFileType = sourcecode.swift; path = AnyView.swift; sourceTree = "<group>"; };
		BC0932BD2C1AF40200D3F8CB /* RadioButtonBookView.swift */ = {isa = PBXFileReference; lastKnownFileType = sourcecode.swift; path = RadioButtonBookView.swift; sourceTree = "<group>"; };
		BC0933CC2C1B2C1A00D3F8CB /* CheckButton.swift */ = {isa = PBXFileReference; fileEncoding = 4; lastKnownFileType = sourcecode.swift; path = CheckButton.swift; sourceTree = "<group>"; };
		BC0933CE2C1B2C1A00D3F8CB /* RadioGroup.swift */ = {isa = PBXFileReference; fileEncoding = 4; lastKnownFileType = sourcecode.swift; path = RadioGroup.swift; sourceTree = "<group>"; };
		BC0933D02C1B2C1A00D3F8CB /* SingleRadioButton.swift */ = {isa = PBXFileReference; fileEncoding = 4; lastKnownFileType = sourcecode.swift; path = SingleRadioButton.swift; sourceTree = "<group>"; };
		BC0933D22C1B2C1A00D3F8CB /* RadioButton.swift */ = {isa = PBXFileReference; fileEncoding = 4; lastKnownFileType = sourcecode.swift; path = RadioButton.swift; sourceTree = "<group>"; };
		BC0933D52C1B2C1A00D3F8CB /* BasicCheckButtonColorTheme.swift */ = {isa = PBXFileReference; fileEncoding = 4; lastKnownFileType = sourcecode.swift; path = BasicCheckButtonColorTheme.swift; sourceTree = "<group>"; };
		BC0933D72C1B2C1A00D3F8CB /* BasicRadioButtonColorTheme.swift */ = {isa = PBXFileReference; fileEncoding = 4; lastKnownFileType = sourcecode.swift; path = BasicRadioButtonColorTheme.swift; sourceTree = "<group>"; };
		BC0933D92C1B2C1A00D3F8CB /* ToggleButtonColorTheme.swift */ = {isa = PBXFileReference; fileEncoding = 4; lastKnownFileType = sourcecode.swift; path = ToggleButtonColorTheme.swift; sourceTree = "<group>"; };
		BC0933DA2C1B2C1A00D3F8CB /* ToggleButtonThemeType.swift */ = {isa = PBXFileReference; fileEncoding = 4; lastKnownFileType = sourcecode.swift; path = ToggleButtonThemeType.swift; sourceTree = "<group>"; };
		BC0933DC2C1B2C1A00D3F8CB /* BasicToggleButtonColor.swift */ = {isa = PBXFileReference; fileEncoding = 4; lastKnownFileType = sourcecode.swift; path = BasicToggleButtonColor.swift; sourceTree = "<group>"; };
		BC0933DD2C1B2C1A00D3F8CB /* BasicToggleButtonShape.swift */ = {isa = PBXFileReference; fileEncoding = 4; lastKnownFileType = sourcecode.swift; path = BasicToggleButtonShape.swift; sourceTree = "<group>"; };
		BC0933DE2C1B2C1A00D3F8CB /* ToggleButtonState.swift */ = {isa = PBXFileReference; fileEncoding = 4; lastKnownFileType = sourcecode.swift; path = ToggleButtonState.swift; sourceTree = "<group>"; };
		BC0933E02C1B2C1A00D3F8CB /* ToggleButtonStyleFactory.swift */ = {isa = PBXFileReference; fileEncoding = 4; lastKnownFileType = sourcecode.swift; path = ToggleButtonStyleFactory.swift; sourceTree = "<group>"; };
		BC0934102C1B2E1300D3F8CB /* RadioOption.swift */ = {isa = PBXFileReference; lastKnownFileType = sourcecode.swift; path = RadioOption.swift; sourceTree = "<group>"; };
		BC0934122C1B34C500D3F8CB /* ClipboardHelper.swift */ = {isa = PBXFileReference; lastKnownFileType = sourcecode.swift; path = ClipboardHelper.swift; sourceTree = "<group>"; };
		BC18EC862C1DAFA50061599B /* TextFieldBookView.swift */ = {isa = PBXFileReference; lastKnownFileType = sourcecode.swift; path = TextFieldBookView.swift; sourceTree = "<group>"; };
		BC18EC8C2C1DB1810061599B /* TextFieldStyleFactory.swift */ = {isa = PBXFileReference; lastKnownFileType = sourcecode.swift; path = TextFieldStyleFactory.swift; sourceTree = "<group>"; };
		BC18EC902C1DC39B0061599B /* README.md */ = {isa = PBXFileReference; fileEncoding = 4; lastKnownFileType = net.daringfireball.markdown; path = README.md; sourceTree = "<group>"; };
		BC9046B52C1A8EA40038970D /* DesignSystemBookApp.app */ = {isa = PBXFileReference; explicitFileType = wrapper.application; includeInIndex = 0; path = DesignSystemBookApp.app; sourceTree = BUILT_PRODUCTS_DIR; };
		BCFD53792C1B5DCD00191F34 /* ButtonFigureTheme.swift */ = {isa = PBXFileReference; lastKnownFileType = sourcecode.swift; path = ButtonFigureTheme.swift; sourceTree = "<group>"; };
		BCFD537B2C1B5E0A00191F34 /* BasicButtonFigureTheme.swift */ = {isa = PBXFileReference; lastKnownFileType = sourcecode.swift; path = BasicButtonFigureTheme.swift; sourceTree = "<group>"; };
		BCFD537E2C1B5F9D00191F34 /* GapOffset.swift */ = {isa = PBXFileReference; lastKnownFileType = sourcecode.swift; path = GapOffset.swift; sourceTree = "<group>"; };
		BCFD53822C1B628200191F34 /* RoundedOffset.swift */ = {isa = PBXFileReference; lastKnownFileType = sourcecode.swift; path = RoundedOffset.swift; sourceTree = "<group>"; };
		BCFD53842C1B656B00191F34 /* IndividualRoundedRectangle.swift */ = {isa = PBXFileReference; lastKnownFileType = sourcecode.swift; path = IndividualRoundedRectangle.swift; sourceTree = "<group>"; };
		BCFD538A2C1B71BF00191F34 /* ToggleButtonFigureTheme.swift */ = {isa = PBXFileReference; lastKnownFileType = sourcecode.swift; path = ToggleButtonFigureTheme.swift; sourceTree = "<group>"; };
		BCFD538C2C1B725600191F34 /* FrameOffset.swift */ = {isa = PBXFileReference; lastKnownFileType = sourcecode.swift; path = FrameOffset.swift; sourceTree = "<group>"; };
		BCFD538E2C1B74BE00191F34 /* BasicToggleButtonFigureTheme.swift */ = {isa = PBXFileReference; lastKnownFileType = sourcecode.swift; path = BasicToggleButtonFigureTheme.swift; sourceTree = "<group>"; };
		BCFD54512C1BE7E900191F34 /* GrayButtonColorTheme.swift */ = {isa = PBXFileReference; fileEncoding = 4; lastKnownFileType = sourcecode.swift; path = GrayButtonColorTheme.swift; sourceTree = "<group>"; };
		BCFD54542C1BE7E900191F34 /* BasicButtonShape.swift */ = {isa = PBXFileReference; fileEncoding = 4; lastKnownFileType = sourcecode.swift; path = BasicButtonShape.swift; sourceTree = "<group>"; };
		BCFD54552C1BE7E900191F34 /* BasicButtonSize.swift */ = {isa = PBXFileReference; fileEncoding = 4; lastKnownFileType = sourcecode.swift; path = BasicButtonSize.swift; sourceTree = "<group>"; };
		BCFD54562C1BE7E900191F34 /* BasicButtonVariant.swift */ = {isa = PBXFileReference; fileEncoding = 4; lastKnownFileType = sourcecode.swift; path = BasicButtonVariant.swift; sourceTree = "<group>"; };
		BCFD545E2C1BECA900191F34 /* BasicButtonBookView.swift */ = {isa = PBXFileReference; fileEncoding = 4; lastKnownFileType = sourcecode.swift; path = BasicButtonBookView.swift; sourceTree = "<group>"; };
		BCFD54642C1BEFAC00191F34 /* GrayButtonBookView.swift */ = {isa = PBXFileReference; lastKnownFileType = sourcecode.swift; path = GrayButtonBookView.swift; sourceTree = "<group>"; };
		BCFD54662C1BEFEA00191F34 /* GrayButtonColor.swift */ = {isa = PBXFileReference; lastKnownFileType = sourcecode.swift; path = GrayButtonColor.swift; sourceTree = "<group>"; };
/* End PBXFileReference section */

/* Begin PBXFrameworksBuildPhase section */
		BC9046B22C1A8EA40038970D /* Frameworks */ = {
			isa = PBXFrameworksBuildPhase;
			buildActionMask = 2147483647;
			files = (
			);
			runOnlyForDeploymentPostprocessing = 0;
		};
/* End PBXFrameworksBuildPhase section */

/* Begin PBXGroup section */
		BC05D3AB2C1DCB6C006C599B /* TextField */ = {
			isa = PBXGroup;
			children = (
				BC05D3BD2C1DCF7B006C599B /* TextField+Extension.swift */,
			);
			path = TextField;
			sourceTree = "<group>";
		};
		BC05D3AC2C1DCB75006C599B /* SearchBar */ = {
			isa = PBXGroup;
			children = (
			);
			path = SearchBar;
			sourceTree = "<group>";
		};
		BC05D3AF2C1DCCB8006C599B /* Token */ = {
			isa = PBXGroup;
			children = (
				BC05D3C72C1DD855006C599B /* TextFieldState.swift */,
				BC05D3B02C1DCCC6006C599B /* TextFieldAllState.swift */,
			);
			path = Token;
			sourceTree = "<group>";
		};
		BC05D3BC2C1DCF44006C599B /* Typo */ = {
			isa = PBXGroup;
			children = (
			);
			path = Typo;
			sourceTree = "<group>";
		};
		BC09324F2C1A8F5200D3F8CB /* Basic */ = {
			isa = PBXGroup;
			children = (
				BC09324E2C1A8F5200D3F8CB /* BasicButtonColorTheme.swift */,
				BCFD537B2C1B5E0A00191F34 /* BasicButtonFigureTheme.swift */,
				BC0932592C1A8F5200D3F8CB /* Token */,
			);
			path = Basic;
			sourceTree = "<group>";
		};
		BC0932522C1A8F5200D3F8CB /* Theme */ = {
			isa = PBXGroup;
			children = (
				BC0932502C1A8F5200D3F8CB /* ButtonColorTheme.swift */,
				BCFD53792C1B5DCD00191F34 /* ButtonFigureTheme.swift */,
				BC0932512C1A8F5200D3F8CB /* ButtonThemeType.swift */,
				BCFD53802C1B5FCC00191F34 /* Common */,
				BC09324F2C1A8F5200D3F8CB /* Basic */,
				BCFD54502C1BE75600191F34 /* Gray */,
			);
			path = Theme;
			sourceTree = "<group>";
		};
		BC0932592C1A8F5200D3F8CB /* Token */ = {
			isa = PBXGroup;
			children = (
				BC0932532C1A8F5200D3F8CB /* BasicButtonColor.swift */,
				BCFD54542C1BE7E900191F34 /* BasicButtonShape.swift */,
				BCFD54552C1BE7E900191F34 /* BasicButtonSize.swift */,
				BCFD54562C1BE7E900191F34 /* BasicButtonVariant.swift */,
			);
			path = Token;
			sourceTree = "<group>";
		};
		BC09325C2C1A8F5200D3F8CB /* Button */ = {
			isa = PBXGroup;
			children = (
				BC18EC902C1DC39B0061599B /* README.md */,
				BC09325A2C1A8F5200D3F8CB /* ButtonStyleFactory.swift */,
				BC0932522C1A8F5200D3F8CB /* Theme */,
				BCFD53892C1B6F9F00191F34 /* Component */,
			);
			path = Button;
			sourceTree = "<group>";
		};
		BC0932602C1A8F5200D3F8CB /* Util */ = {
			isa = PBXGroup;
			children = (
				BC0934122C1B34C500D3F8CB /* ClipboardHelper.swift */,
				BC09325D2C1A8F5200D3F8CB /* BackButton+Extension.swift */,
				BC09325E2C1A8F5200D3F8CB /* Frame+Extension.swift */,
				BC09325F2C1A8F5200D3F8CB /* Keyboard+Extension.swift */,
			);
			path = Util;
			sourceTree = "<group>";
		};
		BC0932632C1A8F5200D3F8CB /* SwiftUIFoundation */ = {
			isa = PBXGroup;
			children = (
				BCFD537D2C1B5F9100191F34 /* Common */,
				BC18EC882C1DB0970061599B /* TextField */,
				BC05D3BC2C1DCF44006C599B /* Typo */,
				BC0933E12C1B2C1A00D3F8CB /* ToggleButton */,
				BC09325C2C1A8F5200D3F8CB /* Button */,
				BC0932602C1A8F5200D3F8CB /* Util */,
			);
			path = SwiftUIFoundation;
			sourceTree = "<group>";
		};
		BC0932652C1A8F5200D3F8CB /* Preview Content */ = {
			isa = PBXGroup;
			children = (
				BC0932642C1A8F5200D3F8CB /* Preview Assets.xcassets */,
			);
			path = "Preview Content";
			sourceTree = "<group>";
		};
		BC09326B2C1A8F5200D3F8CB /* SwiftUIView */ = {
			isa = PBXGroup;
			children = (
				BC09326A2C1A8F5200D3F8CB /* ContentView.swift */,
				BC18EC832C1DAF7C0061599B /* TextField */,
				BCFD54632C1BECF000191F34 /* ToggleButton */,
				BCFD54622C1BECEA00191F34 /* Button */,
			);
			path = SwiftUIView;
			sourceTree = "<group>";
		};
		BC09326F2C1A8F5200D3F8CB /* DesignSystemBookApp */ = {
			isa = PBXGroup;
			children = (
				BC09326D2C1A8F5200D3F8CB /* DesignSystemApp.swift */,
				BC09326E2C1A8F5200D3F8CB /* PrimitiveType+Extension.swift */,
				BC0932872C1A8F7900D3F8CB /* Assets.xcassets */,
				BC0932632C1A8F5200D3F8CB /* SwiftUIFoundation */,
				BC09326B2C1A8F5200D3F8CB /* SwiftUIView */,
				BC0932652C1A8F5200D3F8CB /* Preview Content */,
			);
			path = DesignSystemBookApp;
			sourceTree = "<group>";
		};
		BC0933CD2C1B2C1A00D3F8CB /* CheckButton */ = {
			isa = PBXGroup;
			children = (
				BC0933CC2C1B2C1A00D3F8CB /* CheckButton.swift */,
			);
			path = CheckButton;
			sourceTree = "<group>";
		};
		BC0933CF2C1B2C1A00D3F8CB /* RadioGroup */ = {
			isa = PBXGroup;
			children = (
				BC0933CE2C1B2C1A00D3F8CB /* RadioGroup.swift */,
				BC0934102C1B2E1300D3F8CB /* RadioOption.swift */,
			);
			path = RadioGroup;
			sourceTree = "<group>";
		};
		BC0933D12C1B2C1A00D3F8CB /* Single */ = {
			isa = PBXGroup;
			children = (
				BC0933D02C1B2C1A00D3F8CB /* SingleRadioButton.swift */,
			);
			path = Single;
			sourceTree = "<group>";
		};
		BC0933D32C1B2C1A00D3F8CB /* RadioButton */ = {
			isa = PBXGroup;
			children = (
				BC0933CF2C1B2C1A00D3F8CB /* RadioGroup */,
				BC0933D12C1B2C1A00D3F8CB /* Single */,
				BC0933D22C1B2C1A00D3F8CB /* RadioButton.swift */,
			);
			path = RadioButton;
			sourceTree = "<group>";
		};
		BC0933D42C1B2C1A00D3F8CB /* Component */ = {
			isa = PBXGroup;
			children = (
				BC0933CD2C1B2C1A00D3F8CB /* CheckButton */,
				BC0933D32C1B2C1A00D3F8CB /* RadioButton */,
			);
			path = Component;
			sourceTree = "<group>";
		};
		BC0933DB2C1B2C1A00D3F8CB /* Theme */ = {
			isa = PBXGroup;
			children = (
				BC0933D92C1B2C1A00D3F8CB /* ToggleButtonColorTheme.swift */,
				BCFD538A2C1B71BF00191F34 /* ToggleButtonFigureTheme.swift */,
				BC0933DA2C1B2C1A00D3F8CB /* ToggleButtonThemeType.swift */,
				BCFD53872C1B6E2000191F34 /* Common */,
				BCFD53862C1B6DDD00191F34 /* Basic */,
			);
			path = Theme;
			sourceTree = "<group>";
		};
		BC0933DF2C1B2C1A00D3F8CB /* Token */ = {
			isa = PBXGroup;
			children = (
				BC0933DC2C1B2C1A00D3F8CB /* BasicToggleButtonColor.swift */,
				BC0933DD2C1B2C1A00D3F8CB /* BasicToggleButtonShape.swift */,
			);
			path = Token;
			sourceTree = "<group>";
		};
		BC0933E12C1B2C1A00D3F8CB /* ToggleButton */ = {
			isa = PBXGroup;
			children = (
				BC0933E02C1B2C1A00D3F8CB /* ToggleButtonStyleFactory.swift */,
				BC0933DB2C1B2C1A00D3F8CB /* Theme */,
				BC0933D42C1B2C1A00D3F8CB /* Component */,
			);
			path = ToggleButton;
			sourceTree = "<group>";
		};
		BC18EC832C1DAF7C0061599B /* TextField */ = {
			isa = PBXGroup;
			children = (
				BC18EC862C1DAFA50061599B /* TextFieldBookView.swift */,
			);
			path = TextField;
			sourceTree = "<group>";
		};
		BC18EC882C1DB0970061599B /* TextField */ = {
			isa = PBXGroup;
			children = (
				BC18EC8C2C1DB1810061599B /* TextFieldStyleFactory.swift */,
				BC18EC892C1DB0E20061599B /* Theme */,
				BC18EC8A2C1DB0E70061599B /* Component */,
			);
			path = TextField;
			sourceTree = "<group>";
		};
		BC18EC892C1DB0E20061599B /* Theme */ = {
			isa = PBXGroup;
			children = (
				BC05D3B22C1DCD37006C599B /* TextFieldColorTheme.swift */,
				BC05D3B82C1DCEB1006C599B /* TextFieldFigureTheme.swift */,
				BC05D3BA2C1DCEF9006C599B /* TextFieldThemeType.swift */,
				BC18EC932C1DC4DA0061599B /* Common */,
				BC18EC922C1DC4D00061599B /* Basic */,
			);
			path = Theme;
			sourceTree = "<group>";
		};
		BC18EC8A2C1DB0E70061599B /* Component */ = {
			isa = PBXGroup;
			children = (
				BC05D3AC2C1DCB75006C599B /* SearchBar */,
				BC05D3AB2C1DCB6C006C599B /* TextField */,
			);
			path = Component;
			sourceTree = "<group>";
		};
		BC18EC922C1DC4D00061599B /* Basic */ = {
			isa = PBXGroup;
			children = (
				BC05D3C32C1DD4D2006C599B /* BasicTextFieldColorTheme.swift */,
				BC05D3C52C1DD4DC006C599B /* BasicTextFieldFigureTheme.swift */,
				BC18EC942C1DC4E70061599B /* Token */,
			);
			path = Basic;
			sourceTree = "<group>";
		};
		BC18EC932C1DC4DA0061599B /* Common */ = {
			isa = PBXGroup;
			children = (
				BC05D3AF2C1DCCB8006C599B /* Token */,
			);
			path = Common;
			sourceTree = "<group>";
		};
		BC18EC942C1DC4E70061599B /* Token */ = {
			isa = PBXGroup;
			children = (
				BC05D3AD2C1DCC67006C599B /* BasicTextFieldVariant.swift */,
				BC05D3B42C1DCD46006C599B /* BasicTextFieldSize.swift */,
				BC05D3B62C1DCE2F006C599B /* BasicTextFieldShape.swift */,
				BC05D3C12C1DD3FF006C599B /* BasicTextFieldColor.swift */,
			);
			path = Token;
			sourceTree = "<group>";
		};
		BC9046AC2C1A8EA40038970D = {
			isa = PBXGroup;
			children = (
				BC09328E2C1AA13D00D3F8CB /* .gitignore */,
				BC09328B2C1A9C1A00D3F8CB /* .swiftlint.yml */,
				BC09326F2C1A8F5200D3F8CB /* DesignSystemBookApp */,
				BC9046B62C1A8EA40038970D /* Products */,
			);
			sourceTree = "<group>";
		};
		BC9046B62C1A8EA40038970D /* Products */ = {
			isa = PBXGroup;
			children = (
				BC9046B52C1A8EA40038970D /* DesignSystemBookApp.app */,
			);
			name = Products;
			sourceTree = "<group>";
		};
		BCFD537D2C1B5F9100191F34 /* Common */ = {
			isa = PBXGroup;
			children = (
				BC0932902C1AA4B300D3F8CB /* AnyShape.swift */,
				BC0932BB2C1AED0600D3F8CB /* AnyView.swift */,
				BCFD537E2C1B5F9D00191F34 /* GapOffset.swift */,
				BCFD538C2C1B725600191F34 /* FrameOffset.swift */,
				BCFD53822C1B628200191F34 /* RoundedOffset.swift */,
				BCFD53842C1B656B00191F34 /* IndividualRoundedRectangle.swift */,
				BC05D3C92C1DFB15006C599B /* AnimationFactory.swift */,
			);
			path = Common;
			sourceTree = "<group>";
		};
		BCFD53802C1B5FCC00191F34 /* Common */ = {
			isa = PBXGroup;
			children = (
				BCFD53812C1B5FD900191F34 /* Token */,
			);
			path = Common;
			sourceTree = "<group>";
		};
		BCFD53812C1B5FD900191F34 /* Token */ = {
			isa = PBXGroup;
			children = (
				BC0932542C1A8F5200D3F8CB /* ButtonState.swift */,
			);
			path = Token;
			sourceTree = "<group>";
		};
		BCFD53862C1B6DDD00191F34 /* Basic */ = {
			isa = PBXGroup;
			children = (
				BCFD538E2C1B74BE00191F34 /* BasicToggleButtonFigureTheme.swift */,
				BC0933D52C1B2C1A00D3F8CB /* BasicCheckButtonColorTheme.swift */,
				BC0933D72C1B2C1A00D3F8CB /* BasicRadioButtonColorTheme.swift */,
				BC0933DF2C1B2C1A00D3F8CB /* Token */,
			);
			path = Basic;
			sourceTree = "<group>";
		};
		BCFD53872C1B6E2000191F34 /* Common */ = {
			isa = PBXGroup;
			children = (
				BCFD53882C1B6F8300191F34 /* Token */,
			);
			path = Common;
			sourceTree = "<group>";
		};
		BCFD53882C1B6F8300191F34 /* Token */ = {
			isa = PBXGroup;
			children = (
				BC0933DE2C1B2C1A00D3F8CB /* ToggleButtonState.swift */,
			);
			path = Token;
			sourceTree = "<group>";
		};
		BCFD53892C1B6F9F00191F34 /* Component */ = {
			isa = PBXGroup;
			children = (
				BC09325B2C1A8F5200D3F8CB /* Button+Extension.swift */,
			);
			path = Component;
			sourceTree = "<group>";
		};
		BCFD54502C1BE75600191F34 /* Gray */ = {
			isa = PBXGroup;
			children = (
				BCFD54512C1BE7E900191F34 /* GrayButtonColorTheme.swift */,
				BCFD54572C1BE7E900191F34 /* Token */,
			);
			path = Gray;
			sourceTree = "<group>";
		};
		BCFD54572C1BE7E900191F34 /* Token */ = {
			isa = PBXGroup;
			children = (
				BCFD54662C1BEFEA00191F34 /* GrayButtonColor.swift */,
			);
			path = Token;
			sourceTree = "<group>";
		};
		BCFD54622C1BECEA00191F34 /* Button */ = {
			isa = PBXGroup;
			children = (
				BCFD545E2C1BECA900191F34 /* BasicButtonBookView.swift */,
				BCFD54642C1BEFAC00191F34 /* GrayButtonBookView.swift */,
			);
			path = Button;
			sourceTree = "<group>";
		};
		BCFD54632C1BECF000191F34 /* ToggleButton */ = {
			isa = PBXGroup;
			children = (
				BC0932952C1ABF7000D3F8CB /* CheckboxBookView.swift */,
				BC0932BD2C1AF40200D3F8CB /* RadioButtonBookView.swift */,
			);
			path = ToggleButton;
			sourceTree = "<group>";
		};
/* End PBXGroup section */

/* Begin PBXNativeTarget section */
		BC9046B42C1A8EA40038970D /* DesignSystemBookApp */ = {
			isa = PBXNativeTarget;
			buildConfigurationList = BC9046C32C1A8EA50038970D /* Build configuration list for PBXNativeTarget "DesignSystemBookApp" */;
			buildPhases = (
				BC9046B12C1A8EA40038970D /* Sources */,
				BC9046B22C1A8EA40038970D /* Frameworks */,
				BC9046B32C1A8EA40038970D /* Resources */,
				BC09328D2C1A9C2700D3F8CB /* Run Script */,
			);
			buildRules = (
			);
			dependencies = (
			);
			name = DesignSystemBookApp;
			productName = DesignSystem;
			productReference = BC9046B52C1A8EA40038970D /* DesignSystemBookApp.app */;
			productType = "com.apple.product-type.application";
		};
/* End PBXNativeTarget section */

/* Begin PBXProject section */
		BC9046AD2C1A8EA40038970D /* Project object */ = {
			isa = PBXProject;
			attributes = {
				BuildIndependentTargetsInParallel = 1;
				LastSwiftUpdateCheck = 1540;
				LastUpgradeCheck = 1540;
				TargetAttributes = {
					BC9046B42C1A8EA40038970D = {
						CreatedOnToolsVersion = 15.4;
					};
				};
			};
			buildConfigurationList = BC9046B02C1A8EA40038970D /* Build configuration list for PBXProject "DesignSystemBookApp" */;
			compatibilityVersion = "Xcode 14.0";
			developmentRegion = en;
			hasScannedForEncodings = 0;
			knownRegions = (
				en,
				Base,
			);
			mainGroup = BC9046AC2C1A8EA40038970D;
			productRefGroup = BC9046B62C1A8EA40038970D /* Products */;
			projectDirPath = "";
			projectRoot = "";
			targets = (
				BC9046B42C1A8EA40038970D /* DesignSystemBookApp */,
			);
		};
/* End PBXProject section */

/* Begin PBXResourcesBuildPhase section */
		BC9046B32C1A8EA40038970D /* Resources */ = {
			isa = PBXResourcesBuildPhase;
			buildActionMask = 2147483647;
			files = (
				BC09328F2C1AA13D00D3F8CB /* .gitignore in Resources */,
				BC09328C2C1A9C1A00D3F8CB /* .swiftlint.yml in Resources */,
				BC18EC912C1DC39B0061599B /* README.md in Resources */,
				BC0932882C1A8F7900D3F8CB /* Assets.xcassets in Resources */,
				BC09327F2C1A8F5200D3F8CB /* Preview Assets.xcassets in Resources */,
			);
			runOnlyForDeploymentPostprocessing = 0;
		};
/* End PBXResourcesBuildPhase section */

/* Begin PBXShellScriptBuildPhase section */
		BC09328D2C1A9C2700D3F8CB /* Run Script */ = {
			isa = PBXShellScriptBuildPhase;
			buildActionMask = 2147483647;
			files = (
			);
			inputFileListPaths = (
			);
			inputPaths = (
			);
			name = "Run Script";
			outputFileListPaths = (
			);
			outputPaths = (
			);
			runOnlyForDeploymentPostprocessing = 0;
			shellPath = /bin/sh;
			shellScript = "if which swiftlint >/dev/null; then\n  swiftlint\nelse\n  echo \"warning: SwiftLint not installed, download from https://github.com/realm/SwiftLint\"\nfi\n";
		};
/* End PBXShellScriptBuildPhase section */

/* Begin PBXSourcesBuildPhase section */
		BC9046B12C1A8EA40038970D /* Sources */ = {
			isa = PBXSourcesBuildPhase;
			buildActionMask = 2147483647;
			files = (
				BC05D3C42C1DD4D2006C599B /* BasicTextFieldColorTheme.swift in Sources */,
				BC18EC872C1DAFA50061599B /* TextFieldBookView.swift in Sources */,
				BC0932712C1A8F5200D3F8CB /* ButtonColorTheme.swift in Sources */,
				BC05D3C62C1DD4DC006C599B /* BasicTextFieldFigureTheme.swift in Sources */,
				BC0933E92C1B2C1A00D3F8CB /* ToggleButtonThemeType.swift in Sources */,
				BC05D3BE2C1DCF7B006C599B /* TextField+Extension.swift in Sources */,
				BC05D3B72C1DCE2F006C599B /* BasicTextFieldShape.swift in Sources */,
				BC0932792C1A8F5200D3F8CB /* Button+Extension.swift in Sources */,
				BC09327C2C1A8F5200D3F8CB /* Keyboard+Extension.swift in Sources */,
				BCFD537F2C1B5F9D00191F34 /* GapOffset.swift in Sources */,
				BC05D3BB2C1DCEF9006C599B /* TextFieldThemeType.swift in Sources */,
				BC0934112C1B2E1300D3F8CB /* RadioOption.swift in Sources */,
				BCFD54672C1BEFEA00191F34 /* GrayButtonColor.swift in Sources */,
				BC0932962C1ABF7000D3F8CB /* CheckboxBookView.swift in Sources */,
				BC0933ED2C1B2C1A00D3F8CB /* ToggleButtonStyleFactory.swift in Sources */,
				BC0932742C1A8F5200D3F8CB /* ButtonState.swift in Sources */,
				BC09327A2C1A8F5200D3F8CB /* BackButton+Extension.swift in Sources */,
				BCFD538D2C1B725600191F34 /* FrameOffset.swift in Sources */,
				BCFD538B2C1B71BF00191F34 /* ToggleButtonFigureTheme.swift in Sources */,
				BC18EC8D2C1DB1810061599B /* TextFieldStyleFactory.swift in Sources */,
				BC05D3AE2C1DCC67006C599B /* BasicTextFieldVariant.swift in Sources */,
				BC0932722C1A8F5200D3F8CB /* ButtonThemeType.swift in Sources */,
				BCFD54582C1BE7E900191F34 /* GrayButtonColorTheme.swift in Sources */,
				BCFD53852C1B656B00191F34 /* IndividualRoundedRectangle.swift in Sources */,
				BC05D3CA2C1DFB15006C599B /* AnimationFactory.swift in Sources */,
				BC0932BC2C1AED0600D3F8CB /* AnyView.swift in Sources */,
				BC0932852C1A8F5200D3F8CB /* DesignSystemApp.swift in Sources */,
				BC0932832C1A8F5200D3F8CB /* ContentView.swift in Sources */,
				BC0932912C1AA4B300D3F8CB /* AnyShape.swift in Sources */,
				BCFD545D2C1BE7E900191F34 /* BasicButtonVariant.swift in Sources */,
				BCFD54652C1BEFAC00191F34 /* GrayButtonBookView.swift in Sources */,
				BC05D3B52C1DCD46006C599B /* BasicTextFieldSize.swift in Sources */,
				BC0932BE2C1AF40200D3F8CB /* RadioButtonBookView.swift in Sources */,
				BC0932702C1A8F5200D3F8CB /* BasicButtonColorTheme.swift in Sources */,
				BC0933E72C1B2C1A00D3F8CB /* BasicRadioButtonColorTheme.swift in Sources */,
				BCFD545C2C1BE7E900191F34 /* BasicButtonSize.swift in Sources */,
				BC05D3B92C1DCEB1006C599B /* TextFieldFigureTheme.swift in Sources */,
				BCFD538F2C1B74BE00191F34 /* BasicToggleButtonFigureTheme.swift in Sources */,
				BCFD537A2C1B5DCD00191F34 /* ButtonFigureTheme.swift in Sources */,
				BC05D3C82C1DD855006C599B /* TextFieldState.swift in Sources */,
				BCFD545F2C1BECA900191F34 /* BasicButtonBookView.swift in Sources */,
				BC0933EC2C1B2C1A00D3F8CB /* ToggleButtonState.swift in Sources */,
				BC0934132C1B34C500D3F8CB /* ClipboardHelper.swift in Sources */,
				BCFD53832C1B628200191F34 /* RoundedOffset.swift in Sources */,
				BC0932862C1A8F5200D3F8CB /* PrimitiveType+Extension.swift in Sources */,
				BC0932732C1A8F5200D3F8CB /* BasicButtonColor.swift in Sources */,
				BC0933E82C1B2C1A00D3F8CB /* ToggleButtonColorTheme.swift in Sources */,
				BC0933E22C1B2C1A00D3F8CB /* CheckButton.swift in Sources */,
				BC0933E62C1B2C1A00D3F8CB /* BasicCheckButtonColorTheme.swift in Sources */,
				BC05D3C22C1DD3FF006C599B /* BasicTextFieldColor.swift in Sources */,
				BC0933EB2C1B2C1A00D3F8CB /* BasicToggleButtonShape.swift in Sources */,
				BC0932782C1A8F5200D3F8CB /* ButtonStyleFactory.swift in Sources */,
				BC09327B2C1A8F5200D3F8CB /* Frame+Extension.swift in Sources */,
				BC0933E52C1B2C1A00D3F8CB /* RadioButton.swift in Sources */,
				BC0933E32C1B2C1A00D3F8CB /* RadioGroup.swift in Sources */,
				BC05D3B32C1DCD37006C599B /* TextFieldColorTheme.swift in Sources */,
				BCFD545B2C1BE7E900191F34 /* BasicButtonShape.swift in Sources */,
				BC0933E42C1B2C1A00D3F8CB /* SingleRadioButton.swift in Sources */,
				BC0933EA2C1B2C1A00D3F8CB /* BasicToggleButtonColor.swift in Sources */,
				BCFD537C2C1B5E0A00191F34 /* BasicButtonFigureTheme.swift in Sources */,
				BC05D3B12C1DCCC6006C599B /* TextFieldAllState.swift in Sources */,
			);
			runOnlyForDeploymentPostprocessing = 0;
		};
/* End PBXSourcesBuildPhase section */

/* Begin XCBuildConfiguration section */
		BC9046C12C1A8EA50038970D /* Debug */ = {
			isa = XCBuildConfiguration;
			buildSettings = {
				ALWAYS_SEARCH_USER_PATHS = NO;
				ASSETCATALOG_COMPILER_GENERATE_SWIFT_ASSET_SYMBOL_EXTENSIONS = YES;
				CLANG_ANALYZER_NONNULL = YES;
				CLANG_ANALYZER_NUMBER_OBJECT_CONVERSION = YES_AGGRESSIVE;
				CLANG_CXX_LANGUAGE_STANDARD = "gnu++20";
				CLANG_ENABLE_MODULES = YES;
				CLANG_ENABLE_OBJC_ARC = YES;
				CLANG_ENABLE_OBJC_WEAK = YES;
				CLANG_WARN_BLOCK_CAPTURE_AUTORELEASING = YES;
				CLANG_WARN_BOOL_CONVERSION = YES;
				CLANG_WARN_COMMA = YES;
				CLANG_WARN_CONSTANT_CONVERSION = YES;
				CLANG_WARN_DEPRECATED_OBJC_IMPLEMENTATIONS = YES;
				CLANG_WARN_DIRECT_OBJC_ISA_USAGE = YES_ERROR;
				CLANG_WARN_DOCUMENTATION_COMMENTS = YES;
				CLANG_WARN_EMPTY_BODY = YES;
				CLANG_WARN_ENUM_CONVERSION = YES;
				CLANG_WARN_INFINITE_RECURSION = YES;
				CLANG_WARN_INT_CONVERSION = YES;
				CLANG_WARN_NON_LITERAL_NULL_CONVERSION = YES;
				CLANG_WARN_OBJC_IMPLICIT_RETAIN_SELF = YES;
				CLANG_WARN_OBJC_LITERAL_CONVERSION = YES;
				CLANG_WARN_OBJC_ROOT_CLASS = YES_ERROR;
				CLANG_WARN_QUOTED_INCLUDE_IN_FRAMEWORK_HEADER = YES;
				CLANG_WARN_RANGE_LOOP_ANALYSIS = YES;
				CLANG_WARN_STRICT_PROTOTYPES = YES;
				CLANG_WARN_SUSPICIOUS_MOVE = YES;
				CLANG_WARN_UNGUARDED_AVAILABILITY = YES_AGGRESSIVE;
				CLANG_WARN_UNREACHABLE_CODE = YES;
				CLANG_WARN__DUPLICATE_METHOD_MATCH = YES;
				COPY_PHASE_STRIP = NO;
				DEBUG_INFORMATION_FORMAT = dwarf;
				ENABLE_STRICT_OBJC_MSGSEND = YES;
				ENABLE_TESTABILITY = YES;
				ENABLE_USER_SCRIPT_SANDBOXING = YES;
				GCC_C_LANGUAGE_STANDARD = gnu17;
				GCC_DYNAMIC_NO_PIC = NO;
				GCC_NO_COMMON_BLOCKS = YES;
				GCC_OPTIMIZATION_LEVEL = 0;
				GCC_PREPROCESSOR_DEFINITIONS = (
					"DEBUG=1",
					"$(inherited)",
				);
				GCC_WARN_64_TO_32_BIT_CONVERSION = YES;
				GCC_WARN_ABOUT_RETURN_TYPE = YES_ERROR;
				GCC_WARN_UNDECLARED_SELECTOR = YES;
				GCC_WARN_UNINITIALIZED_AUTOS = YES_AGGRESSIVE;
				GCC_WARN_UNUSED_FUNCTION = YES;
				GCC_WARN_UNUSED_VARIABLE = YES;
				IPHONEOS_DEPLOYMENT_TARGET = 17.5;
				LOCALIZATION_PREFERS_STRING_CATALOGS = YES;
				MTL_ENABLE_DEBUG_INFO = INCLUDE_SOURCE;
				MTL_FAST_MATH = YES;
				ONLY_ACTIVE_ARCH = YES;
				SDKROOT = iphoneos;
				SWIFT_ACTIVE_COMPILATION_CONDITIONS = "DEBUG $(inherited)";
				SWIFT_OPTIMIZATION_LEVEL = "-Onone";
			};
			name = Debug;
		};
		BC9046C22C1A8EA50038970D /* Release */ = {
			isa = XCBuildConfiguration;
			buildSettings = {
				ALWAYS_SEARCH_USER_PATHS = NO;
				ASSETCATALOG_COMPILER_GENERATE_SWIFT_ASSET_SYMBOL_EXTENSIONS = YES;
				CLANG_ANALYZER_NONNULL = YES;
				CLANG_ANALYZER_NUMBER_OBJECT_CONVERSION = YES_AGGRESSIVE;
				CLANG_CXX_LANGUAGE_STANDARD = "gnu++20";
				CLANG_ENABLE_MODULES = YES;
				CLANG_ENABLE_OBJC_ARC = YES;
				CLANG_ENABLE_OBJC_WEAK = YES;
				CLANG_WARN_BLOCK_CAPTURE_AUTORELEASING = YES;
				CLANG_WARN_BOOL_CONVERSION = YES;
				CLANG_WARN_COMMA = YES;
				CLANG_WARN_CONSTANT_CONVERSION = YES;
				CLANG_WARN_DEPRECATED_OBJC_IMPLEMENTATIONS = YES;
				CLANG_WARN_DIRECT_OBJC_ISA_USAGE = YES_ERROR;
				CLANG_WARN_DOCUMENTATION_COMMENTS = YES;
				CLANG_WARN_EMPTY_BODY = YES;
				CLANG_WARN_ENUM_CONVERSION = YES;
				CLANG_WARN_INFINITE_RECURSION = YES;
				CLANG_WARN_INT_CONVERSION = YES;
				CLANG_WARN_NON_LITERAL_NULL_CONVERSION = YES;
				CLANG_WARN_OBJC_IMPLICIT_RETAIN_SELF = YES;
				CLANG_WARN_OBJC_LITERAL_CONVERSION = YES;
				CLANG_WARN_OBJC_ROOT_CLASS = YES_ERROR;
				CLANG_WARN_QUOTED_INCLUDE_IN_FRAMEWORK_HEADER = YES;
				CLANG_WARN_RANGE_LOOP_ANALYSIS = YES;
				CLANG_WARN_STRICT_PROTOTYPES = YES;
				CLANG_WARN_SUSPICIOUS_MOVE = YES;
				CLANG_WARN_UNGUARDED_AVAILABILITY = YES_AGGRESSIVE;
				CLANG_WARN_UNREACHABLE_CODE = YES;
				CLANG_WARN__DUPLICATE_METHOD_MATCH = YES;
				COPY_PHASE_STRIP = NO;
				DEBUG_INFORMATION_FORMAT = "dwarf-with-dsym";
				ENABLE_NS_ASSERTIONS = NO;
				ENABLE_STRICT_OBJC_MSGSEND = YES;
				ENABLE_USER_SCRIPT_SANDBOXING = YES;
				GCC_C_LANGUAGE_STANDARD = gnu17;
				GCC_NO_COMMON_BLOCKS = YES;
				GCC_WARN_64_TO_32_BIT_CONVERSION = YES;
				GCC_WARN_ABOUT_RETURN_TYPE = YES_ERROR;
				GCC_WARN_UNDECLARED_SELECTOR = YES;
				GCC_WARN_UNINITIALIZED_AUTOS = YES_AGGRESSIVE;
				GCC_WARN_UNUSED_FUNCTION = YES;
				GCC_WARN_UNUSED_VARIABLE = YES;
				IPHONEOS_DEPLOYMENT_TARGET = 17.5;
				LOCALIZATION_PREFERS_STRING_CATALOGS = YES;
				MTL_ENABLE_DEBUG_INFO = NO;
				MTL_FAST_MATH = YES;
				SDKROOT = iphoneos;
				SWIFT_COMPILATION_MODE = wholemodule;
				VALIDATE_PRODUCT = YES;
			};
			name = Release;
		};
		BC9046C42C1A8EA50038970D /* Debug */ = {
			isa = XCBuildConfiguration;
			buildSettings = {
				ASSETCATALOG_COMPILER_APPICON_NAME = AppIcon;
				ASSETCATALOG_COMPILER_GLOBAL_ACCENT_COLOR_NAME = AccentColor;
				CODE_SIGN_STYLE = Automatic;
				CURRENT_PROJECT_VERSION = 1;
				DEVELOPMENT_ASSET_PATHS = "\"DesignSystemBookApp/Preview Content\"";
				DEVELOPMENT_TEAM = N8MX74Y447;
				ENABLE_PREVIEWS = YES;
				ENABLE_USER_SCRIPT_SANDBOXING = NO;
				GENERATE_INFOPLIST_FILE = YES;
				INFOPLIST_KEY_UIApplicationSceneManifest_Generation = YES;
				INFOPLIST_KEY_UIApplicationSupportsIndirectInputEvents = YES;
				INFOPLIST_KEY_UILaunchScreen_Generation = YES;
				INFOPLIST_KEY_UISupportedInterfaceOrientations_iPad = "UIInterfaceOrientationPortrait UIInterfaceOrientationPortraitUpsideDown UIInterfaceOrientationLandscapeLeft UIInterfaceOrientationLandscapeRight";
				INFOPLIST_KEY_UISupportedInterfaceOrientations_iPhone = "UIInterfaceOrientationPortrait UIInterfaceOrientationLandscapeLeft UIInterfaceOrientationLandscapeRight";
				IPHONEOS_DEPLOYMENT_TARGET = 16.0;
				LD_RUNPATH_SEARCH_PATHS = (
					"$(inherited)",
					"@executable_path/Frameworks",
				);
				MARKETING_VERSION = 1.0;
				PRODUCT_BUNDLE_IDENTIFIER = doyeon.DesignSystem;
				PRODUCT_NAME = "$(TARGET_NAME)";
				SUPPORTED_PLATFORMS = "iphoneos iphonesimulator xros xrsimulator";
				SUPPORTS_MACCATALYST = NO;
				SUPPORTS_XR_DESIGNED_FOR_IPHONE_IPAD = NO;
				SWIFT_EMIT_LOC_STRINGS = YES;
				SWIFT_VERSION = 5.0;
				TARGETED_DEVICE_FAMILY = "1,2,7";
			};
			name = Debug;
		};
		BC9046C52C1A8EA50038970D /* Release */ = {
			isa = XCBuildConfiguration;
			buildSettings = {
				ASSETCATALOG_COMPILER_APPICON_NAME = AppIcon;
				ASSETCATALOG_COMPILER_GLOBAL_ACCENT_COLOR_NAME = AccentColor;
				CODE_SIGN_STYLE = Automatic;
				CURRENT_PROJECT_VERSION = 1;
				DEVELOPMENT_ASSET_PATHS = "\"DesignSystemBookApp/Preview Content\"";
				DEVELOPMENT_TEAM = N8MX74Y447;
				ENABLE_PREVIEWS = YES;
				ENABLE_USER_SCRIPT_SANDBOXING = NO;
				GENERATE_INFOPLIST_FILE = YES;
				INFOPLIST_KEY_UIApplicationSceneManifest_Generation = YES;
				INFOPLIST_KEY_UIApplicationSupportsIndirectInputEvents = YES;
				INFOPLIST_KEY_UILaunchScreen_Generation = YES;
				INFOPLIST_KEY_UISupportedInterfaceOrientations_iPad = "UIInterfaceOrientationPortrait UIInterfaceOrientationPortraitUpsideDown UIInterfaceOrientationLandscapeLeft UIInterfaceOrientationLandscapeRight";
				INFOPLIST_KEY_UISupportedInterfaceOrientations_iPhone = "UIInterfaceOrientationPortrait UIInterfaceOrientationLandscapeLeft UIInterfaceOrientationLandscapeRight";
				IPHONEOS_DEPLOYMENT_TARGET = 16.0;
				LD_RUNPATH_SEARCH_PATHS = (
					"$(inherited)",
					"@executable_path/Frameworks",
				);
				MARKETING_VERSION = 1.0;
				PRODUCT_BUNDLE_IDENTIFIER = doyeon.DesignSystem;
				PRODUCT_NAME = "$(TARGET_NAME)";
				SUPPORTED_PLATFORMS = "iphoneos iphonesimulator xros xrsimulator";
				SUPPORTS_MACCATALYST = NO;
				SUPPORTS_XR_DESIGNED_FOR_IPHONE_IPAD = NO;
				SWIFT_EMIT_LOC_STRINGS = YES;
				SWIFT_VERSION = 5.0;
				TARGETED_DEVICE_FAMILY = "1,2,7";
			};
			name = Release;
		};
/* End XCBuildConfiguration section */

/* Begin XCConfigurationList section */
		BC9046B02C1A8EA40038970D /* Build configuration list for PBXProject "DesignSystemBookApp" */ = {
			isa = XCConfigurationList;
			buildConfigurations = (
				BC9046C12C1A8EA50038970D /* Debug */,
				BC9046C22C1A8EA50038970D /* Release */,
			);
			defaultConfigurationIsVisible = 0;
			defaultConfigurationName = Release;
		};
		BC9046C32C1A8EA50038970D /* Build configuration list for PBXNativeTarget "DesignSystemBookApp" */ = {
			isa = XCConfigurationList;
			buildConfigurations = (
				BC9046C42C1A8EA50038970D /* Debug */,
				BC9046C52C1A8EA50038970D /* Release */,
			);
			defaultConfigurationIsVisible = 0;
			defaultConfigurationName = Release;
		};
/* End XCConfigurationList section */
	};
	rootObject = BC9046AD2C1A8EA40038970D /* Project object */;
}
